// !$*UTF8*$!
{
	archiveVersion = 1;
	classes = {
	};
	objectVersion = 52;
	objects = {

/* Begin PBXBuildFile section */
		8B1A0C2522D77AEC0049B48F /* PreferencesView.swift in Sources */ = {isa = PBXBuildFile; fileRef = 8BB2892F22CB6EFB006E4CCB /* PreferencesView.swift */; };
		8B2CE74622D89C8900571F24 /* CheckOptionView.swift in Sources */ = {isa = PBXBuildFile; fileRef = 8B2CE74522D89C8900571F24 /* CheckOptionView.swift */; };
		8B2CE74822D8A35400571F24 /* ColorOptionView.swift in Sources */ = {isa = PBXBuildFile; fileRef = 8B2CE74722D8A35400571F24 /* ColorOptionView.swift */; };
		8B3B21A722F82AAE00E92BC9 /* AboutView.swift in Sources */ = {isa = PBXBuildFile; fileRef = 8B3B21A622F82AAE00E92BC9 /* AboutView.swift */; };
		8B3B21AA22F8329900E92BC9 /* Browser.swift in Sources */ = {isa = PBXBuildFile; fileRef = 8B3B21A922F8329900E92BC9 /* Browser.swift */; };
		8B3B21AC22F8644000E92BC9 /* FixedToggle.swift in Sources */ = {isa = PBXBuildFile; fileRef = 8B3B21AB22F8644000E92BC9 /* FixedToggle.swift */; };
		8B3B21AE22F8691800E92BC9 /* InstallStepView.swift in Sources */ = {isa = PBXBuildFile; fileRef = 8B3B21AD22F8691800E92BC9 /* InstallStepView.swift */; };
		8B3B21B022F86C5600E92BC9 /* SeparatorView.swift in Sources */ = {isa = PBXBuildFile; fileRef = 8B3B21AF22F86C5600E92BC9 /* SeparatorView.swift */; };
		8B41588522D8DDE700588921 /* ImageButton.swift in Sources */ = {isa = PBXBuildFile; fileRef = 8B41588422D8DDE700588921 /* ImageButton.swift */; };
		8B41588822D8E43A00588921 /* CarbonStyle+Color.swift in Sources */ = {isa = PBXBuildFile; fileRef = 8B41588722D8E43A00588921 /* CarbonStyle+Color.swift */; };
		8B4D1E1522D7A37E004432CF /* PickerOptionView.swift in Sources */ = {isa = PBXBuildFile; fileRef = 8B4D1E1422D7A37E004432CF /* PickerOptionView.swift */; };
		8B4D1E1722D88A5E004432CF /* OptionItem.swift in Sources */ = {isa = PBXBuildFile; fileRef = 8B4D1E1622D88A5E004432CF /* OptionItem.swift */; };
		8B50B4A1234C8FBC00C2429D /* Reachability.swift in Sources */ = {isa = PBXBuildFile; fileRef = 8B50B4A0234C8FBC00C2429D /* Reachability.swift */; };
		8B9F3CEF22EF2D48001EE2DF /* CarbonWebView.swift in Sources */ = {isa = PBXBuildFile; fileRef = 8B9F3CEE22EF2D48001EE2DF /* CarbonWebView.swift */; };
		8B9F3CF122F036BD001EE2DF /* CarbonViewer.swift in Sources */ = {isa = PBXBuildFile; fileRef = 8B9F3CF022F036BD001EE2DF /* CarbonViewer.swift */; };
		8B9F3CF322F036E3001EE2DF /* LoadingView.swift in Sources */ = {isa = PBXBuildFile; fileRef = 8B9F3CF222F036E3001EE2DF /* LoadingView.swift */; };
		8B9F3CF522F03704001EE2DF /* NSView+Layout.swift in Sources */ = {isa = PBXBuildFile; fileRef = 8B9F3CF422F03704001EE2DF /* NSView+Layout.swift */; };
		8BAAB73D22D4DB2A00FD3636 /* Date+Extension.swift in Sources */ = {isa = PBXBuildFile; fileRef = 8BAAB73C22D4DB2A00FD3636 /* Date+Extension.swift */; };
		8BB2892E22CB6EFB006E4CCB /* AppDelegate.swift in Sources */ = {isa = PBXBuildFile; fileRef = 8BB2892D22CB6EFB006E4CCB /* AppDelegate.swift */; };
		8BB2893222CB6EFD006E4CCB /* Assets.xcassets in Resources */ = {isa = PBXBuildFile; fileRef = 8BB2893122CB6EFD006E4CCB /* Assets.xcassets */; };
		8BB2893822CB6EFD006E4CCB /* Main.storyboard in Resources */ = {isa = PBXBuildFile; fileRef = 8BB2893622CB6EFD006E4CCB /* Main.storyboard */; };
		8BB2895822CB6F81006E4CCB /* SourceEditorExtension.swift in Sources */ = {isa = PBXBuildFile; fileRef = 8BB2895722CB6F81006E4CCB /* SourceEditorExtension.swift */; };
		8BB2895A22CB6F81006E4CCB /* NefEditorCommand.swift in Sources */ = {isa = PBXBuildFile; fileRef = 8BB2895922CB6F81006E4CCB /* NefEditorCommand.swift */; };
		8BB2895F22CB6F81006E4CCB /* nef-plugin.appex in Embed App Extensions */ = {isa = PBXBuildFile; fileRef = 8BB2895222CB6F81006E4CCB /* nef-plugin.appex */; settings = {ATTRIBUTES = (RemoveHeadersOnCopy, ); }; };
		8BBDE53C22DC86BB00598565 /* nef in Frameworks */ = {isa = PBXBuildFile; productRef = 8BBDE53B22DC86BB00598565 /* nef */; };
		8BEFF92B2301A86B009AA042 /* Localizable.strings in Resources */ = {isa = PBXBuildFile; fileRef = 8BEFF92D2301A86B009AA042 /* Localizable.strings */; };
		8BEFF9342301A91B009AA042 /* Localizable.strings in Resources */ = {isa = PBXBuildFile; fileRef = 8BEFF92D2301A86B009AA042 /* Localizable.strings */; };
		8BEFF9372301AEDB009AA042 /* Localizable.stringsdict in Resources */ = {isa = PBXBuildFile; fileRef = 8BEFF9392301AEDB009AA042 /* Localizable.stringsdict */; };
		8BF68F9F22DDD802009E57A9 /* PreferencesDataSource.swift in Sources */ = {isa = PBXBuildFile; fileRef = 8BF68F9E22DDD802009E57A9 /* PreferencesDataSource.swift */; };
		8BF68FA122DDD8BD009E57A9 /* Assembler.swift in Sources */ = {isa = PBXBuildFile; fileRef = 8BF68FA022DDD8BD009E57A9 /* Assembler.swift */; };
		8BF68FA322DDE268009E57A9 /* ActionViewModel.swift in Sources */ = {isa = PBXBuildFile; fileRef = 8BF68FA222DDE268009E57A9 /* ActionViewModel.swift */; };
		8BF68FB122DE0ED4009E57A9 /* PreferencesModel.swift in Sources */ = {isa = PBXBuildFile; fileRef = 8BF68FB022DE0ED4009E57A9 /* PreferencesModel.swift */; };
		8BF68FB322DE2154009E57A9 /* PreferencesViewModel.swift in Sources */ = {isa = PBXBuildFile; fileRef = 8BF68FB222DE2154009E57A9 /* PreferencesViewModel.swift */; };
		8BF68FB522DE2403009E57A9 /* CarbonStyle+Model.swift in Sources */ = {isa = PBXBuildFile; fileRef = 8BF68FB422DE2403009E57A9 /* CarbonStyle+Model.swift */; };
/* End PBXBuildFile section */

/* Begin PBXContainerItemProxy section */
		8BB2895D22CB6F81006E4CCB /* PBXContainerItemProxy */ = {
			isa = PBXContainerItemProxy;
			containerPortal = 8BB2892222CB6EFB006E4CCB /* Project object */;
			proxyType = 1;
			remoteGlobalIDString = 8BB2895122CB6F81006E4CCB;
			remoteInfo = "nef-plugin";
		};
/* End PBXContainerItemProxy section */

/* Begin PBXCopyFilesBuildPhase section */
		8BB2896322CB6F81006E4CCB /* Embed App Extensions */ = {
			isa = PBXCopyFilesBuildPhase;
			buildActionMask = 2147483647;
			dstPath = "";
			dstSubfolderSpec = 13;
			files = (
				8BB2895F22CB6F81006E4CCB /* nef-plugin.appex in Embed App Extensions */,
			);
			name = "Embed App Extensions";
			runOnlyForDeploymentPostprocessing = 0;
		};
		8BF851A222F07215003D1EBD /* Embed Frameworks */ = {
			isa = PBXCopyFilesBuildPhase;
			buildActionMask = 2147483647;
			dstPath = "";
			dstSubfolderSpec = 10;
			files = (
			);
			name = "Embed Frameworks";
			runOnlyForDeploymentPostprocessing = 0;
		};
/* End PBXCopyFilesBuildPhase section */

/* Begin PBXFileReference section */
		8B2CE74522D89C8900571F24 /* CheckOptionView.swift */ = {isa = PBXFileReference; lastKnownFileType = sourcecode.swift; path = CheckOptionView.swift; sourceTree = "<group>"; };
		8B2CE74722D8A35400571F24 /* ColorOptionView.swift */ = {isa = PBXFileReference; lastKnownFileType = sourcecode.swift; path = ColorOptionView.swift; sourceTree = "<group>"; };
		8B3B21A622F82AAE00E92BC9 /* AboutView.swift */ = {isa = PBXFileReference; lastKnownFileType = sourcecode.swift; path = AboutView.swift; sourceTree = "<group>"; };
		8B3B21A922F8329900E92BC9 /* Browser.swift */ = {isa = PBXFileReference; lastKnownFileType = sourcecode.swift; path = Browser.swift; sourceTree = "<group>"; };
		8B3B21AB22F8644000E92BC9 /* FixedToggle.swift */ = {isa = PBXFileReference; lastKnownFileType = sourcecode.swift; path = FixedToggle.swift; sourceTree = "<group>"; };
		8B3B21AD22F8691800E92BC9 /* InstallStepView.swift */ = {isa = PBXFileReference; lastKnownFileType = sourcecode.swift; path = InstallStepView.swift; sourceTree = "<group>"; };
		8B3B21AF22F86C5600E92BC9 /* SeparatorView.swift */ = {isa = PBXFileReference; lastKnownFileType = sourcecode.swift; path = SeparatorView.swift; sourceTree = "<group>"; };
		8B41588422D8DDE700588921 /* ImageButton.swift */ = {isa = PBXFileReference; lastKnownFileType = sourcecode.swift; path = ImageButton.swift; sourceTree = "<group>"; };
		8B41588722D8E43A00588921 /* CarbonStyle+Color.swift */ = {isa = PBXFileReference; lastKnownFileType = sourcecode.swift; path = "CarbonStyle+Color.swift"; sourceTree = "<group>"; };
		8B4D1E1422D7A37E004432CF /* PickerOptionView.swift */ = {isa = PBXFileReference; lastKnownFileType = sourcecode.swift; path = PickerOptionView.swift; sourceTree = "<group>"; };
		8B4D1E1622D88A5E004432CF /* OptionItem.swift */ = {isa = PBXFileReference; lastKnownFileType = sourcecode.swift; path = OptionItem.swift; sourceTree = "<group>"; };
		8B50B4A0234C8FBC00C2429D /* Reachability.swift */ = {isa = PBXFileReference; lastKnownFileType = sourcecode.swift; path = Reachability.swift; sourceTree = "<group>"; };
		8B9F3CEE22EF2D48001EE2DF /* CarbonWebView.swift */ = {isa = PBXFileReference; lastKnownFileType = sourcecode.swift; path = CarbonWebView.swift; sourceTree = "<group>"; };
		8B9F3CF022F036BD001EE2DF /* CarbonViewer.swift */ = {isa = PBXFileReference; lastKnownFileType = sourcecode.swift; path = CarbonViewer.swift; sourceTree = "<group>"; };
		8B9F3CF222F036E3001EE2DF /* LoadingView.swift */ = {isa = PBXFileReference; lastKnownFileType = sourcecode.swift; path = LoadingView.swift; sourceTree = "<group>"; };
		8B9F3CF422F03704001EE2DF /* NSView+Layout.swift */ = {isa = PBXFileReference; lastKnownFileType = sourcecode.swift; path = "NSView+Layout.swift"; sourceTree = "<group>"; };
		8BAAB73C22D4DB2A00FD3636 /* Date+Extension.swift */ = {isa = PBXFileReference; lastKnownFileType = sourcecode.swift; path = "Date+Extension.swift"; sourceTree = "<group>"; };
		8BB2892A22CB6EFB006E4CCB /* nef.app */ = {isa = PBXFileReference; explicitFileType = wrapper.application; includeInIndex = 0; path = nef.app; sourceTree = BUILT_PRODUCTS_DIR; };
		8BB2892D22CB6EFB006E4CCB /* AppDelegate.swift */ = {isa = PBXFileReference; lastKnownFileType = sourcecode.swift; path = AppDelegate.swift; sourceTree = "<group>"; };
		8BB2892F22CB6EFB006E4CCB /* PreferencesView.swift */ = {isa = PBXFileReference; lastKnownFileType = sourcecode.swift; path = PreferencesView.swift; sourceTree = "<group>"; };
		8BB2893122CB6EFD006E4CCB /* Assets.xcassets */ = {isa = PBXFileReference; lastKnownFileType = folder.assetcatalog; path = Assets.xcassets; sourceTree = "<group>"; };
		8BB2893722CB6EFD006E4CCB /* Base */ = {isa = PBXFileReference; lastKnownFileType = file.storyboard; name = Base; path = Base.lproj/Main.storyboard; sourceTree = "<group>"; };
		8BB2893922CB6EFD006E4CCB /* Info.plist */ = {isa = PBXFileReference; lastKnownFileType = text.plist.xml; path = Info.plist; sourceTree = "<group>"; };
		8BB2893A22CB6EFD006E4CCB /* nef.entitlements */ = {isa = PBXFileReference; lastKnownFileType = text.plist.entitlements; path = nef.entitlements; sourceTree = "<group>"; };
		8BB2895222CB6F81006E4CCB /* nef-plugin.appex */ = {isa = PBXFileReference; explicitFileType = "wrapper.app-extension"; includeInIndex = 0; path = "nef-plugin.appex"; sourceTree = BUILT_PRODUCTS_DIR; };
		8BB2895722CB6F81006E4CCB /* SourceEditorExtension.swift */ = {isa = PBXFileReference; lastKnownFileType = sourcecode.swift; path = SourceEditorExtension.swift; sourceTree = "<group>"; };
		8BB2895922CB6F81006E4CCB /* NefEditorCommand.swift */ = {isa = PBXFileReference; lastKnownFileType = sourcecode.swift; path = NefEditorCommand.swift; sourceTree = "<group>"; };
		8BB2895B22CB6F81006E4CCB /* Info.plist */ = {isa = PBXFileReference; lastKnownFileType = text.plist.xml; path = Info.plist; sourceTree = "<group>"; };
		8BB2895C22CB6F81006E4CCB /* nef_plugin.entitlements */ = {isa = PBXFileReference; lastKnownFileType = text.plist.entitlements; path = nef_plugin.entitlements; sourceTree = "<group>"; };
		8BEFF92C2301A86B009AA042 /* en */ = {isa = PBXFileReference; lastKnownFileType = text.plist.strings; name = en; path = en.lproj/Localizable.strings; sourceTree = "<group>"; };
		8BEFF92F2301A8B9009AA042 /* es */ = {isa = PBXFileReference; lastKnownFileType = text.plist.strings; name = es; path = es.lproj/Localizable.strings; sourceTree = "<group>"; };
		8BEFF9312301A8CE009AA042 /* en */ = {isa = PBXFileReference; lastKnownFileType = text.plist.strings; name = en; path = en.lproj/Main.strings; sourceTree = "<group>"; };
		8BEFF9332301A8CF009AA042 /* es */ = {isa = PBXFileReference; lastKnownFileType = text.plist.strings; name = es; path = es.lproj/Main.strings; sourceTree = "<group>"; };
		8BEFF9382301AEDB009AA042 /* en */ = {isa = PBXFileReference; lastKnownFileType = text.plist.stringsdict; name = en; path = en.lproj/Localizable.stringsdict; sourceTree = "<group>"; };
		8BF68F9E22DDD802009E57A9 /* PreferencesDataSource.swift */ = {isa = PBXFileReference; lastKnownFileType = sourcecode.swift; path = PreferencesDataSource.swift; sourceTree = "<group>"; };
		8BF68FA022DDD8BD009E57A9 /* Assembler.swift */ = {isa = PBXFileReference; lastKnownFileType = sourcecode.swift; path = Assembler.swift; sourceTree = "<group>"; };
		8BF68FA222DDE268009E57A9 /* ActionViewModel.swift */ = {isa = PBXFileReference; lastKnownFileType = sourcecode.swift; path = ActionViewModel.swift; sourceTree = "<group>"; };
		8BF68FB022DE0ED4009E57A9 /* PreferencesModel.swift */ = {isa = PBXFileReference; lastKnownFileType = sourcecode.swift; path = PreferencesModel.swift; sourceTree = "<group>"; };
		8BF68FB222DE2154009E57A9 /* PreferencesViewModel.swift */ = {isa = PBXFileReference; fileEncoding = 4; lastKnownFileType = sourcecode.swift; path = PreferencesViewModel.swift; sourceTree = "<group>"; };
		8BF68FB422DE2403009E57A9 /* CarbonStyle+Model.swift */ = {isa = PBXFileReference; lastKnownFileType = sourcecode.swift; path = "CarbonStyle+Model.swift"; sourceTree = "<group>"; };
/* End PBXFileReference section */

/* Begin PBXFrameworksBuildPhase section */
		8BB2892722CB6EFB006E4CCB /* Frameworks */ = {
			isa = PBXFrameworksBuildPhase;
			buildActionMask = 2147483647;
			files = (
				8BBDE53C22DC86BB00598565 /* nef in Frameworks */,
			);
			runOnlyForDeploymentPostprocessing = 0;
		};
		8BB2894F22CB6F81006E4CCB /* Frameworks */ = {
			isa = PBXFrameworksBuildPhase;
			buildActionMask = 2147483647;
			files = (
			);
			runOnlyForDeploymentPostprocessing = 0;
		};
/* End PBXFrameworksBuildPhase section */

/* Begin PBXGroup section */
		8B0389AE22F04F6C000741A5 /* Models */ = {
			isa = PBXGroup;
			children = (
				8B4D1E1622D88A5E004432CF /* OptionItem.swift */,
			);
			path = Models;
			sourceTree = "<group>";
		};
		8B3B21A522F8246E00E92BC9 /* About */ = {
			isa = PBXGroup;
			children = (
				8B3B21A622F82AAE00E92BC9 /* AboutView.swift */,
				8B3B21AB22F8644000E92BC9 /* FixedToggle.swift */,
				8B3B21AD22F8691800E92BC9 /* InstallStepView.swift */,
			);
			path = About;
			sourceTree = "<group>";
		};
		8B3B21A822F8328B00E92BC9 /* Utils */ = {
			isa = PBXGroup;
			children = (
				8B3B21A922F8329900E92BC9 /* Browser.swift */,
			);
			path = Utils;
			sourceTree = "<group>";
		};
		8B41588622D8E42C00588921 /* Extensions */ = {
			isa = PBXGroup;
			children = (
				8B41588722D8E43A00588921 /* CarbonStyle+Color.swift */,
				8BF68FB422DE2403009E57A9 /* CarbonStyle+Model.swift */,
				8BAAB73C22D4DB2A00FD3636 /* Date+Extension.swift */,
				8B9F3CF422F03704001EE2DF /* NSView+Layout.swift */,
			);
			path = Extensions;
			sourceTree = "<group>";
		};
		8B41588922D8E45400588921 /* Preferences */ = {
			isa = PBXGroup;
			children = (
				8BB2892F22CB6EFB006E4CCB /* PreferencesView.swift */,
				8B41588B22D8E47100588921 /* Views */,
				8BF68F9822DCDD5E009E57A9 /* ViewModels */,
				8BF68F9D22DDD7CD009E57A9 /* Data */,
			);
			path = Preferences;
			sourceTree = "<group>";
		};
		8B41588B22D8E47100588921 /* Views */ = {
			isa = PBXGroup;
			children = (
				8B2CE74522D89C8900571F24 /* CheckOptionView.swift */,
				8B2CE74722D8A35400571F24 /* ColorOptionView.swift */,
				8B4D1E1422D7A37E004432CF /* PickerOptionView.swift */,
				8B9F3CF022F036BD001EE2DF /* CarbonViewer.swift */,
				8B9F3CEE22EF2D48001EE2DF /* CarbonWebView.swift */,
				8B0389AE22F04F6C000741A5 /* Models */,
			);
			path = Views;
			sourceTree = "<group>";
		};
		8B41588C22D8E48300588921 /* Views */ = {
			isa = PBXGroup;
			children = (
				8B41588422D8DDE700588921 /* ImageButton.swift */,
				8B9F3CF222F036E3001EE2DF /* LoadingView.swift */,
				8B3B21AF22F86C5600E92BC9 /* SeparatorView.swift */,
			);
			path = Views;
			sourceTree = "<group>";
		};
		8BB2892122CB6EFB006E4CCB = {
			isa = PBXGroup;
			children = (
				8BB2892C22CB6EFB006E4CCB /* nef */,
				8BB2895622CB6F81006E4CCB /* nef-plugin */,
				8BEFF92E2301A897009AA042 /* Support Files */,
				8BB2895322CB6F81006E4CCB /* Frameworks */,
				8BB2892B22CB6EFB006E4CCB /* Products */,
			);
			sourceTree = "<group>";
		};
		8BB2892B22CB6EFB006E4CCB /* Products */ = {
			isa = PBXGroup;
			children = (
				8BB2892A22CB6EFB006E4CCB /* nef.app */,
				8BB2895222CB6F81006E4CCB /* nef-plugin.appex */,
			);
			name = Products;
			sourceTree = "<group>";
		};
		8BB2892C22CB6EFB006E4CCB /* nef */ = {
			isa = PBXGroup;
			children = (
				8BB2892D22CB6EFB006E4CCB /* AppDelegate.swift */,
				8BF68FA022DDD8BD009E57A9 /* Assembler.swift */,
				8B3B21A522F8246E00E92BC9 /* About */,
				8B41588922D8E45400588921 /* Preferences */,
				8B41588C22D8E48300588921 /* Views */,
				8B3B21A822F8328B00E92BC9 /* Utils */,
				8B41588622D8E42C00588921 /* Extensions */,
				8BB2893122CB6EFD006E4CCB /* Assets.xcassets */,
				8BB2893622CB6EFD006E4CCB /* Main.storyboard */,
				8BB2896422CB6FF0006E4CCB /* Support Files */,
			);
			path = nef;
			sourceTree = "<group>";
		};
		8BB2895322CB6F81006E4CCB /* Frameworks */ = {
			isa = PBXGroup;
			children = (
			);
			name = Frameworks;
			sourceTree = "<group>";
		};
		8BB2895622CB6F81006E4CCB /* nef-plugin */ = {
			isa = PBXGroup;
			children = (
				8BB2895722CB6F81006E4CCB /* SourceEditorExtension.swift */,
				8BB2895922CB6F81006E4CCB /* NefEditorCommand.swift */,
				8B50B4A0234C8FBC00C2429D /* Reachability.swift */,
				8BB2896522CB7060006E4CCB /* Support Files */,
			);
			path = "nef-plugin";
			sourceTree = "<group>";
		};
		8BB2896422CB6FF0006E4CCB /* Support Files */ = {
			isa = PBXGroup;
			children = (
				8BB2893922CB6EFD006E4CCB /* Info.plist */,
				8BB2893A22CB6EFD006E4CCB /* nef.entitlements */,
			);
			path = "Support Files";
			sourceTree = "<group>";
		};
		8BB2896522CB7060006E4CCB /* Support Files */ = {
			isa = PBXGroup;
			children = (
				8BB2895B22CB6F81006E4CCB /* Info.plist */,
				8BB2895C22CB6F81006E4CCB /* nef_plugin.entitlements */,
			);
			path = "Support Files";
			sourceTree = "<group>";
		};
		8BEFF92E2301A897009AA042 /* Support Files */ = {
			isa = PBXGroup;
			children = (
				8BEFF92D2301A86B009AA042 /* Localizable.strings */,
				8BEFF9392301AEDB009AA042 /* Localizable.stringsdict */,
			);
			path = "Support Files";
			sourceTree = "<group>";
		};
		8BF68F9822DCDD5E009E57A9 /* ViewModels */ = {
			isa = PBXGroup;
			children = (
				8BF68FA222DDE268009E57A9 /* ActionViewModel.swift */,
				8BF68FB222DE2154009E57A9 /* PreferencesViewModel.swift */,
			);
			path = ViewModels;
			sourceTree = "<group>";
		};
		8BF68F9D22DDD7CD009E57A9 /* Data */ = {
			isa = PBXGroup;
			children = (
				8BF68F9E22DDD802009E57A9 /* PreferencesDataSource.swift */,
				8BF68FB022DE0ED4009E57A9 /* PreferencesModel.swift */,
			);
			path = Data;
			sourceTree = "<group>";
		};
/* End PBXGroup section */

/* Begin PBXNativeTarget section */
		8BB2892922CB6EFB006E4CCB /* nef */ = {
			isa = PBXNativeTarget;
			buildConfigurationList = 8BB2894822CB6EFD006E4CCB /* Build configuration list for PBXNativeTarget "nef" */;
			buildPhases = (
				8BB2892622CB6EFB006E4CCB /* Sources */,
				8BB2892722CB6EFB006E4CCB /* Frameworks */,
				8BB2892822CB6EFB006E4CCB /* Resources */,
				8BB2896322CB6F81006E4CCB /* Embed App Extensions */,
				8BF851A222F07215003D1EBD /* Embed Frameworks */,
			);
			buildRules = (
			);
			dependencies = (
				8BB2895E22CB6F81006E4CCB /* PBXTargetDependency */,
			);
			name = nef;
			packageProductDependencies = (
				8BBDE53B22DC86BB00598565 /* nef */,
			);
			productName = nef;
			productReference = 8BB2892A22CB6EFB006E4CCB /* nef.app */;
			productType = "com.apple.product-type.application";
		};
		8BB2895122CB6F81006E4CCB /* nef-plugin */ = {
			isa = PBXNativeTarget;
			buildConfigurationList = 8BB2896022CB6F81006E4CCB /* Build configuration list for PBXNativeTarget "nef-plugin" */;
			buildPhases = (
				8BB2894E22CB6F81006E4CCB /* Sources */,
				8BB2894F22CB6F81006E4CCB /* Frameworks */,
				8BB2895022CB6F81006E4CCB /* Resources */,
			);
			buildRules = (
			);
			dependencies = (
			);
			name = "nef-plugin";
			packageProductDependencies = (
			);
			productName = "nef-plugin";
			productReference = 8BB2895222CB6F81006E4CCB /* nef-plugin.appex */;
			productType = "com.apple.product-type.xcode-extension";
		};
/* End PBXNativeTarget section */

/* Begin PBXProject section */
		8BB2892222CB6EFB006E4CCB /* Project object */ = {
			isa = PBXProject;
			attributes = {
				LastSwiftUpdateCheck = 1100;
				LastUpgradeCheck = 1100;
				ORGANIZATIONNAME = "47 Degrees";
				TargetAttributes = {
					8BB2892922CB6EFB006E4CCB = {
						CreatedOnToolsVersion = 11.0;
					};
					8BB2895122CB6F81006E4CCB = {
						CreatedOnToolsVersion = 11.0;
					};
				};
			};
			buildConfigurationList = 8BB2892522CB6EFB006E4CCB /* Build configuration list for PBXProject "nef-plugin" */;
			compatibilityVersion = "Xcode 9.3";
			developmentRegion = en;
			hasScannedForEncodings = 0;
			knownRegions = (
				en,
				Base,
				es,
			);
			mainGroup = 8BB2892122CB6EFB006E4CCB;
			packageReferences = (
				8BBDE53A22DC86BB00598565 /* XCRemoteSwiftPackageReference "nef" */,
			);
			productRefGroup = 8BB2892B22CB6EFB006E4CCB /* Products */;
			projectDirPath = "";
			projectRoot = "";
			targets = (
				8BB2892922CB6EFB006E4CCB /* nef */,
				8BB2895122CB6F81006E4CCB /* nef-plugin */,
			);
		};
/* End PBXProject section */

/* Begin PBXResourcesBuildPhase section */
		8BB2892822CB6EFB006E4CCB /* Resources */ = {
			isa = PBXResourcesBuildPhase;
			buildActionMask = 2147483647;
			files = (
				8BEFF9372301AEDB009AA042 /* Localizable.stringsdict in Resources */,
				8BB2893822CB6EFD006E4CCB /* Main.storyboard in Resources */,
				8BEFF92B2301A86B009AA042 /* Localizable.strings in Resources */,
				8BB2893222CB6EFD006E4CCB /* Assets.xcassets in Resources */,
			);
			runOnlyForDeploymentPostprocessing = 0;
		};
		8BB2895022CB6F81006E4CCB /* Resources */ = {
			isa = PBXResourcesBuildPhase;
			buildActionMask = 2147483647;
			files = (
				8BEFF9342301A91B009AA042 /* Localizable.strings in Resources */,
			);
			runOnlyForDeploymentPostprocessing = 0;
		};
/* End PBXResourcesBuildPhase section */

/* Begin PBXSourcesBuildPhase section */
		8BB2892622CB6EFB006E4CCB /* Sources */ = {
			isa = PBXSourcesBuildPhase;
			buildActionMask = 2147483647;
			files = (
				8B2CE74622D89C8900571F24 /* CheckOptionView.swift in Sources */,
				8B9F3CF522F03704001EE2DF /* NSView+Layout.swift in Sources */,
				8BF68FB322DE2154009E57A9 /* PreferencesViewModel.swift in Sources */,
				8B4D1E1522D7A37E004432CF /* PickerOptionView.swift in Sources */,
				8B3B21AC22F8644000E92BC9 /* FixedToggle.swift in Sources */,
				8B3B21A722F82AAE00E92BC9 /* AboutView.swift in Sources */,
				8B41588522D8DDE700588921 /* ImageButton.swift in Sources */,
				8BF68FB122DE0ED4009E57A9 /* PreferencesModel.swift in Sources */,
				8BF68FA322DDE268009E57A9 /* ActionViewModel.swift in Sources */,
				8B2CE74822D8A35400571F24 /* ColorOptionView.swift in Sources */,
				8BF68FA122DDD8BD009E57A9 /* Assembler.swift in Sources */,
				8BB2892E22CB6EFB006E4CCB /* AppDelegate.swift in Sources */,
				8B4D1E1722D88A5E004432CF /* OptionItem.swift in Sources */,
				8BF68FB522DE2403009E57A9 /* CarbonStyle+Model.swift in Sources */,
				8BAAB73D22D4DB2A00FD3636 /* Date+Extension.swift in Sources */,
				8B9F3CEF22EF2D48001EE2DF /* CarbonWebView.swift in Sources */,
				8B9F3CF122F036BD001EE2DF /* CarbonViewer.swift in Sources */,
				8B41588822D8E43A00588921 /* CarbonStyle+Color.swift in Sources */,
				8B3B21B022F86C5600E92BC9 /* SeparatorView.swift in Sources */,
				8B1A0C2522D77AEC0049B48F /* PreferencesView.swift in Sources */,
				8BF68F9F22DDD802009E57A9 /* PreferencesDataSource.swift in Sources */,
				8B9F3CF322F036E3001EE2DF /* LoadingView.swift in Sources */,
				8B3B21AA22F8329900E92BC9 /* Browser.swift in Sources */,
				8B3B21AE22F8691800E92BC9 /* InstallStepView.swift in Sources */,
			);
			runOnlyForDeploymentPostprocessing = 0;
		};
		8BB2894E22CB6F81006E4CCB /* Sources */ = {
			isa = PBXSourcesBuildPhase;
			buildActionMask = 2147483647;
			files = (
				8BB2895822CB6F81006E4CCB /* SourceEditorExtension.swift in Sources */,
				8BB2895A22CB6F81006E4CCB /* NefEditorCommand.swift in Sources */,
				8B50B4A1234C8FBC00C2429D /* Reachability.swift in Sources */,
			);
			runOnlyForDeploymentPostprocessing = 0;
		};
/* End PBXSourcesBuildPhase section */

/* Begin PBXTargetDependency section */
		8BB2895E22CB6F81006E4CCB /* PBXTargetDependency */ = {
			isa = PBXTargetDependency;
			target = 8BB2895122CB6F81006E4CCB /* nef-plugin */;
			targetProxy = 8BB2895D22CB6F81006E4CCB /* PBXContainerItemProxy */;
		};
/* End PBXTargetDependency section */

/* Begin PBXVariantGroup section */
		8BB2893622CB6EFD006E4CCB /* Main.storyboard */ = {
			isa = PBXVariantGroup;
			children = (
				8BB2893722CB6EFD006E4CCB /* Base */,
				8BEFF9312301A8CE009AA042 /* en */,
				8BEFF9332301A8CF009AA042 /* es */,
			);
			name = Main.storyboard;
			sourceTree = "<group>";
		};
		8BEFF92D2301A86B009AA042 /* Localizable.strings */ = {
			isa = PBXVariantGroup;
			children = (
				8BEFF92C2301A86B009AA042 /* en */,
				8BEFF92F2301A8B9009AA042 /* es */,
			);
			name = Localizable.strings;
			sourceTree = "<group>";
		};
		8BEFF9392301AEDB009AA042 /* Localizable.stringsdict */ = {
			isa = PBXVariantGroup;
			children = (
				8BEFF9382301AEDB009AA042 /* en */,
			);
			name = Localizable.stringsdict;
			sourceTree = "<group>";
		};
/* End PBXVariantGroup section */

/* Begin XCBuildConfiguration section */
		8BB2894622CB6EFD006E4CCB /* Debug */ = {
			isa = XCBuildConfiguration;
			buildSettings = {
				ALWAYS_SEARCH_USER_PATHS = NO;
				CLANG_ANALYZER_LOCALIZABILITY_NONLOCALIZED = YES;
				CLANG_ANALYZER_NONNULL = YES;
				CLANG_ANALYZER_NUMBER_OBJECT_CONVERSION = YES_AGGRESSIVE;
				CLANG_CXX_LANGUAGE_STANDARD = "gnu++14";
				CLANG_CXX_LIBRARY = "libc++";
				CLANG_ENABLE_MODULES = YES;
				CLANG_ENABLE_OBJC_ARC = YES;
				CLANG_ENABLE_OBJC_WEAK = YES;
				CLANG_WARN_BLOCK_CAPTURE_AUTORELEASING = YES;
				CLANG_WARN_BOOL_CONVERSION = YES;
				CLANG_WARN_COMMA = YES;
				CLANG_WARN_CONSTANT_CONVERSION = YES;
				CLANG_WARN_DEPRECATED_OBJC_IMPLEMENTATIONS = YES;
				CLANG_WARN_DIRECT_OBJC_ISA_USAGE = YES_ERROR;
				CLANG_WARN_DOCUMENTATION_COMMENTS = YES;
				CLANG_WARN_EMPTY_BODY = YES;
				CLANG_WARN_ENUM_CONVERSION = YES;
				CLANG_WARN_INFINITE_RECURSION = YES;
				CLANG_WARN_INT_CONVERSION = YES;
				CLANG_WARN_NON_LITERAL_NULL_CONVERSION = YES;
				CLANG_WARN_OBJC_IMPLICIT_RETAIN_SELF = YES;
				CLANG_WARN_OBJC_LITERAL_CONVERSION = YES;
				CLANG_WARN_OBJC_ROOT_CLASS = YES_ERROR;
				CLANG_WARN_RANGE_LOOP_ANALYSIS = YES;
				CLANG_WARN_STRICT_PROTOTYPES = YES;
				CLANG_WARN_SUSPICIOUS_MOVE = YES;
				CLANG_WARN_UNGUARDED_AVAILABILITY = YES_AGGRESSIVE;
				CLANG_WARN_UNREACHABLE_CODE = YES;
				CLANG_WARN__DUPLICATE_METHOD_MATCH = YES;
				COPY_PHASE_STRIP = NO;
				DEBUG_INFORMATION_FORMAT = dwarf;
				ENABLE_STRICT_OBJC_MSGSEND = YES;
				ENABLE_TESTABILITY = YES;
				GCC_C_LANGUAGE_STANDARD = gnu11;
				GCC_DYNAMIC_NO_PIC = NO;
				GCC_NO_COMMON_BLOCKS = YES;
				GCC_OPTIMIZATION_LEVEL = 0;
				GCC_PREPROCESSOR_DEFINITIONS = (
					"DEBUG=1",
					"$(inherited)",
				);
				GCC_WARN_64_TO_32_BIT_CONVERSION = YES;
				GCC_WARN_ABOUT_RETURN_TYPE = YES_ERROR;
				GCC_WARN_UNDECLARED_SELECTOR = YES;
				GCC_WARN_UNINITIALIZED_AUTOS = YES_AGGRESSIVE;
				GCC_WARN_UNUSED_FUNCTION = YES;
				GCC_WARN_UNUSED_VARIABLE = YES;
				MACOSX_DEPLOYMENT_TARGET = 10.15;
				MTL_ENABLE_DEBUG_INFO = INCLUDE_SOURCE;
				MTL_FAST_MATH = YES;
				SWIFT_ACTIVE_COMPILATION_CONDITIONS = DEBUG;
				SWIFT_OPTIMIZATION_LEVEL = "-Onone";
			};
			name = Debug;
		};
		8BB2894722CB6EFD006E4CCB /* Release */ = {
			isa = XCBuildConfiguration;
			buildSettings = {
				ALWAYS_SEARCH_USER_PATHS = NO;
				CLANG_ANALYZER_LOCALIZABILITY_NONLOCALIZED = YES;
				CLANG_ANALYZER_NONNULL = YES;
				CLANG_ANALYZER_NUMBER_OBJECT_CONVERSION = YES_AGGRESSIVE;
				CLANG_CXX_LANGUAGE_STANDARD = "gnu++14";
				CLANG_CXX_LIBRARY = "libc++";
				CLANG_ENABLE_MODULES = YES;
				CLANG_ENABLE_OBJC_ARC = YES;
				CLANG_ENABLE_OBJC_WEAK = YES;
				CLANG_WARN_BLOCK_CAPTURE_AUTORELEASING = YES;
				CLANG_WARN_BOOL_CONVERSION = YES;
				CLANG_WARN_COMMA = YES;
				CLANG_WARN_CONSTANT_CONVERSION = YES;
				CLANG_WARN_DEPRECATED_OBJC_IMPLEMENTATIONS = YES;
				CLANG_WARN_DIRECT_OBJC_ISA_USAGE = YES_ERROR;
				CLANG_WARN_DOCUMENTATION_COMMENTS = YES;
				CLANG_WARN_EMPTY_BODY = YES;
				CLANG_WARN_ENUM_CONVERSION = YES;
				CLANG_WARN_INFINITE_RECURSION = YES;
				CLANG_WARN_INT_CONVERSION = YES;
				CLANG_WARN_NON_LITERAL_NULL_CONVERSION = YES;
				CLANG_WARN_OBJC_IMPLICIT_RETAIN_SELF = YES;
				CLANG_WARN_OBJC_LITERAL_CONVERSION = YES;
				CLANG_WARN_OBJC_ROOT_CLASS = YES_ERROR;
				CLANG_WARN_RANGE_LOOP_ANALYSIS = YES;
				CLANG_WARN_STRICT_PROTOTYPES = YES;
				CLANG_WARN_SUSPICIOUS_MOVE = YES;
				CLANG_WARN_UNGUARDED_AVAILABILITY = YES_AGGRESSIVE;
				CLANG_WARN_UNREACHABLE_CODE = YES;
				CLANG_WARN__DUPLICATE_METHOD_MATCH = YES;
				COPY_PHASE_STRIP = NO;
				DEBUG_INFORMATION_FORMAT = "dwarf-with-dsym";
				ENABLE_NS_ASSERTIONS = NO;
				ENABLE_STRICT_OBJC_MSGSEND = YES;
				GCC_C_LANGUAGE_STANDARD = gnu11;
				GCC_NO_COMMON_BLOCKS = YES;
				GCC_WARN_64_TO_32_BIT_CONVERSION = YES;
				GCC_WARN_ABOUT_RETURN_TYPE = YES_ERROR;
				GCC_WARN_UNDECLARED_SELECTOR = YES;
				GCC_WARN_UNINITIALIZED_AUTOS = YES_AGGRESSIVE;
				GCC_WARN_UNUSED_FUNCTION = YES;
				GCC_WARN_UNUSED_VARIABLE = YES;
				MACOSX_DEPLOYMENT_TARGET = 10.15;
				MTL_ENABLE_DEBUG_INFO = NO;
				MTL_FAST_MATH = YES;
				SWIFT_COMPILATION_MODE = wholemodule;
				SWIFT_OPTIMIZATION_LEVEL = "-O";
			};
			name = Release;
		};
		8BB2894922CB6EFD006E4CCB /* Debug */ = {
			isa = XCBuildConfiguration;
			buildSettings = {
				ALWAYS_EMBED_SWIFT_STANDARD_LIBRARIES = YES;
				ASSETCATALOG_COMPILER_APPICON_NAME = AppIcon;
				CODE_SIGN_ENTITLEMENTS = "nef/Support Files/nef.entitlements";
				CODE_SIGN_IDENTITY = "Mac Developer";
				CODE_SIGN_STYLE = Manual;
				COMBINE_HIDPI_IMAGES = YES;
				CURRENT_PROJECT_VERSION = 8;
				DEVELOPMENT_TEAM = P548S5LU96;
				INFOPLIST_FILE = "nef/Support Files/Info.plist";
				LD_RUNPATH_SEARCH_PATHS = (
					"$(inherited)",
					"@executable_path/../Frameworks",
				);
				MARKETING_VERSION = 1.0;
				PRODUCT_BUNDLE_IDENTIFIER = com.fortysevendeg.nef;
				PRODUCT_MODULE_NAME = "$(PRODUCT_NAME:c99extidentifier)App";
				PRODUCT_NAME = "$(TARGET_NAME)";
				PROVISIONING_PROFILE_SPECIFIER = nef;
				SWIFT_VERSION = 5.0;
			};
			name = Debug;
		};
		8BB2894A22CB6EFD006E4CCB /* Release */ = {
			isa = XCBuildConfiguration;
			buildSettings = {
				ALWAYS_EMBED_SWIFT_STANDARD_LIBRARIES = YES;
				ASSETCATALOG_COMPILER_APPICON_NAME = AppIcon;
				CODE_SIGN_ENTITLEMENTS = "nef/Support Files/nef.entitlements";
				CODE_SIGN_IDENTITY = "Mac Developer";
				CODE_SIGN_STYLE = Manual;
				COMBINE_HIDPI_IMAGES = YES;
				CURRENT_PROJECT_VERSION = 8;
				DEVELOPMENT_TEAM = P548S5LU96;
				INFOPLIST_FILE = "nef/Support Files/Info.plist";
				LD_RUNPATH_SEARCH_PATHS = (
					"$(inherited)",
					"@executable_path/../Frameworks",
				);
				MARKETING_VERSION = 1.0;
				PRODUCT_BUNDLE_IDENTIFIER = com.fortysevendeg.nef;
				PRODUCT_MODULE_NAME = "$(PRODUCT_NAME:c99extidentifier)App";
				PRODUCT_NAME = "$(TARGET_NAME)";
				PROVISIONING_PROFILE_SPECIFIER = nef;
				SWIFT_VERSION = 5.0;
			};
			name = Release;
		};
		8BB2896122CB6F81006E4CCB /* Debug */ = {
			isa = XCBuildConfiguration;
			buildSettings = {
				CODE_SIGN_ENTITLEMENTS = "nef-plugin/Support Files/nef_plugin.entitlements";
				CODE_SIGN_IDENTITY = "Mac Developer";
				CODE_SIGN_STYLE = Manual;
				COMBINE_HIDPI_IMAGES = YES;
				CURRENT_PROJECT_VERSION = 8;
				DEVELOPMENT_TEAM = P548S5LU96;
				INFOPLIST_FILE = "nef-plugin/Support Files/Info.plist";
				LD_RUNPATH_SEARCH_PATHS = (
					"$(inherited)",
					"@executable_path/../Frameworks",
					"@executable_path/../../../../Frameworks",
				);
				MACOSX_DEPLOYMENT_TARGET = 10.14;
				PRODUCT_BUNDLE_IDENTIFIER = "com.fortysevendeg.nef-plugin";
				PRODUCT_NAME = "$(TARGET_NAME)";
				PROVISIONING_PROFILE_SPECIFIER = "nef-plugin";
				SKIP_INSTALL = YES;
				SWIFT_VERSION = 5.0;
			};
			name = Debug;
		};
		8BB2896222CB6F81006E4CCB /* Release */ = {
			isa = XCBuildConfiguration;
			buildSettings = {
				CODE_SIGN_ENTITLEMENTS = "nef-plugin/Support Files/nef_plugin.entitlements";
				CODE_SIGN_IDENTITY = "Mac Developer";
				CODE_SIGN_STYLE = Manual;
				COMBINE_HIDPI_IMAGES = YES;
				CURRENT_PROJECT_VERSION = 8;
				DEVELOPMENT_TEAM = P548S5LU96;
				INFOPLIST_FILE = "nef-plugin/Support Files/Info.plist";
				LD_RUNPATH_SEARCH_PATHS = (
					"$(inherited)",
					"@executable_path/../Frameworks",
					"@executable_path/../../../../Frameworks",
				);
				MACOSX_DEPLOYMENT_TARGET = 10.14;
				PRODUCT_BUNDLE_IDENTIFIER = "com.fortysevendeg.nef-plugin";
				PRODUCT_NAME = "$(TARGET_NAME)";
				PROVISIONING_PROFILE_SPECIFIER = "nef-plugin";
				SKIP_INSTALL = YES;
				SWIFT_VERSION = 5.0;
			};
			name = Release;
		};
/* End XCBuildConfiguration section */

/* Begin XCConfigurationList section */
		8BB2892522CB6EFB006E4CCB /* Build configuration list for PBXProject "nef-plugin" */ = {
			isa = XCConfigurationList;
			buildConfigurations = (
				8BB2894622CB6EFD006E4CCB /* Debug */,
				8BB2894722CB6EFD006E4CCB /* Release */,
			);
			defaultConfigurationIsVisible = 0;
			defaultConfigurationName = Release;
		};
		8BB2894822CB6EFD006E4CCB /* Build configuration list for PBXNativeTarget "nef" */ = {
			isa = XCConfigurationList;
			buildConfigurations = (
				8BB2894922CB6EFD006E4CCB /* Debug */,
				8BB2894A22CB6EFD006E4CCB /* Release */,
			);
			defaultConfigurationIsVisible = 0;
			defaultConfigurationName = Release;
		};
		8BB2896022CB6F81006E4CCB /* Build configuration list for PBXNativeTarget "nef-plugin" */ = {
			isa = XCConfigurationList;
			buildConfigurations = (
				8BB2896122CB6F81006E4CCB /* Debug */,
				8BB2896222CB6F81006E4CCB /* Release */,
			);
			defaultConfigurationIsVisible = 0;
			defaultConfigurationName = Release;
		};
/* End XCConfigurationList section */

/* Begin XCRemoteSwiftPackageReference section */
		8BBDE53A22DC86BB00598565 /* XCRemoteSwiftPackageReference "nef" */ = {
			isa = XCRemoteSwiftPackageReference;
			repositoryURL = "https://github.com/bow-swift/nef.git";
			requirement = {
				kind = upToNextMajorVersion;
				minimumVersion = 0.3.3;
			};
		};
/* End XCRemoteSwiftPackageReference section */

/* Begin XCSwiftPackageProductDependency section */
		8BBDE53B22DC86BB00598565 /* nef */ = {
			isa = XCSwiftPackageProductDependency;
			package = 8BBDE53A22DC86BB00598565 /* XCRemoteSwiftPackageReference "nef" */;
			productName = nef;
		};
/* End XCSwiftPackageProductDependency section */
	};
	rootObject = 8BB2892222CB6EFB006E4CCB /* Project object */;
}
