// !$*UTF8*$!
{
	archiveVersion = 1;
	classes = {
	};
	objectVersion = 52;
	objects = {

/* Begin PBXBuildFile section */
		8B0B199B252B2F1C00CA58A1 /* SourceEditorExtension.swift in Sources */ = {isa = PBXBuildFile; fileRef = 8B0B199A252B2F1C00CA58A1 /* SourceEditorExtension.swift */; };
		8B0B199D252B2F1C00CA58A1 /* SourceEditorCommand.swift in Sources */ = {isa = PBXBuildFile; fileRef = 8B0B199C252B2F1C00CA58A1 /* SourceEditorCommand.swift */; };
		8B0B19A2252B2F1C00CA58A1 /* nef-plugin.appex in Embed App Extensions */ = {isa = PBXBuildFile; fileRef = 8B0B1993252B2F1C00CA58A1 /* nef-plugin.appex */; settings = {ATTRIBUTES = (RemoveHeadersOnCopy, ); }; };
		8B0B19E0252B34C000CA58A1 /* nef-appstore.xcconfig in Resources */ = {isa = PBXBuildFile; fileRef = 8B0B19D8252B34C000CA58A1 /* nef-appstore.xcconfig */; };
		8B0B19E1252B34C000CA58A1 /* nef.xcconfig in Resources */ = {isa = PBXBuildFile; fileRef = 8B0B19D9252B34C000CA58A1 /* nef.xcconfig */; };
		8B0B19E2252B34C000CA58A1 /* nef-plugin.xcconfig in Resources */ = {isa = PBXBuildFile; fileRef = 8B0B19DB252B34C000CA58A1 /* nef-plugin.xcconfig */; };
		8B0B19E3252B34C000CA58A1 /* nef-plugin-appstore.xcconfig in Resources */ = {isa = PBXBuildFile; fileRef = 8B0B19DC252B34C000CA58A1 /* nef-plugin-appstore.xcconfig */; };
		8B0B19E4252B34C000CA58A1 /* project-appstore.xcconfig in Resources */ = {isa = PBXBuildFile; fileRef = 8B0B19DD252B34C000CA58A1 /* project-appstore.xcconfig */; };
		8B0B19E5252B34C000CA58A1 /* project-shared.xcconfig in Resources */ = {isa = PBXBuildFile; fileRef = 8B0B19DE252B34C000CA58A1 /* project-shared.xcconfig */; };
		8B0B19E6252B34C000CA58A1 /* project.xcconfig in Resources */ = {isa = PBXBuildFile; fileRef = 8B0B19DF252B34C000CA58A1 /* project.xcconfig */; };
		8B0B1A14252B359200CA58A1 /* Browser.swift in Sources */ = {isa = PBXBuildFile; fileRef = 8B0B1A13252B359200CA58A1 /* Browser.swift */; };
		8B0B1A1E252B359C00CA58A1 /* Reachability.swift in Sources */ = {isa = PBXBuildFile; fileRef = 8B0B1A1D252B359C00CA58A1 /* Reachability.swift */; };
		8B0B1A28252B35B600CA58A1 /* MenuEditorCommand.swift in Sources */ = {isa = PBXBuildFile; fileRef = 8B0B1A27252B35B600CA58A1 /* MenuEditorCommand.swift */; };
		8B0B1A2E252B35BD00CA58A1 /* MenuEditorCommand+URLQueryItem.swift in Sources */ = {isa = PBXBuildFile; fileRef = 8B0B1A2D252B35BD00CA58A1 /* MenuEditorCommand+URLQueryItem.swift */; };
		8B0B1A39252B367800CA58A1 /* nef in Frameworks */ = {isa = PBXBuildFile; productRef = 8B0B1A38252B367800CA58A1 /* nef */; };
		8B0B1A42252B368A00CA58A1 /* libSourceEditorModels.a in Frameworks */ = {isa = PBXBuildFile; fileRef = 8B0B19F6252B356B00CA58A1 /* libSourceEditorModels.a */; };
		8B0B1A47252B368E00CA58A1 /* libSourceEditorUtils.a in Frameworks */ = {isa = PBXBuildFile; fileRef = 8B0B1A06252B357400CA58A1 /* libSourceEditorUtils.a */; };
		8B0B1A5C252B36CD00CA58A1 /* EditorError.swift in Sources */ = {isa = PBXBuildFile; fileRef = 8B0B1A51252B36CD00CA58A1 /* EditorError.swift */; };
		8B0B1A5F252B36CD00CA58A1 /* AppScheme.swift in Sources */ = {isa = PBXBuildFile; fileRef = 8B0B1A57252B36CD00CA58A1 /* AppScheme.swift */; };
		8B0B1A60252B36CD00CA58A1 /* EditorModel.swift in Sources */ = {isa = PBXBuildFile; fileRef = 8B0B1A58252B36CD00CA58A1 /* EditorModel.swift */; };
		8B0B1A61252B36CD00CA58A1 /* Bundle+Extensions.swift in Sources */ = {isa = PBXBuildFile; fileRef = 8B0B1A5A252B36CD00CA58A1 /* Bundle+Extensions.swift */; };
		8B0B1AC9252B380B00CA58A1 /* Notifications.swift in Sources */ = {isa = PBXBuildFile; fileRef = 8B0B1A7C252B380A00CA58A1 /* Notifications.swift */; };
		8B0B1ACA252B380B00CA58A1 /* Clipboard.swift in Sources */ = {isa = PBXBuildFile; fileRef = 8B0B1A7D252B380A00CA58A1 /* Clipboard.swift */; };
		8B0B1ACB252B380B00CA58A1 /* Date+Extension.swift in Sources */ = {isa = PBXBuildFile; fileRef = 8B0B1A7F252B380A00CA58A1 /* Date+Extension.swift */; };
		8B0B1ACC252B380B00CA58A1 /* NSWindow+Extension.swift in Sources */ = {isa = PBXBuildFile; fileRef = 8B0B1A80252B380A00CA58A1 /* NSWindow+Extension.swift */; };
		8B0B1ACD252B380B00CA58A1 /* IO+unsafeRun.swift in Sources */ = {isa = PBXBuildFile; fileRef = 8B0B1A81252B380A00CA58A1 /* IO+unsafeRun.swift */; };
		8B0B1ACE252B380B00CA58A1 /* CarbonStyle+Model.swift in Sources */ = {isa = PBXBuildFile; fileRef = 8B0B1A82252B380A00CA58A1 /* CarbonStyle+Model.swift */; };
		8B0B1ACF252B380B00CA58A1 /* URL+Extension.swift in Sources */ = {isa = PBXBuildFile; fileRef = 8B0B1A83252B380A00CA58A1 /* URL+Extension.swift */; };
		8B0B1AD0252B380B00CA58A1 /* Data+IO.swift in Sources */ = {isa = PBXBuildFile; fileRef = 8B0B1A84252B380A00CA58A1 /* Data+IO.swift */; };
		8B0B1AD1252B380B00CA58A1 /* CarbonStyle+Color.swift in Sources */ = {isa = PBXBuildFile; fileRef = 8B0B1A85252B380A00CA58A1 /* CarbonStyle+Color.swift */; };
		8B0B1AD2252B380B00CA58A1 /* DispatchTimeInterval+Extensions.swift in Sources */ = {isa = PBXBuildFile; fileRef = 8B0B1A86252B380A00CA58A1 /* DispatchTimeInterval+Extensions.swift */; };
		8B0B1AD3252B380B00CA58A1 /* Result+terminate.swift in Sources */ = {isa = PBXBuildFile; fileRef = 8B0B1A87252B380A00CA58A1 /* Result+terminate.swift */; };
		8B0B1AD4252B380B00CA58A1 /* NSView+Layout.swift in Sources */ = {isa = PBXBuildFile; fileRef = 8B0B1A88252B380A00CA58A1 /* NSView+Layout.swift */; };
		8B0B1AD6252B380B00CA58A1 /* DispatchGroup.swift in Sources */ = {isa = PBXBuildFile; fileRef = 8B0B1A8D252B380A00CA58A1 /* DispatchGroup.swift */; };
		8B0B1AD7252B380B00CA58A1 /* Bookmark.swift in Sources */ = {isa = PBXBuildFile; fileRef = 8B0B1A8E252B380A00CA58A1 /* Bookmark.swift */; };
		8B0B1AD8252B380B00CA58A1 /* OpenPanel.swift in Sources */ = {isa = PBXBuildFile; fileRef = 8B0B1A8F252B380A00CA58A1 /* OpenPanel.swift */; };
		8B0B1AD9252B380B00CA58A1 /* Assets.xcassets in Resources */ = {isa = PBXBuildFile; fileRef = 8B0B1A90252B380A00CA58A1 /* Assets.xcassets */; };
		8B0B1ADA252B380B00CA58A1 /* MacNotifications.swift in Sources */ = {isa = PBXBuildFile; fileRef = 8B0B1A92252B380A00CA58A1 /* MacNotifications.swift */; };
		8B0B1ADB252B380B00CA58A1 /* MacClipboard.swift in Sources */ = {isa = PBXBuildFile; fileRef = 8B0B1A93252B380A00CA58A1 /* MacClipboard.swift */; };
		8B0B1ADC252B380B00CA58A1 /* ImageNotificationController.swift in Sources */ = {isa = PBXBuildFile; fileRef = 8B0B1A95252B380A00CA58A1 /* ImageNotificationController.swift */; };
		8B0B1ADD252B380B00CA58A1 /* MarkdownPageController.swift in Sources */ = {isa = PBXBuildFile; fileRef = 8B0B1A96252B380A00CA58A1 /* MarkdownPageController.swift */; };
		8B0B1ADE252B380B00CA58A1 /* CarbonController.swift in Sources */ = {isa = PBXBuildFile; fileRef = 8B0B1A97252B380A00CA58A1 /* CarbonController.swift */; };
		8B0B1ADF252B380B00CA58A1 /* PlaygroundBookController.swift in Sources */ = {isa = PBXBuildFile; fileRef = 8B0B1A98252B380A00CA58A1 /* PlaygroundBookController.swift */; };
		8B0B1AE1252B380B00CA58A1 /* Assembler.swift in Sources */ = {isa = PBXBuildFile; fileRef = 8B0B1A9A252B380A00CA58A1 /* Assembler.swift */; };
		8B0B1AE2252B380B00CA58A1 /* NefNotification.swift in Sources */ = {isa = PBXBuildFile; fileRef = 8B0B1A9C252B380B00CA58A1 /* NefNotification.swift */; };
		8B0B1AE3252B380B00CA58A1 /* NefController.swift in Sources */ = {isa = PBXBuildFile; fileRef = 8B0B1A9D252B380B00CA58A1 /* NefController.swift */; };
		8B0B1AE4252B380B00CA58A1 /* i18n.swift in Sources */ = {isa = PBXBuildFile; fileRef = 8B0B1A9E252B380B00CA58A1 /* i18n.swift */; };
		8B0B1AE5252B380B00CA58A1 /* NefWindow.swift in Sources */ = {isa = PBXBuildFile; fileRef = 8B0B1A9F252B380B00CA58A1 /* NefWindow.swift */; };
		8B0B1AE6252B380B00CA58A1 /* App.swift in Sources */ = {isa = PBXBuildFile; fileRef = 8B0B1AA0252B380B00CA58A1 /* App.swift */; };
		8B0B1AE7252B380B00CA58A1 /* ActionViewModel.swift in Sources */ = {isa = PBXBuildFile; fileRef = 8B0B1AA4252B380B00CA58A1 /* ActionViewModel.swift */; };
		8B0B1AE8252B380B00CA58A1 /* PreferencesViewModel.swift in Sources */ = {isa = PBXBuildFile; fileRef = 8B0B1AA5252B380B00CA58A1 /* PreferencesViewModel.swift */; };
		8B0B1AE9252B380B00CA58A1 /* PreferencesView.swift in Sources */ = {isa = PBXBuildFile; fileRef = 8B0B1AA6252B380B00CA58A1 /* PreferencesView.swift */; };
		8B0B1AEA252B380B00CA58A1 /* PreferencesDataSource.swift in Sources */ = {isa = PBXBuildFile; fileRef = 8B0B1AA8252B380B00CA58A1 /* PreferencesDataSource.swift */; };
		8B0B1AEB252B380B00CA58A1 /* PreferencesModel.swift in Sources */ = {isa = PBXBuildFile; fileRef = 8B0B1AA9252B380B00CA58A1 /* PreferencesModel.swift */; };
		8B0B1AEC252B380B00CA58A1 /* PickerOptionView.swift in Sources */ = {isa = PBXBuildFile; fileRef = 8B0B1AAB252B380B00CA58A1 /* PickerOptionView.swift */; };
		8B0B1AED252B380B00CA58A1 /* CarbonViewer.swift in Sources */ = {isa = PBXBuildFile; fileRef = 8B0B1AAC252B380B00CA58A1 /* CarbonViewer.swift */; };
		8B0B1AEE252B380B00CA58A1 /* OutputFolderView.swift in Sources */ = {isa = PBXBuildFile; fileRef = 8B0B1AAD252B380B00CA58A1 /* OutputFolderView.swift */; };
		8B0B1AEF252B380B00CA58A1 /* OptionItem.swift in Sources */ = {isa = PBXBuildFile; fileRef = 8B0B1AAF252B380B00CA58A1 /* OptionItem.swift */; };
		8B0B1AF0252B380B00CA58A1 /* CheckOptionView.swift in Sources */ = {isa = PBXBuildFile; fileRef = 8B0B1AB0252B380B00CA58A1 /* CheckOptionView.swift */; };
		8B0B1AF1252B380B00CA58A1 /* ColorOptionView.swift in Sources */ = {isa = PBXBuildFile; fileRef = 8B0B1AB1252B380B00CA58A1 /* ColorOptionView.swift */; };
		8B0B1AF2252B380B00CA58A1 /* PlaygroundBookProgressReport.swift in Sources */ = {isa = PBXBuildFile; fileRef = 8B0B1AB3252B380B00CA58A1 /* PlaygroundBookProgressReport.swift */; };
		8B0B1AF3252B380B00CA58A1 /* ProgressView.swift in Sources */ = {isa = PBXBuildFile; fileRef = 8B0B1AB4252B380B00CA58A1 /* ProgressView.swift */; };
		8B0B1AF4252B380B00CA58A1 /* PlaygroundBookView.swift in Sources */ = {isa = PBXBuildFile; fileRef = 8B0B1AB5252B380B00CA58A1 /* PlaygroundBookView.swift */; };
		8B0B1AF5252B380B00CA58A1 /* AboutView.swift in Sources */ = {isa = PBXBuildFile; fileRef = 8B0B1AB7252B380B00CA58A1 /* AboutView.swift */; };
		8B0B1AF6252B380B00CA58A1 /* FixedToggle.swift in Sources */ = {isa = PBXBuildFile; fileRef = 8B0B1AB8252B380B00CA58A1 /* FixedToggle.swift */; };
		8B0B1AF7252B380B00CA58A1 /* InstallStepView.swift in Sources */ = {isa = PBXBuildFile; fileRef = 8B0B1AB9252B380B00CA58A1 /* InstallStepView.swift */; };
		8B0B1AF8252B380B00CA58A1 /* SeparatorView.swift in Sources */ = {isa = PBXBuildFile; fileRef = 8B0B1ABB252B380B00CA58A1 /* SeparatorView.swift */; };
		8B0B1AF9252B380B00CA58A1 /* ImageButton.swift in Sources */ = {isa = PBXBuildFile; fileRef = 8B0B1ABC252B380B00CA58A1 /* ImageButton.swift */; };
		8B0B1AFA252B380B00CA58A1 /* LoadingView.swift in Sources */ = {isa = PBXBuildFile; fileRef = 8B0B1ABD252B380B00CA58A1 /* LoadingView.swift */; };
		8B0B1AFC252B380B00CA58A1 /* Command.swift in Sources */ = {isa = PBXBuildFile; fileRef = 8B0B1AC1252B380B00CA58A1 /* Command.swift */; };
		8B0B1AFD252B380B00CA58A1 /* AppDelegate.swift in Sources */ = {isa = PBXBuildFile; fileRef = 8B0B1AC2252B380B00CA58A1 /* AppDelegate.swift */; };
		8B0B1AFE252B380B00CA58A1 /* AppDelegate+Notifications.swift in Sources */ = {isa = PBXBuildFile; fileRef = 8B0B1AC4252B380B00CA58A1 /* AppDelegate+Notifications.swift */; };
		8B0B1B0E252B386A00CA58A1 /* Main.storyboard in Resources */ = {isa = PBXBuildFile; fileRef = 8B0B1B0C252B386A00CA58A1 /* Main.storyboard */; };
		8B0B1B14252B387B00CA58A1 /* nef in Frameworks */ = {isa = PBXBuildFile; productRef = 8B0B1B13252B387B00CA58A1 /* nef */; };
		8B0B1B15252B387B00CA58A1 /* libSourceEditorModels.a in Frameworks */ = {isa = PBXBuildFile; fileRef = 8B0B19F6252B356B00CA58A1 /* libSourceEditorModels.a */; };
		8B0B1B18252B387B00CA58A1 /* libSourceEditorUtils.a in Frameworks */ = {isa = PBXBuildFile; fileRef = 8B0B1A06252B357400CA58A1 /* libSourceEditorUtils.a */; };
		8B0B1B41252B3A5F00CA58A1 /* XcodeKit.framework in Frameworks */ = {isa = PBXBuildFile; fileRef = 8B0B1997252B2F1C00CA58A1 /* XcodeKit.framework */; };
		8B0B1B42252B3A5F00CA58A1 /* XcodeKit.framework in Embed Frameworks */ = {isa = PBXBuildFile; fileRef = 8B0B1997252B2F1C00CA58A1 /* XcodeKit.framework */; settings = {ATTRIBUTES = (RemoveHeadersOnCopy, ); }; };
		8B0B1B4D252B3BCF00CA58A1 /* Localizable.strings in Resources */ = {isa = PBXBuildFile; fileRef = 8B0B1B48252B3BCF00CA58A1 /* Localizable.strings */; };
		8B0B1B4E252B3BCF00CA58A1 /* Localizable.stringsdict in Resources */ = {isa = PBXBuildFile; fileRef = 8B0B1B4A252B3BCF00CA58A1 /* Localizable.stringsdict */; };
/* End PBXBuildFile section */

/* Begin PBXContainerItemProxy section */
		8B0B19A0252B2F1C00CA58A1 /* PBXContainerItemProxy */ = {
			isa = PBXContainerItemProxy;
			containerPortal = 8B0B1970252B2EFA00CA58A1 /* Project object */;
			proxyType = 1;
			remoteGlobalIDString = 8B0B1992252B2F1C00CA58A1;
			remoteInfo = "nef-plugin";
		};
		8B0B1B16252B387B00CA58A1 /* PBXContainerItemProxy */ = {
			isa = PBXContainerItemProxy;
			containerPortal = 8B0B1970252B2EFA00CA58A1 /* Project object */;
			proxyType = 1;
			remoteGlobalIDString = 8B0B19F5252B356B00CA58A1;
			remoteInfo = "nef-models";
		};
		8B0B1B19252B387B00CA58A1 /* PBXContainerItemProxy */ = {
			isa = PBXContainerItemProxy;
			containerPortal = 8B0B1970252B2EFA00CA58A1 /* Project object */;
			proxyType = 1;
			remoteGlobalIDString = 8B0B1A05252B357400CA58A1;
			remoteInfo = "nef-utils";
		};
/* End PBXContainerItemProxy section */

/* Begin PBXCopyFilesBuildPhase section */
		8B0B19A6252B2F1C00CA58A1 /* Embed App Extensions */ = {
			isa = PBXCopyFilesBuildPhase;
			buildActionMask = 2147483647;
			dstPath = "";
			dstSubfolderSpec = 13;
			files = (
				8B0B19A2252B2F1C00CA58A1 /* nef-plugin.appex in Embed App Extensions */,
			);
			name = "Embed App Extensions";
			runOnlyForDeploymentPostprocessing = 0;
		};
		8B0B1B43252B3A5F00CA58A1 /* Embed Frameworks */ = {
			isa = PBXCopyFilesBuildPhase;
			buildActionMask = 2147483647;
			dstPath = "";
			dstSubfolderSpec = 10;
			files = (
				8B0B1B42252B3A5F00CA58A1 /* XcodeKit.framework in Embed Frameworks */,
			);
			name = "Embed Frameworks";
			runOnlyForDeploymentPostprocessing = 0;
		};
/* End PBXCopyFilesBuildPhase section */

/* Begin PBXFileReference section */
		8B0B1978252B2EFA00CA58A1 /* nef.app */ = {isa = PBXFileReference; explicitFileType = wrapper.application; includeInIndex = 0; path = nef.app; sourceTree = BUILT_PRODUCTS_DIR; };
		8B0B1993252B2F1C00CA58A1 /* nef-plugin.appex */ = {isa = PBXFileReference; explicitFileType = "wrapper.app-extension"; includeInIndex = 0; path = "nef-plugin.appex"; sourceTree = BUILT_PRODUCTS_DIR; };
		8B0B1995252B2F1C00CA58A1 /* Cocoa.framework */ = {isa = PBXFileReference; lastKnownFileType = wrapper.framework; name = Cocoa.framework; path = System/Library/Frameworks/Cocoa.framework; sourceTree = SDKROOT; };
		8B0B1997252B2F1C00CA58A1 /* XcodeKit.framework */ = {isa = PBXFileReference; lastKnownFileType = wrapper.framework; name = XcodeKit.framework; path = Library/Frameworks/XcodeKit.framework; sourceTree = DEVELOPER_DIR; };
		8B0B199A252B2F1C00CA58A1 /* SourceEditorExtension.swift */ = {isa = PBXFileReference; lastKnownFileType = sourcecode.swift; path = SourceEditorExtension.swift; sourceTree = "<group>"; };
		8B0B199C252B2F1C00CA58A1 /* SourceEditorCommand.swift */ = {isa = PBXFileReference; lastKnownFileType = sourcecode.swift; path = SourceEditorCommand.swift; sourceTree = "<group>"; };
		8B0B19D8252B34C000CA58A1 /* nef-appstore.xcconfig */ = {isa = PBXFileReference; fileEncoding = 4; lastKnownFileType = text.xcconfig; path = "nef-appstore.xcconfig"; sourceTree = "<group>"; };
		8B0B19D9252B34C000CA58A1 /* nef.xcconfig */ = {isa = PBXFileReference; fileEncoding = 4; lastKnownFileType = text.xcconfig; path = nef.xcconfig; sourceTree = "<group>"; };
		8B0B19DB252B34C000CA58A1 /* nef-plugin.xcconfig */ = {isa = PBXFileReference; fileEncoding = 4; lastKnownFileType = text.xcconfig; path = "nef-plugin.xcconfig"; sourceTree = "<group>"; };
		8B0B19DC252B34C000CA58A1 /* nef-plugin-appstore.xcconfig */ = {isa = PBXFileReference; fileEncoding = 4; lastKnownFileType = text.xcconfig; path = "nef-plugin-appstore.xcconfig"; sourceTree = "<group>"; };
		8B0B19DD252B34C000CA58A1 /* project-appstore.xcconfig */ = {isa = PBXFileReference; fileEncoding = 4; lastKnownFileType = text.xcconfig; path = "project-appstore.xcconfig"; sourceTree = "<group>"; };
		8B0B19DE252B34C000CA58A1 /* project-shared.xcconfig */ = {isa = PBXFileReference; fileEncoding = 4; lastKnownFileType = text.xcconfig; path = "project-shared.xcconfig"; sourceTree = "<group>"; };
		8B0B19DF252B34C000CA58A1 /* project.xcconfig */ = {isa = PBXFileReference; fileEncoding = 4; lastKnownFileType = text.xcconfig; path = project.xcconfig; sourceTree = "<group>"; };
		8B0B19F6252B356B00CA58A1 /* libSourceEditorModels.a */ = {isa = PBXFileReference; explicitFileType = archive.ar; includeInIndex = 0; path = libSourceEditorModels.a; sourceTree = BUILT_PRODUCTS_DIR; };
		8B0B1A06252B357400CA58A1 /* libSourceEditorUtils.a */ = {isa = PBXFileReference; explicitFileType = archive.ar; includeInIndex = 0; path = libSourceEditorUtils.a; sourceTree = BUILT_PRODUCTS_DIR; };
		8B0B1A13252B359200CA58A1 /* Browser.swift */ = {isa = PBXFileReference; fileEncoding = 4; lastKnownFileType = sourcecode.swift; path = Browser.swift; sourceTree = "<group>"; };
		8B0B1A1D252B359C00CA58A1 /* Reachability.swift */ = {isa = PBXFileReference; fileEncoding = 4; lastKnownFileType = sourcecode.swift; path = Reachability.swift; sourceTree = "<group>"; };
		8B0B1A27252B35B600CA58A1 /* MenuEditorCommand.swift */ = {isa = PBXFileReference; fileEncoding = 4; lastKnownFileType = sourcecode.swift; path = MenuEditorCommand.swift; sourceTree = "<group>"; };
		8B0B1A2D252B35BD00CA58A1 /* MenuEditorCommand+URLQueryItem.swift */ = {isa = PBXFileReference; fileEncoding = 4; lastKnownFileType = sourcecode.swift; path = "MenuEditorCommand+URLQueryItem.swift"; sourceTree = "<group>"; };
		8B0B1A51252B36CD00CA58A1 /* EditorError.swift */ = {isa = PBXFileReference; fileEncoding = 4; lastKnownFileType = sourcecode.swift; path = EditorError.swift; sourceTree = "<group>"; };
		8B0B1A54252B36CD00CA58A1 /* nef-plugin-appstore.entitlements */ = {isa = PBXFileReference; fileEncoding = 4; lastKnownFileType = text.plist.entitlements; path = "nef-plugin-appstore.entitlements"; sourceTree = "<group>"; };
		8B0B1A55252B36CD00CA58A1 /* nef-plugin.entitlements */ = {isa = PBXFileReference; fileEncoding = 4; lastKnownFileType = text.plist.entitlements; path = "nef-plugin.entitlements"; sourceTree = "<group>"; };
		8B0B1A56252B36CD00CA58A1 /* Info.plist */ = {isa = PBXFileReference; fileEncoding = 4; lastKnownFileType = text.plist.xml; path = Info.plist; sourceTree = "<group>"; };
		8B0B1A57252B36CD00CA58A1 /* AppScheme.swift */ = {isa = PBXFileReference; fileEncoding = 4; lastKnownFileType = sourcecode.swift; path = AppScheme.swift; sourceTree = "<group>"; };
		8B0B1A58252B36CD00CA58A1 /* EditorModel.swift */ = {isa = PBXFileReference; fileEncoding = 4; lastKnownFileType = sourcecode.swift; path = EditorModel.swift; sourceTree = "<group>"; };
		8B0B1A5A252B36CD00CA58A1 /* Bundle+Extensions.swift */ = {isa = PBXFileReference; fileEncoding = 4; lastKnownFileType = sourcecode.swift; path = "Bundle+Extensions.swift"; sourceTree = "<group>"; };
		8B0B1A7C252B380A00CA58A1 /* Notifications.swift */ = {isa = PBXFileReference; fileEncoding = 4; lastKnownFileType = sourcecode.swift; path = Notifications.swift; sourceTree = "<group>"; };
		8B0B1A7D252B380A00CA58A1 /* Clipboard.swift */ = {isa = PBXFileReference; fileEncoding = 4; lastKnownFileType = sourcecode.swift; path = Clipboard.swift; sourceTree = "<group>"; };
		8B0B1A7F252B380A00CA58A1 /* Date+Extension.swift */ = {isa = PBXFileReference; fileEncoding = 4; lastKnownFileType = sourcecode.swift; path = "Date+Extension.swift"; sourceTree = "<group>"; };
		8B0B1A80252B380A00CA58A1 /* NSWindow+Extension.swift */ = {isa = PBXFileReference; fileEncoding = 4; lastKnownFileType = sourcecode.swift; path = "NSWindow+Extension.swift"; sourceTree = "<group>"; };
		8B0B1A81252B380A00CA58A1 /* IO+unsafeRun.swift */ = {isa = PBXFileReference; fileEncoding = 4; lastKnownFileType = sourcecode.swift; path = "IO+unsafeRun.swift"; sourceTree = "<group>"; };
		8B0B1A82252B380A00CA58A1 /* CarbonStyle+Model.swift */ = {isa = PBXFileReference; fileEncoding = 4; lastKnownFileType = sourcecode.swift; path = "CarbonStyle+Model.swift"; sourceTree = "<group>"; };
		8B0B1A83252B380A00CA58A1 /* URL+Extension.swift */ = {isa = PBXFileReference; fileEncoding = 4; lastKnownFileType = sourcecode.swift; path = "URL+Extension.swift"; sourceTree = "<group>"; };
		8B0B1A84252B380A00CA58A1 /* Data+IO.swift */ = {isa = PBXFileReference; fileEncoding = 4; lastKnownFileType = sourcecode.swift; path = "Data+IO.swift"; sourceTree = "<group>"; };
		8B0B1A85252B380A00CA58A1 /* CarbonStyle+Color.swift */ = {isa = PBXFileReference; fileEncoding = 4; lastKnownFileType = sourcecode.swift; path = "CarbonStyle+Color.swift"; sourceTree = "<group>"; };
		8B0B1A86252B380A00CA58A1 /* DispatchTimeInterval+Extensions.swift */ = {isa = PBXFileReference; fileEncoding = 4; lastKnownFileType = sourcecode.swift; path = "DispatchTimeInterval+Extensions.swift"; sourceTree = "<group>"; };
		8B0B1A87252B380A00CA58A1 /* Result+terminate.swift */ = {isa = PBXFileReference; fileEncoding = 4; lastKnownFileType = sourcecode.swift; path = "Result+terminate.swift"; sourceTree = "<group>"; };
		8B0B1A88252B380A00CA58A1 /* NSView+Layout.swift */ = {isa = PBXFileReference; fileEncoding = 4; lastKnownFileType = sourcecode.swift; path = "NSView+Layout.swift"; sourceTree = "<group>"; };
		8B0B1A8D252B380A00CA58A1 /* DispatchGroup.swift */ = {isa = PBXFileReference; fileEncoding = 4; lastKnownFileType = sourcecode.swift; path = DispatchGroup.swift; sourceTree = "<group>"; };
		8B0B1A8E252B380A00CA58A1 /* Bookmark.swift */ = {isa = PBXFileReference; fileEncoding = 4; lastKnownFileType = sourcecode.swift; path = Bookmark.swift; sourceTree = "<group>"; };
		8B0B1A8F252B380A00CA58A1 /* OpenPanel.swift */ = {isa = PBXFileReference; fileEncoding = 4; lastKnownFileType = sourcecode.swift; path = OpenPanel.swift; sourceTree = "<group>"; };
		8B0B1A90252B380A00CA58A1 /* Assets.xcassets */ = {isa = PBXFileReference; lastKnownFileType = folder.assetcatalog; path = Assets.xcassets; sourceTree = "<group>"; };
		8B0B1A92252B380A00CA58A1 /* MacNotifications.swift */ = {isa = PBXFileReference; fileEncoding = 4; lastKnownFileType = sourcecode.swift; path = MacNotifications.swift; sourceTree = "<group>"; };
		8B0B1A93252B380A00CA58A1 /* MacClipboard.swift */ = {isa = PBXFileReference; fileEncoding = 4; lastKnownFileType = sourcecode.swift; path = MacClipboard.swift; sourceTree = "<group>"; };
		8B0B1A95252B380A00CA58A1 /* ImageNotificationController.swift */ = {isa = PBXFileReference; fileEncoding = 4; lastKnownFileType = sourcecode.swift; path = ImageNotificationController.swift; sourceTree = "<group>"; };
		8B0B1A96252B380A00CA58A1 /* MarkdownPageController.swift */ = {isa = PBXFileReference; fileEncoding = 4; lastKnownFileType = sourcecode.swift; path = MarkdownPageController.swift; sourceTree = "<group>"; };
		8B0B1A97252B380A00CA58A1 /* CarbonController.swift */ = {isa = PBXFileReference; fileEncoding = 4; lastKnownFileType = sourcecode.swift; path = CarbonController.swift; sourceTree = "<group>"; };
		8B0B1A98252B380A00CA58A1 /* PlaygroundBookController.swift */ = {isa = PBXFileReference; fileEncoding = 4; lastKnownFileType = sourcecode.swift; path = PlaygroundBookController.swift; sourceTree = "<group>"; };
		8B0B1A9A252B380A00CA58A1 /* Assembler.swift */ = {isa = PBXFileReference; fileEncoding = 4; lastKnownFileType = sourcecode.swift; path = Assembler.swift; sourceTree = "<group>"; };
		8B0B1A9C252B380B00CA58A1 /* NefNotification.swift */ = {isa = PBXFileReference; fileEncoding = 4; lastKnownFileType = sourcecode.swift; path = NefNotification.swift; sourceTree = "<group>"; };
		8B0B1A9D252B380B00CA58A1 /* NefController.swift */ = {isa = PBXFileReference; fileEncoding = 4; lastKnownFileType = sourcecode.swift; path = NefController.swift; sourceTree = "<group>"; };
		8B0B1A9E252B380B00CA58A1 /* i18n.swift */ = {isa = PBXFileReference; fileEncoding = 4; lastKnownFileType = sourcecode.swift; path = i18n.swift; sourceTree = "<group>"; };
		8B0B1A9F252B380B00CA58A1 /* NefWindow.swift */ = {isa = PBXFileReference; fileEncoding = 4; lastKnownFileType = sourcecode.swift; path = NefWindow.swift; sourceTree = "<group>"; };
		8B0B1AA0252B380B00CA58A1 /* App.swift */ = {isa = PBXFileReference; fileEncoding = 4; lastKnownFileType = sourcecode.swift; path = App.swift; sourceTree = "<group>"; };
		8B0B1AA4252B380B00CA58A1 /* ActionViewModel.swift */ = {isa = PBXFileReference; fileEncoding = 4; lastKnownFileType = sourcecode.swift; path = ActionViewModel.swift; sourceTree = "<group>"; };
		8B0B1AA5252B380B00CA58A1 /* PreferencesViewModel.swift */ = {isa = PBXFileReference; fileEncoding = 4; lastKnownFileType = sourcecode.swift; path = PreferencesViewModel.swift; sourceTree = "<group>"; };
		8B0B1AA6252B380B00CA58A1 /* PreferencesView.swift */ = {isa = PBXFileReference; fileEncoding = 4; lastKnownFileType = sourcecode.swift; path = PreferencesView.swift; sourceTree = "<group>"; };
		8B0B1AA8252B380B00CA58A1 /* PreferencesDataSource.swift */ = {isa = PBXFileReference; fileEncoding = 4; lastKnownFileType = sourcecode.swift; path = PreferencesDataSource.swift; sourceTree = "<group>"; };
		8B0B1AA9252B380B00CA58A1 /* PreferencesModel.swift */ = {isa = PBXFileReference; fileEncoding = 4; lastKnownFileType = sourcecode.swift; path = PreferencesModel.swift; sourceTree = "<group>"; };
		8B0B1AAB252B380B00CA58A1 /* PickerOptionView.swift */ = {isa = PBXFileReference; fileEncoding = 4; lastKnownFileType = sourcecode.swift; path = PickerOptionView.swift; sourceTree = "<group>"; };
		8B0B1AAC252B380B00CA58A1 /* CarbonViewer.swift */ = {isa = PBXFileReference; fileEncoding = 4; lastKnownFileType = sourcecode.swift; path = CarbonViewer.swift; sourceTree = "<group>"; };
		8B0B1AAD252B380B00CA58A1 /* OutputFolderView.swift */ = {isa = PBXFileReference; fileEncoding = 4; lastKnownFileType = sourcecode.swift; path = OutputFolderView.swift; sourceTree = "<group>"; };
		8B0B1AAF252B380B00CA58A1 /* OptionItem.swift */ = {isa = PBXFileReference; fileEncoding = 4; lastKnownFileType = sourcecode.swift; path = OptionItem.swift; sourceTree = "<group>"; };
		8B0B1AB0252B380B00CA58A1 /* CheckOptionView.swift */ = {isa = PBXFileReference; fileEncoding = 4; lastKnownFileType = sourcecode.swift; path = CheckOptionView.swift; sourceTree = "<group>"; };
		8B0B1AB1252B380B00CA58A1 /* ColorOptionView.swift */ = {isa = PBXFileReference; fileEncoding = 4; lastKnownFileType = sourcecode.swift; path = ColorOptionView.swift; sourceTree = "<group>"; };
		8B0B1AB3252B380B00CA58A1 /* PlaygroundBookProgressReport.swift */ = {isa = PBXFileReference; fileEncoding = 4; lastKnownFileType = sourcecode.swift; path = PlaygroundBookProgressReport.swift; sourceTree = "<group>"; };
		8B0B1AB4252B380B00CA58A1 /* ProgressView.swift */ = {isa = PBXFileReference; fileEncoding = 4; lastKnownFileType = sourcecode.swift; path = ProgressView.swift; sourceTree = "<group>"; };
		8B0B1AB5252B380B00CA58A1 /* PlaygroundBookView.swift */ = {isa = PBXFileReference; fileEncoding = 4; lastKnownFileType = sourcecode.swift; path = PlaygroundBookView.swift; sourceTree = "<group>"; };
		8B0B1AB7252B380B00CA58A1 /* AboutView.swift */ = {isa = PBXFileReference; fileEncoding = 4; lastKnownFileType = sourcecode.swift; path = AboutView.swift; sourceTree = "<group>"; };
		8B0B1AB8252B380B00CA58A1 /* FixedToggle.swift */ = {isa = PBXFileReference; fileEncoding = 4; lastKnownFileType = sourcecode.swift; path = FixedToggle.swift; sourceTree = "<group>"; };
		8B0B1AB9252B380B00CA58A1 /* InstallStepView.swift */ = {isa = PBXFileReference; fileEncoding = 4; lastKnownFileType = sourcecode.swift; path = InstallStepView.swift; sourceTree = "<group>"; };
		8B0B1ABB252B380B00CA58A1 /* SeparatorView.swift */ = {isa = PBXFileReference; fileEncoding = 4; lastKnownFileType = sourcecode.swift; path = SeparatorView.swift; sourceTree = "<group>"; };
		8B0B1ABC252B380B00CA58A1 /* ImageButton.swift */ = {isa = PBXFileReference; fileEncoding = 4; lastKnownFileType = sourcecode.swift; path = ImageButton.swift; sourceTree = "<group>"; };
		8B0B1ABD252B380B00CA58A1 /* LoadingView.swift */ = {isa = PBXFileReference; fileEncoding = 4; lastKnownFileType = sourcecode.swift; path = LoadingView.swift; sourceTree = "<group>"; };
		8B0B1AC1252B380B00CA58A1 /* Command.swift */ = {isa = PBXFileReference; fileEncoding = 4; lastKnownFileType = sourcecode.swift; path = Command.swift; sourceTree = "<group>"; };
		8B0B1AC2252B380B00CA58A1 /* AppDelegate.swift */ = {isa = PBXFileReference; fileEncoding = 4; lastKnownFileType = sourcecode.swift; path = AppDelegate.swift; sourceTree = "<group>"; };
		8B0B1AC4252B380B00CA58A1 /* AppDelegate+Notifications.swift */ = {isa = PBXFileReference; fileEncoding = 4; lastKnownFileType = sourcecode.swift; path = "AppDelegate+Notifications.swift"; sourceTree = "<group>"; };
		8B0B1AC6252B380B00CA58A1 /* nef-appstore.entitlements */ = {isa = PBXFileReference; fileEncoding = 4; lastKnownFileType = text.plist.entitlements; path = "nef-appstore.entitlements"; sourceTree = "<group>"; };
		8B0B1AC7252B380B00CA58A1 /* nef.entitlements */ = {isa = PBXFileReference; fileEncoding = 4; lastKnownFileType = text.plist.entitlements; path = nef.entitlements; sourceTree = "<group>"; };
		8B0B1AC8252B380B00CA58A1 /* Info.plist */ = {isa = PBXFileReference; fileEncoding = 4; lastKnownFileType = text.plist.xml; path = Info.plist; sourceTree = "<group>"; };
		8B0B1B0D252B386A00CA58A1 /* Base */ = {isa = PBXFileReference; lastKnownFileType = file.storyboard; name = Base; path = Base.lproj/Main.storyboard; sourceTree = "<group>"; };
		8B0B1B1B252B389000CA58A1 /* en */ = {isa = PBXFileReference; lastKnownFileType = text.plist.strings; name = en; path = en.lproj/Main.strings; sourceTree = "<group>"; };
		8B0B1B1C252B389300CA58A1 /* es */ = {isa = PBXFileReference; lastKnownFileType = text.plist.strings; name = es; path = es.lproj/Main.strings; sourceTree = "<group>"; };
		8B0B1B49252B3BCF00CA58A1 /* en */ = {isa = PBXFileReference; lastKnownFileType = text.plist.strings; name = en; path = en.lproj/Localizable.strings; sourceTree = "<group>"; };
		8B0B1B4B252B3BCF00CA58A1 /* en */ = {isa = PBXFileReference; lastKnownFileType = text.plist.stringsdict; name = en; path = en.lproj/Localizable.stringsdict; sourceTree = "<group>"; };
/* End PBXFileReference section */

/* Begin PBXFrameworksBuildPhase section */
		8B0B1975252B2EFA00CA58A1 /* Frameworks */ = {
			isa = PBXFrameworksBuildPhase;
			buildActionMask = 2147483647;
			files = (
				8B0B1B14252B387B00CA58A1 /* nef in Frameworks */,
				8B0B1B15252B387B00CA58A1 /* libSourceEditorModels.a in Frameworks */,
				8B0B1B18252B387B00CA58A1 /* libSourceEditorUtils.a in Frameworks */,
			);
			runOnlyForDeploymentPostprocessing = 0;
		};
		8B0B1990252B2F1C00CA58A1 /* Frameworks */ = {
			isa = PBXFrameworksBuildPhase;
			buildActionMask = 2147483647;
			files = (
				8B0B1A47252B368E00CA58A1 /* libSourceEditorUtils.a in Frameworks */,
				8B0B1B41252B3A5F00CA58A1 /* XcodeKit.framework in Frameworks */,
				8B0B1A42252B368A00CA58A1 /* libSourceEditorModels.a in Frameworks */,
				8B0B1A39252B367800CA58A1 /* nef in Frameworks */,
			);
			runOnlyForDeploymentPostprocessing = 0;
		};
		8B0B19F4252B356B00CA58A1 /* Frameworks */ = {
			isa = PBXFrameworksBuildPhase;
			buildActionMask = 2147483647;
			files = (
			);
			runOnlyForDeploymentPostprocessing = 0;
		};
		8B0B1A04252B357400CA58A1 /* Frameworks */ = {
			isa = PBXFrameworksBuildPhase;
			buildActionMask = 2147483647;
			files = (
			);
			runOnlyForDeploymentPostprocessing = 0;
		};
/* End PBXFrameworksBuildPhase section */

/* Begin PBXGroup section */
		8B0B196F252B2EFA00CA58A1 = {
			isa = PBXGroup;
			children = (
				8B0B19D6252B34C000CA58A1 /* Config */,
				8B0B197A252B2EFA00CA58A1 /* nef */,
				8B0B1999252B2F1C00CA58A1 /* nef-plugin */,
				8B0B19F7252B356B00CA58A1 /* nef-models */,
				8B0B1A07252B357400CA58A1 /* nef-utils */,
				8B0B1B47252B3BCF00CA58A1 /* Support Files */,
				8B0B1994252B2F1C00CA58A1 /* Frameworks */,
				8B0B1979252B2EFA00CA58A1 /* Products */,
			);
			sourceTree = "<group>";
		};
		8B0B1979252B2EFA00CA58A1 /* Products */ = {
			isa = PBXGroup;
			children = (
				8B0B1978252B2EFA00CA58A1 /* nef.app */,
				8B0B1993252B2F1C00CA58A1 /* nef-plugin.appex */,
				8B0B19F6252B356B00CA58A1 /* libSourceEditorModels.a */,
				8B0B1A06252B357400CA58A1 /* libSourceEditorUtils.a */,
			);
			name = Products;
			sourceTree = "<group>";
		};
		8B0B197A252B2EFA00CA58A1 /* nef */ = {
			isa = PBXGroup;
			children = (
				8B0B1AA0252B380B00CA58A1 /* App.swift */,
				8B0B1AC2252B380B00CA58A1 /* AppDelegate.swift */,
				8B0B1AC4252B380B00CA58A1 /* AppDelegate+Notifications.swift */,
				8B0B1A9A252B380A00CA58A1 /* Assembler.swift */,
				8B0B1AC1252B380B00CA58A1 /* Command.swift */,
				8B0B1B0C252B386A00CA58A1 /* Main.storyboard */,
				8B0B1AA1252B380B00CA58A1 /* App */,
				8B0B1A7B252B380A00CA58A1 /* Algebras */,
				8B0B1A91252B380A00CA58A1 /* Instances */,
				8B0B1A94252B380A00CA58A1 /* Controllers */,
				8B0B1A9B252B380A00CA58A1 /* Models */,
				8B0B1AC5252B380B00CA58A1 /* Support Files */,
				8B0B1A90252B380A00CA58A1 /* Assets.xcassets */,
				8B0B1A7E252B380A00CA58A1 /* Extensions */,
				8B0B1A8C252B380A00CA58A1 /* Utils */,
			);
			path = nef;
			sourceTree = "<group>";
		};
		8B0B1994252B2F1C00CA58A1 /* Frameworks */ = {
			isa = PBXGroup;
			children = (
				8B0B1995252B2F1C00CA58A1 /* Cocoa.framework */,
				8B0B1997252B2F1C00CA58A1 /* XcodeKit.framework */,
			);
			name = Frameworks;
			sourceTree = "<group>";
		};
		8B0B1999252B2F1C00CA58A1 /* nef-plugin */ = {
			isa = PBXGroup;
			children = (
				8B0B199A252B2F1C00CA58A1 /* SourceEditorExtension.swift */,
				8B0B199C252B2F1C00CA58A1 /* SourceEditorCommand.swift */,
				8B0B1A57252B36CD00CA58A1 /* AppScheme.swift */,
				8B0B1A58252B36CD00CA58A1 /* EditorModel.swift */,
				8B0B1A51252B36CD00CA58A1 /* EditorError.swift */,
				8B0B1A59252B36CD00CA58A1 /* Extensions */,
				8B0B1A53252B36CD00CA58A1 /* Support Files */,
			);
			path = "nef-plugin";
			sourceTree = "<group>";
		};
		8B0B19D6252B34C000CA58A1 /* Config */ = {
			isa = PBXGroup;
			children = (
				8B0B19D7252B34C000CA58A1 /* nef */,
				8B0B19DA252B34C000CA58A1 /* nef-plugin */,
				8B0B19DD252B34C000CA58A1 /* project-appstore.xcconfig */,
				8B0B19DE252B34C000CA58A1 /* project-shared.xcconfig */,
				8B0B19DF252B34C000CA58A1 /* project.xcconfig */,
			);
			path = Config;
			sourceTree = "<group>";
		};
		8B0B19D7252B34C000CA58A1 /* nef */ = {
			isa = PBXGroup;
			children = (
				8B0B19D8252B34C000CA58A1 /* nef-appstore.xcconfig */,
				8B0B19D9252B34C000CA58A1 /* nef.xcconfig */,
			);
			path = nef;
			sourceTree = "<group>";
		};
		8B0B19DA252B34C000CA58A1 /* nef-plugin */ = {
			isa = PBXGroup;
			children = (
				8B0B19DB252B34C000CA58A1 /* nef-plugin.xcconfig */,
				8B0B19DC252B34C000CA58A1 /* nef-plugin-appstore.xcconfig */,
			);
			path = "nef-plugin";
			sourceTree = "<group>";
		};
		8B0B19F7252B356B00CA58A1 /* nef-models */ = {
			isa = PBXGroup;
			children = (
				8B0B1A27252B35B600CA58A1 /* MenuEditorCommand.swift */,
				8B0B1A2D252B35BD00CA58A1 /* MenuEditorCommand+URLQueryItem.swift */,
			);
			path = "nef-models";
			sourceTree = "<group>";
		};
		8B0B1A07252B357400CA58A1 /* nef-utils */ = {
			isa = PBXGroup;
			children = (
				8B0B1A13252B359200CA58A1 /* Browser.swift */,
				8B0B1A1D252B359C00CA58A1 /* Reachability.swift */,
			);
			path = "nef-utils";
			sourceTree = "<group>";
		};
		8B0B1A53252B36CD00CA58A1 /* Support Files */ = {
			isa = PBXGroup;
			children = (
				8B0B1A54252B36CD00CA58A1 /* nef-plugin-appstore.entitlements */,
				8B0B1A55252B36CD00CA58A1 /* nef-plugin.entitlements */,
				8B0B1A56252B36CD00CA58A1 /* Info.plist */,
			);
			path = "Support Files";
			sourceTree = "<group>";
		};
		8B0B1A59252B36CD00CA58A1 /* Extensions */ = {
			isa = PBXGroup;
			children = (
				8B0B1A5A252B36CD00CA58A1 /* Bundle+Extensions.swift */,
			);
			path = Extensions;
			sourceTree = "<group>";
		};
		8B0B1A7B252B380A00CA58A1 /* Algebras */ = {
			isa = PBXGroup;
			children = (
				8B0B1A7C252B380A00CA58A1 /* Notifications.swift */,
				8B0B1A7D252B380A00CA58A1 /* Clipboard.swift */,
			);
			path = Algebras;
			sourceTree = "<group>";
		};
		8B0B1A7E252B380A00CA58A1 /* Extensions */ = {
			isa = PBXGroup;
			children = (
				8B0B1A7F252B380A00CA58A1 /* Date+Extension.swift */,
				8B0B1A80252B380A00CA58A1 /* NSWindow+Extension.swift */,
				8B0B1A81252B380A00CA58A1 /* IO+unsafeRun.swift */,
				8B0B1A82252B380A00CA58A1 /* CarbonStyle+Model.swift */,
				8B0B1A83252B380A00CA58A1 /* URL+Extension.swift */,
				8B0B1A84252B380A00CA58A1 /* Data+IO.swift */,
				8B0B1A85252B380A00CA58A1 /* CarbonStyle+Color.swift */,
				8B0B1A86252B380A00CA58A1 /* DispatchTimeInterval+Extensions.swift */,
				8B0B1A87252B380A00CA58A1 /* Result+terminate.swift */,
				8B0B1A88252B380A00CA58A1 /* NSView+Layout.swift */,
			);
			path = Extensions;
			sourceTree = "<group>";
		};
		8B0B1A8C252B380A00CA58A1 /* Utils */ = {
			isa = PBXGroup;
			children = (
				8B0B1A8D252B380A00CA58A1 /* DispatchGroup.swift */,
				8B0B1A8E252B380A00CA58A1 /* Bookmark.swift */,
				8B0B1A8F252B380A00CA58A1 /* OpenPanel.swift */,
			);
			path = Utils;
			sourceTree = "<group>";
		};
		8B0B1A91252B380A00CA58A1 /* Instances */ = {
			isa = PBXGroup;
			children = (
				8B0B1A92252B380A00CA58A1 /* MacNotifications.swift */,
				8B0B1A93252B380A00CA58A1 /* MacClipboard.swift */,
			);
			path = Instances;
			sourceTree = "<group>";
		};
		8B0B1A94252B380A00CA58A1 /* Controllers */ = {
			isa = PBXGroup;
			children = (
				8B0B1A95252B380A00CA58A1 /* ImageNotificationController.swift */,
				8B0B1A96252B380A00CA58A1 /* MarkdownPageController.swift */,
				8B0B1A97252B380A00CA58A1 /* CarbonController.swift */,
				8B0B1A98252B380A00CA58A1 /* PlaygroundBookController.swift */,
			);
			path = Controllers;
			sourceTree = "<group>";
		};
		8B0B1A9B252B380A00CA58A1 /* Models */ = {
			isa = PBXGroup;
			children = (
				8B0B1A9C252B380B00CA58A1 /* NefNotification.swift */,
				8B0B1A9D252B380B00CA58A1 /* NefController.swift */,
				8B0B1A9E252B380B00CA58A1 /* i18n.swift */,
				8B0B1A9F252B380B00CA58A1 /* NefWindow.swift */,
			);
			path = Models;
			sourceTree = "<group>";
		};
		8B0B1AA1252B380B00CA58A1 /* App */ = {
			isa = PBXGroup;
			children = (
				8B0B1AA2252B380B00CA58A1 /* Preferences */,
				8B0B1AB2252B380B00CA58A1 /* PlaygroundBook */,
				8B0B1AB6252B380B00CA58A1 /* About */,
				8B0B1ABA252B380B00CA58A1 /* Theme */,
			);
			path = App;
			sourceTree = "<group>";
		};
		8B0B1AA2252B380B00CA58A1 /* Preferences */ = {
			isa = PBXGroup;
			children = (
				8B0B1AA3252B380B00CA58A1 /* ViewModels */,
				8B0B1AA6252B380B00CA58A1 /* PreferencesView.swift */,
				8B0B1AA7252B380B00CA58A1 /* Data */,
				8B0B1AAA252B380B00CA58A1 /* Views */,
			);
			path = Preferences;
			sourceTree = "<group>";
		};
		8B0B1AA3252B380B00CA58A1 /* ViewModels */ = {
			isa = PBXGroup;
			children = (
				8B0B1AA4252B380B00CA58A1 /* ActionViewModel.swift */,
				8B0B1AA5252B380B00CA58A1 /* PreferencesViewModel.swift */,
			);
			path = ViewModels;
			sourceTree = "<group>";
		};
		8B0B1AA7252B380B00CA58A1 /* Data */ = {
			isa = PBXGroup;
			children = (
				8B0B1AA8252B380B00CA58A1 /* PreferencesDataSource.swift */,
				8B0B1AA9252B380B00CA58A1 /* PreferencesModel.swift */,
			);
			path = Data;
			sourceTree = "<group>";
		};
		8B0B1AAA252B380B00CA58A1 /* Views */ = {
			isa = PBXGroup;
			children = (
				8B0B1AAB252B380B00CA58A1 /* PickerOptionView.swift */,
				8B0B1AAC252B380B00CA58A1 /* CarbonViewer.swift */,
				8B0B1AAD252B380B00CA58A1 /* OutputFolderView.swift */,
				8B0B1AAE252B380B00CA58A1 /* Models */,
				8B0B1AB0252B380B00CA58A1 /* CheckOptionView.swift */,
				8B0B1AB1252B380B00CA58A1 /* ColorOptionView.swift */,
			);
			path = Views;
			sourceTree = "<group>";
		};
		8B0B1AAE252B380B00CA58A1 /* Models */ = {
			isa = PBXGroup;
			children = (
				8B0B1AAF252B380B00CA58A1 /* OptionItem.swift */,
			);
			path = Models;
			sourceTree = "<group>";
		};
		8B0B1AB2252B380B00CA58A1 /* PlaygroundBook */ = {
			isa = PBXGroup;
			children = (
				8B0B1AB3252B380B00CA58A1 /* PlaygroundBookProgressReport.swift */,
				8B0B1AB4252B380B00CA58A1 /* ProgressView.swift */,
				8B0B1AB5252B380B00CA58A1 /* PlaygroundBookView.swift */,
			);
			path = PlaygroundBook;
			sourceTree = "<group>";
		};
		8B0B1AB6252B380B00CA58A1 /* About */ = {
			isa = PBXGroup;
			children = (
				8B0B1AB7252B380B00CA58A1 /* AboutView.swift */,
				8B0B1AB8252B380B00CA58A1 /* FixedToggle.swift */,
				8B0B1AB9252B380B00CA58A1 /* InstallStepView.swift */,
			);
			path = About;
			sourceTree = "<group>";
		};
		8B0B1ABA252B380B00CA58A1 /* Theme */ = {
			isa = PBXGroup;
			children = (
				8B0B1ABB252B380B00CA58A1 /* SeparatorView.swift */,
				8B0B1ABC252B380B00CA58A1 /* ImageButton.swift */,
				8B0B1ABD252B380B00CA58A1 /* LoadingView.swift */,
			);
			path = Theme;
			sourceTree = "<group>";
		};
		8B0B1AC5252B380B00CA58A1 /* Support Files */ = {
			isa = PBXGroup;
			children = (
				8B0B1AC6252B380B00CA58A1 /* nef-appstore.entitlements */,
				8B0B1AC7252B380B00CA58A1 /* nef.entitlements */,
				8B0B1AC8252B380B00CA58A1 /* Info.plist */,
			);
			path = "Support Files";
			sourceTree = "<group>";
		};
		8B0B1B47252B3BCF00CA58A1 /* Support Files */ = {
			isa = PBXGroup;
			children = (
				8B0B1B48252B3BCF00CA58A1 /* Localizable.strings */,
				8B0B1B4A252B3BCF00CA58A1 /* Localizable.stringsdict */,
			);
			path = "Support Files";
			sourceTree = "<group>";
		};
/* End PBXGroup section */

/* Begin PBXHeadersBuildPhase section */
		8B0B19F2252B356B00CA58A1 /* Headers */ = {
			isa = PBXHeadersBuildPhase;
			buildActionMask = 2147483647;
			files = (
			);
			runOnlyForDeploymentPostprocessing = 0;
		};
		8B0B1A02252B357400CA58A1 /* Headers */ = {
			isa = PBXHeadersBuildPhase;
			buildActionMask = 2147483647;
			files = (
			);
			runOnlyForDeploymentPostprocessing = 0;
		};
/* End PBXHeadersBuildPhase section */

/* Begin PBXNativeTarget section */
		8B0B1977252B2EFA00CA58A1 /* nef */ = {
			isa = PBXNativeTarget;
			buildConfigurationList = 8B0B198B252B2EFB00CA58A1 /* Build configuration list for PBXNativeTarget "nef" */;
			buildPhases = (
				8B0B1974252B2EFA00CA58A1 /* Sources */,
				8B0B1975252B2EFA00CA58A1 /* Frameworks */,
				8B0B1976252B2EFA00CA58A1 /* Resources */,
				8B0B19A6252B2F1C00CA58A1 /* Embed App Extensions */,
			);
			buildRules = (
			);
			dependencies = (
				8B0B19A1252B2F1C00CA58A1 /* PBXTargetDependency */,
				8B0B1B17252B387B00CA58A1 /* PBXTargetDependency */,
				8B0B1B1A252B387B00CA58A1 /* PBXTargetDependency */,
			);
			name = nef;
			packageProductDependencies = (
				8B0B1B13252B387B00CA58A1 /* nef */,
			);
			productName = nef;
			productReference = 8B0B1978252B2EFA00CA58A1 /* nef.app */;
			productType = "com.apple.product-type.application";
		};
		8B0B1992252B2F1C00CA58A1 /* nef-plugin */ = {
			isa = PBXNativeTarget;
			buildConfigurationList = 8B0B19A3252B2F1C00CA58A1 /* Build configuration list for PBXNativeTarget "nef-plugin" */;
			buildPhases = (
				8B0B198F252B2F1C00CA58A1 /* Sources */,
				8B0B1990252B2F1C00CA58A1 /* Frameworks */,
				8B0B1991252B2F1C00CA58A1 /* Resources */,
				8B0B1B43252B3A5F00CA58A1 /* Embed Frameworks */,
			);
			buildRules = (
			);
			dependencies = (
			);
			name = "nef-plugin";
			packageProductDependencies = (
				8B0B1A38252B367800CA58A1 /* nef */,
			);
			productName = "nef-plugin";
			productReference = 8B0B1993252B2F1C00CA58A1 /* nef-plugin.appex */;
			productType = "com.apple.product-type.xcode-extension";
		};
		8B0B19F5252B356B00CA58A1 /* nef-models */ = {
			isa = PBXNativeTarget;
			buildConfigurationList = 8B0B19FC252B356B00CA58A1 /* Build configuration list for PBXNativeTarget "nef-models" */;
			buildPhases = (
				8B0B19F2252B356B00CA58A1 /* Headers */,
				8B0B19F3252B356B00CA58A1 /* Sources */,
				8B0B19F4252B356B00CA58A1 /* Frameworks */,
			);
			buildRules = (
			);
			dependencies = (
			);
			name = "nef-models";
			productName = "nef-models";
			productReference = 8B0B19F6252B356B00CA58A1 /* libSourceEditorModels.a */;
			productType = "com.apple.product-type.library.static";
		};
		8B0B1A05252B357400CA58A1 /* nef-utils */ = {
			isa = PBXNativeTarget;
			buildConfigurationList = 8B0B1A0C252B357400CA58A1 /* Build configuration list for PBXNativeTarget "nef-utils" */;
			buildPhases = (
				8B0B1A02252B357400CA58A1 /* Headers */,
				8B0B1A03252B357400CA58A1 /* Sources */,
				8B0B1A04252B357400CA58A1 /* Frameworks */,
			);
			buildRules = (
			);
			dependencies = (
			);
			name = "nef-utils";
			productName = "nef-utils";
			productReference = 8B0B1A06252B357400CA58A1 /* libSourceEditorUtils.a */;
			productType = "com.apple.product-type.library.static";
		};
/* End PBXNativeTarget section */

/* Begin PBXProject section */
		8B0B1970252B2EFA00CA58A1 /* Project object */ = {
			isa = PBXProject;
			attributes = {
				LastSwiftUpdateCheck = 1200;
				LastUpgradeCheck = 1200;
				TargetAttributes = {
					8B0B1977252B2EFA00CA58A1 = {
						CreatedOnToolsVersion = 12.0.1;
					};
					8B0B1992252B2F1C00CA58A1 = {
						CreatedOnToolsVersion = 12.0.1;
					};
					8B0B19F5252B356B00CA58A1 = {
						CreatedOnToolsVersion = 12.0.1;
						LastSwiftMigration = 1200;
					};
					8B0B1A05252B357400CA58A1 = {
						CreatedOnToolsVersion = 12.0.1;
					};
				};
			};
			buildConfigurationList = 8B0B1973252B2EFA00CA58A1 /* Build configuration list for PBXProject "nef-plugin" */;
			compatibilityVersion = "Xcode 9.3";
			developmentRegion = en;
			hasScannedForEncodings = 0;
			knownRegions = (
				en,
				Base,
				es,
			);
			mainGroup = 8B0B196F252B2EFA00CA58A1;
			packageReferences = (
				8B0B1A37252B367800CA58A1 /* XCRemoteSwiftPackageReference "nef" */,
			);
			productRefGroup = 8B0B1979252B2EFA00CA58A1 /* Products */;
			projectDirPath = "";
			projectRoot = "";
			targets = (
				8B0B1977252B2EFA00CA58A1 /* nef */,
				8B0B1992252B2F1C00CA58A1 /* nef-plugin */,
				8B0B19F5252B356B00CA58A1 /* nef-models */,
				8B0B1A05252B357400CA58A1 /* nef-utils */,
			);
		};
/* End PBXProject section */

/* Begin PBXResourcesBuildPhase section */
		8B0B1976252B2EFA00CA58A1 /* Resources */ = {
			isa = PBXResourcesBuildPhase;
			buildActionMask = 2147483647;
			files = (
				8B0B19E1252B34C000CA58A1 /* nef.xcconfig in Resources */,
				8B0B1B0E252B386A00CA58A1 /* Main.storyboard in Resources */,
				8B0B19E0252B34C000CA58A1 /* nef-appstore.xcconfig in Resources */,
				8B0B1B4E252B3BCF00CA58A1 /* Localizable.stringsdict in Resources */,
				8B0B19E4252B34C000CA58A1 /* project-appstore.xcconfig in Resources */,
				8B0B1AD9252B380B00CA58A1 /* Assets.xcassets in Resources */,
				8B0B1B4D252B3BCF00CA58A1 /* Localizable.strings in Resources */,
				8B0B19E5252B34C000CA58A1 /* project-shared.xcconfig in Resources */,
				8B0B19E6252B34C000CA58A1 /* project.xcconfig in Resources */,
				8B0B19E2252B34C000CA58A1 /* nef-plugin.xcconfig in Resources */,
				8B0B19E3252B34C000CA58A1 /* nef-plugin-appstore.xcconfig in Resources */,
			);
			runOnlyForDeploymentPostprocessing = 0;
		};
		8B0B1991252B2F1C00CA58A1 /* Resources */ = {
			isa = PBXResourcesBuildPhase;
			buildActionMask = 2147483647;
			files = (
			);
			runOnlyForDeploymentPostprocessing = 0;
		};
/* End PBXResourcesBuildPhase section */

/* Begin PBXSourcesBuildPhase section */
		8B0B1974252B2EFA00CA58A1 /* Sources */ = {
			isa = PBXSourcesBuildPhase;
			buildActionMask = 2147483647;
			files = (
				8B0B1ADF252B380B00CA58A1 /* PlaygroundBookController.swift in Sources */,
				8B0B1AE4252B380B00CA58A1 /* i18n.swift in Sources */,
				8B0B1ACB252B380B00CA58A1 /* Date+Extension.swift in Sources */,
				8B0B1AF1252B380B00CA58A1 /* ColorOptionView.swift in Sources */,
				8B0B1AF5252B380B00CA58A1 /* AboutView.swift in Sources */,
				8B0B1AE6252B380B00CA58A1 /* App.swift in Sources */,
				8B0B1AF3252B380B00CA58A1 /* ProgressView.swift in Sources */,
				8B0B1AE3252B380B00CA58A1 /* NefController.swift in Sources */,
				8B0B1AFD252B380B00CA58A1 /* AppDelegate.swift in Sources */,
				8B0B1ADB252B380B00CA58A1 /* MacClipboard.swift in Sources */,
				8B0B1AEC252B380B00CA58A1 /* PickerOptionView.swift in Sources */,
				8B0B1AE2252B380B00CA58A1 /* NefNotification.swift in Sources */,
				8B0B1AC9252B380B00CA58A1 /* Notifications.swift in Sources */,
				8B0B1AF0252B380B00CA58A1 /* CheckOptionView.swift in Sources */,
				8B0B1AEA252B380B00CA58A1 /* PreferencesDataSource.swift in Sources */,
				8B0B1AE9252B380B00CA58A1 /* PreferencesView.swift in Sources */,
				8B0B1AFC252B380B00CA58A1 /* Command.swift in Sources */,
				8B0B1AD8252B380B00CA58A1 /* OpenPanel.swift in Sources */,
				8B0B1AED252B380B00CA58A1 /* CarbonViewer.swift in Sources */,
				8B0B1AF4252B380B00CA58A1 /* PlaygroundBookView.swift in Sources */,
				8B0B1AEF252B380B00CA58A1 /* OptionItem.swift in Sources */,
				8B0B1AD3252B380B00CA58A1 /* Result+terminate.swift in Sources */,
				8B0B1ADE252B380B00CA58A1 /* CarbonController.swift in Sources */,
				8B0B1ACA252B380B00CA58A1 /* Clipboard.swift in Sources */,
				8B0B1ADD252B380B00CA58A1 /* MarkdownPageController.swift in Sources */,
				8B0B1AF9252B380B00CA58A1 /* ImageButton.swift in Sources */,
				8B0B1AEE252B380B00CA58A1 /* OutputFolderView.swift in Sources */,
				8B0B1ACE252B380B00CA58A1 /* CarbonStyle+Model.swift in Sources */,
				8B0B1AEB252B380B00CA58A1 /* PreferencesModel.swift in Sources */,
				8B0B1ACF252B380B00CA58A1 /* URL+Extension.swift in Sources */,
				8B0B1ACD252B380B00CA58A1 /* IO+unsafeRun.swift in Sources */,
				8B0B1AE5252B380B00CA58A1 /* NefWindow.swift in Sources */,
				8B0B1AE8252B380B00CA58A1 /* PreferencesViewModel.swift in Sources */,
				8B0B1ADC252B380B00CA58A1 /* ImageNotificationController.swift in Sources */,
				8B0B1AD2252B380B00CA58A1 /* DispatchTimeInterval+Extensions.swift in Sources */,
				8B0B1AF6252B380B00CA58A1 /* FixedToggle.swift in Sources */,
				8B0B1AD4252B380B00CA58A1 /* NSView+Layout.swift in Sources */,
				8B0B1AE1252B380B00CA58A1 /* Assembler.swift in Sources */,
				8B0B1AD1252B380B00CA58A1 /* CarbonStyle+Color.swift in Sources */,
				8B0B1AF2252B380B00CA58A1 /* PlaygroundBookProgressReport.swift in Sources */,
				8B0B1ADA252B380B00CA58A1 /* MacNotifications.swift in Sources */,
				8B0B1AFE252B380B00CA58A1 /* AppDelegate+Notifications.swift in Sources */,
				8B0B1AD0252B380B00CA58A1 /* Data+IO.swift in Sources */,
				8B0B1AF7252B380B00CA58A1 /* InstallStepView.swift in Sources */,
				8B0B1AFA252B380B00CA58A1 /* LoadingView.swift in Sources */,
				8B0B1AF8252B380B00CA58A1 /* SeparatorView.swift in Sources */,
				8B0B1ACC252B380B00CA58A1 /* NSWindow+Extension.swift in Sources */,
				8B0B1AE7252B380B00CA58A1 /* ActionViewModel.swift in Sources */,
				8B0B1AD6252B380B00CA58A1 /* DispatchGroup.swift in Sources */,
				8B0B1AD7252B380B00CA58A1 /* Bookmark.swift in Sources */,
			);
			runOnlyForDeploymentPostprocessing = 0;
		};
		8B0B198F252B2F1C00CA58A1 /* Sources */ = {
			isa = PBXSourcesBuildPhase;
			buildActionMask = 2147483647;
			files = (
				8B0B1A60252B36CD00CA58A1 /* EditorModel.swift in Sources */,
				8B0B199B252B2F1C00CA58A1 /* SourceEditorExtension.swift in Sources */,
				8B0B199D252B2F1C00CA58A1 /* SourceEditorCommand.swift in Sources */,
				8B0B1A5F252B36CD00CA58A1 /* AppScheme.swift in Sources */,
				8B0B1A5C252B36CD00CA58A1 /* EditorError.swift in Sources */,
				8B0B1A61252B36CD00CA58A1 /* Bundle+Extensions.swift in Sources */,
			);
			runOnlyForDeploymentPostprocessing = 0;
		};
		8B0B19F3252B356B00CA58A1 /* Sources */ = {
			isa = PBXSourcesBuildPhase;
			buildActionMask = 2147483647;
			files = (
				8B0B1A28252B35B600CA58A1 /* MenuEditorCommand.swift in Sources */,
				8B0B1A2E252B35BD00CA58A1 /* MenuEditorCommand+URLQueryItem.swift in Sources */,
			);
			runOnlyForDeploymentPostprocessing = 0;
		};
		8B0B1A03252B357400CA58A1 /* Sources */ = {
			isa = PBXSourcesBuildPhase;
			buildActionMask = 2147483647;
			files = (
				8B0B1A1E252B359C00CA58A1 /* Reachability.swift in Sources */,
				8B0B1A14252B359200CA58A1 /* Browser.swift in Sources */,
			);
			runOnlyForDeploymentPostprocessing = 0;
		};
/* End PBXSourcesBuildPhase section */

/* Begin PBXTargetDependency section */
		8B0B19A1252B2F1C00CA58A1 /* PBXTargetDependency */ = {
			isa = PBXTargetDependency;
			target = 8B0B1992252B2F1C00CA58A1 /* nef-plugin */;
			targetProxy = 8B0B19A0252B2F1C00CA58A1 /* PBXContainerItemProxy */;
		};
		8B0B1B17252B387B00CA58A1 /* PBXTargetDependency */ = {
			isa = PBXTargetDependency;
			target = 8B0B19F5252B356B00CA58A1 /* nef-models */;
			targetProxy = 8B0B1B16252B387B00CA58A1 /* PBXContainerItemProxy */;
		};
		8B0B1B1A252B387B00CA58A1 /* PBXTargetDependency */ = {
			isa = PBXTargetDependency;
			target = 8B0B1A05252B357400CA58A1 /* nef-utils */;
			targetProxy = 8B0B1B19252B387B00CA58A1 /* PBXContainerItemProxy */;
		};
/* End PBXTargetDependency section */

/* Begin PBXVariantGroup section */
		8B0B1B0C252B386A00CA58A1 /* Main.storyboard */ = {
			isa = PBXVariantGroup;
			children = (
				8B0B1B0D252B386A00CA58A1 /* Base */,
				8B0B1B1B252B389000CA58A1 /* en */,
				8B0B1B1C252B389300CA58A1 /* es */,
			);
			name = Main.storyboard;
			sourceTree = "<group>";
		};
		8B0B1B48252B3BCF00CA58A1 /* Localizable.strings */ = {
			isa = PBXVariantGroup;
			children = (
				8B0B1B49252B3BCF00CA58A1 /* en */,
			);
			name = Localizable.strings;
			sourceTree = "<group>";
		};
		8B0B1B4A252B3BCF00CA58A1 /* Localizable.stringsdict */ = {
			isa = PBXVariantGroup;
			children = (
				8B0B1B4B252B3BCF00CA58A1 /* en */,
			);
			name = Localizable.stringsdict;
			sourceTree = "<group>";
		};
/* End PBXVariantGroup section */

/* Begin XCBuildConfiguration section */
		8B0B1989252B2EFB00CA58A1 /* Debug */ = {
			isa = XCBuildConfiguration;
			baseConfigurationReference = 8B0B19DF252B34C000CA58A1 /* project.xcconfig */;
			buildSettings = {
				ALWAYS_SEARCH_USER_PATHS = NO;
				CLANG_ANALYZER_NONNULL = YES;
				CLANG_ANALYZER_NUMBER_OBJECT_CONVERSION = YES_AGGRESSIVE;
				CLANG_CXX_LANGUAGE_STANDARD = "gnu++14";
				CLANG_CXX_LIBRARY = "libc++";
				CLANG_ENABLE_MODULES = YES;
				CLANG_ENABLE_OBJC_ARC = YES;
				CLANG_ENABLE_OBJC_WEAK = YES;
				CLANG_WARN_BLOCK_CAPTURE_AUTORELEASING = YES;
				CLANG_WARN_BOOL_CONVERSION = YES;
				CLANG_WARN_COMMA = YES;
				CLANG_WARN_CONSTANT_CONVERSION = YES;
				CLANG_WARN_DEPRECATED_OBJC_IMPLEMENTATIONS = YES;
				CLANG_WARN_DIRECT_OBJC_ISA_USAGE = YES_ERROR;
				CLANG_WARN_DOCUMENTATION_COMMENTS = YES;
				CLANG_WARN_EMPTY_BODY = YES;
				CLANG_WARN_ENUM_CONVERSION = YES;
				CLANG_WARN_INFINITE_RECURSION = YES;
				CLANG_WARN_INT_CONVERSION = YES;
				CLANG_WARN_NON_LITERAL_NULL_CONVERSION = YES;
				CLANG_WARN_OBJC_IMPLICIT_RETAIN_SELF = YES;
				CLANG_WARN_OBJC_LITERAL_CONVERSION = YES;
				CLANG_WARN_OBJC_ROOT_CLASS = YES_ERROR;
				CLANG_WARN_QUOTED_INCLUDE_IN_FRAMEWORK_HEADER = YES;
				CLANG_WARN_RANGE_LOOP_ANALYSIS = YES;
				CLANG_WARN_STRICT_PROTOTYPES = YES;
				CLANG_WARN_SUSPICIOUS_MOVE = YES;
				CLANG_WARN_UNGUARDED_AVAILABILITY = YES_AGGRESSIVE;
				CLANG_WARN_UNREACHABLE_CODE = YES;
				CLANG_WARN__DUPLICATE_METHOD_MATCH = YES;
				COMBINE_HIDPI_IMAGES = YES;
				COPY_PHASE_STRIP = NO;
				DEBUG_INFORMATION_FORMAT = dwarf;
				ENABLE_STRICT_OBJC_MSGSEND = YES;
				ENABLE_TESTABILITY = YES;
				GCC_C_LANGUAGE_STANDARD = gnu11;
				GCC_DYNAMIC_NO_PIC = NO;
				GCC_NO_COMMON_BLOCKS = YES;
				GCC_OPTIMIZATION_LEVEL = 0;
				GCC_PREPROCESSOR_DEFINITIONS = (
					"DEBUG=1",
					"$(inherited)",
				);
				GCC_WARN_64_TO_32_BIT_CONVERSION = YES;
				GCC_WARN_ABOUT_RETURN_TYPE = YES_ERROR;
				GCC_WARN_UNDECLARED_SELECTOR = YES;
				GCC_WARN_UNINITIALIZED_AUTOS = YES_AGGRESSIVE;
				GCC_WARN_UNUSED_FUNCTION = YES;
				GCC_WARN_UNUSED_VARIABLE = YES;
				MACOSX_DEPLOYMENT_TARGET = 10.15;
				MTL_ENABLE_DEBUG_INFO = INCLUDE_SOURCE;
				MTL_FAST_MATH = YES;
				ONLY_ACTIVE_ARCH = YES;
				SDKROOT = macosx;
				SWIFT_ACTIVE_COMPILATION_CONDITIONS = DEBUG;
				SWIFT_OPTIMIZATION_LEVEL = "-Onone";
				SWIFT_VERSION = 5.0;
			};
			name = Debug;
		};
		8B0B198A252B2EFB00CA58A1 /* Release */ = {
			isa = XCBuildConfiguration;
			baseConfigurationReference = 8B0B19DD252B34C000CA58A1 /* project-appstore.xcconfig */;
			buildSettings = {
				ALWAYS_SEARCH_USER_PATHS = NO;
				CLANG_ANALYZER_NONNULL = YES;
				CLANG_ANALYZER_NUMBER_OBJECT_CONVERSION = YES_AGGRESSIVE;
				CLANG_CXX_LANGUAGE_STANDARD = "gnu++14";
				CLANG_CXX_LIBRARY = "libc++";
				CLANG_ENABLE_MODULES = YES;
				CLANG_ENABLE_OBJC_ARC = YES;
				CLANG_ENABLE_OBJC_WEAK = YES;
				CLANG_WARN_BLOCK_CAPTURE_AUTORELEASING = YES;
				CLANG_WARN_BOOL_CONVERSION = YES;
				CLANG_WARN_COMMA = YES;
				CLANG_WARN_CONSTANT_CONVERSION = YES;
				CLANG_WARN_DEPRECATED_OBJC_IMPLEMENTATIONS = YES;
				CLANG_WARN_DIRECT_OBJC_ISA_USAGE = YES_ERROR;
				CLANG_WARN_DOCUMENTATION_COMMENTS = YES;
				CLANG_WARN_EMPTY_BODY = YES;
				CLANG_WARN_ENUM_CONVERSION = YES;
				CLANG_WARN_INFINITE_RECURSION = YES;
				CLANG_WARN_INT_CONVERSION = YES;
				CLANG_WARN_NON_LITERAL_NULL_CONVERSION = YES;
				CLANG_WARN_OBJC_IMPLICIT_RETAIN_SELF = YES;
				CLANG_WARN_OBJC_LITERAL_CONVERSION = YES;
				CLANG_WARN_OBJC_ROOT_CLASS = YES_ERROR;
				CLANG_WARN_QUOTED_INCLUDE_IN_FRAMEWORK_HEADER = YES;
				CLANG_WARN_RANGE_LOOP_ANALYSIS = YES;
				CLANG_WARN_STRICT_PROTOTYPES = YES;
				CLANG_WARN_SUSPICIOUS_MOVE = YES;
				CLANG_WARN_UNGUARDED_AVAILABILITY = YES_AGGRESSIVE;
				CLANG_WARN_UNREACHABLE_CODE = YES;
				CLANG_WARN__DUPLICATE_METHOD_MATCH = YES;
				COMBINE_HIDPI_IMAGES = YES;
				COPY_PHASE_STRIP = NO;
				DEBUG_INFORMATION_FORMAT = "dwarf-with-dsym";
				ENABLE_NS_ASSERTIONS = NO;
				ENABLE_STRICT_OBJC_MSGSEND = YES;
				GCC_C_LANGUAGE_STANDARD = gnu11;
				GCC_NO_COMMON_BLOCKS = YES;
				GCC_WARN_64_TO_32_BIT_CONVERSION = YES;
				GCC_WARN_ABOUT_RETURN_TYPE = YES_ERROR;
				GCC_WARN_UNDECLARED_SELECTOR = YES;
				GCC_WARN_UNINITIALIZED_AUTOS = YES_AGGRESSIVE;
				GCC_WARN_UNUSED_FUNCTION = YES;
				GCC_WARN_UNUSED_VARIABLE = YES;
				MACOSX_DEPLOYMENT_TARGET = 10.15;
				MTL_ENABLE_DEBUG_INFO = NO;
				MTL_FAST_MATH = YES;
				SDKROOT = macosx;
				SWIFT_COMPILATION_MODE = wholemodule;
				SWIFT_OPTIMIZATION_LEVEL = "-O";
				SWIFT_VERSION = 5.0;
			};
			name = Release;
		};
		8B0B198C252B2EFB00CA58A1 /* Debug */ = {
			isa = XCBuildConfiguration;
			baseConfigurationReference = 8B0B19D9252B34C000CA58A1 /* nef.xcconfig */;
			buildSettings = {
				ALWAYS_EMBED_SWIFT_STANDARD_LIBRARIES = YES;
				ASSETCATALOG_COMPILER_APPICON_NAME = AppIcon;
				ASSETCATALOG_COMPILER_GLOBAL_ACCENT_COLOR_NAME = AccentColor;
				CODE_SIGN_IDENTITY = "Apple Development";
				CODE_SIGN_STYLE = Automatic;
				CURRENT_PROJECT_VERSION = 1;
				DEVELOPMENT_TEAM = Z6BF8738QJ;
				ENABLE_PREVIEWS = YES;
				LD_RUNPATH_SEARCH_PATHS = (
					"$(inherited)",
					"@executable_path/../Frameworks",
				);
				MARKETING_VERSION = 2.0.0;
				PRODUCT_MODULE_NAME = "$(PRODUCT_NAME:c99extidentifier)App";
				PRODUCT_NAME = "$(TARGET_NAME)";
				PROVISIONING_PROFILE_SPECIFIER = "";
			};
			name = Debug;
		};
		8B0B198D252B2EFB00CA58A1 /* Release */ = {
			isa = XCBuildConfiguration;
			baseConfigurationReference = 8B0B19D8252B34C000CA58A1 /* nef-appstore.xcconfig */;
			buildSettings = {
				ALWAYS_EMBED_SWIFT_STANDARD_LIBRARIES = YES;
				ASSETCATALOG_COMPILER_APPICON_NAME = AppIcon;
				ASSETCATALOG_COMPILER_GLOBAL_ACCENT_COLOR_NAME = AccentColor;
				CURRENT_PROJECT_VERSION = 1;
				ENABLE_PREVIEWS = YES;
				LD_RUNPATH_SEARCH_PATHS = (
					"$(inherited)",
					"@executable_path/../Frameworks",
				);
				MARKETING_VERSION = 2.0.0;
				PRODUCT_MODULE_NAME = "$(PRODUCT_NAME:c99extidentifier)App";
				PRODUCT_NAME = "$(TARGET_NAME)";
			};
			name = Release;
		};
		8B0B19A4252B2F1C00CA58A1 /* Debug */ = {
			isa = XCBuildConfiguration;
			baseConfigurationReference = 8B0B19DB252B34C000CA58A1 /* nef-plugin.xcconfig */;
			buildSettings = {
				CODE_SIGN_IDENTITY = "Apple Development";
				CODE_SIGN_STYLE = Automatic;
				CURRENT_PROJECT_VERSION = 1;
				DEVELOPMENT_TEAM = Z6BF8738QJ;
				LD_RUNPATH_SEARCH_PATHS = (
					"$(inherited)",
					"@executable_path/../Frameworks",
					"@executable_path/../../../../Frameworks",
				);
				MARKETING_VERSION = 2.0.0;
				PRODUCT_NAME = "$(TARGET_NAME)";
				PROVISIONING_PROFILE_SPECIFIER = "";
				SKIP_INSTALL = YES;
			};
			name = Debug;
		};
		8B0B19A5252B2F1C00CA58A1 /* Release */ = {
			isa = XCBuildConfiguration;
			baseConfigurationReference = 8B0B19DC252B34C000CA58A1 /* nef-plugin-appstore.xcconfig */;
			buildSettings = {
				CURRENT_PROJECT_VERSION = 1;
				LD_RUNPATH_SEARCH_PATHS = (
					"$(inherited)",
					"@executable_path/../Frameworks",
					"@executable_path/../../../../Frameworks",
				);
				MARKETING_VERSION = 2.0.0;
				PRODUCT_NAME = "$(TARGET_NAME)";
				SKIP_INSTALL = YES;
			};
			name = Release;
		};
		8B0B19FD252B356B00CA58A1 /* Debug */ = {
			isa = XCBuildConfiguration;
			buildSettings = {
				CLANG_ENABLE_MODULES = YES;
				CODE_SIGN_STYLE = Automatic;
				EXECUTABLE_PREFIX = lib;
				LD_RUNPATH_SEARCH_PATHS = (
					"$(inherited)",
					"@executable_path/../Frameworks",
					"@loader_path/../Frameworks",
				);
				PRODUCT_NAME = SourceEditorModels;
				SKIP_INSTALL = YES;
				SWIFT_OPTIMIZATION_LEVEL = "-Onone";
			};
			name = Debug;
		};
		8B0B19FE252B356B00CA58A1 /* Release */ = {
			isa = XCBuildConfiguration;
			buildSettings = {
				CLANG_ENABLE_MODULES = YES;
				CODE_SIGN_STYLE = Automatic;
				EXECUTABLE_PREFIX = lib;
				LD_RUNPATH_SEARCH_PATHS = (
					"$(inherited)",
					"@executable_path/../Frameworks",
					"@loader_path/../Frameworks",
				);
				PRODUCT_NAME = SourceEditorModels;
				SKIP_INSTALL = YES;
			};
			name = Release;
		};
		8B0B1A0D252B357400CA58A1 /* Debug */ = {
			isa = XCBuildConfiguration;
			buildSettings = {
				CODE_SIGN_STYLE = Automatic;
				EXECUTABLE_PREFIX = lib;
				PRODUCT_NAME = SourceEditorUtils;
				SKIP_INSTALL = YES;
			};
			name = Debug;
		};
		8B0B1A0E252B357400CA58A1 /* Release */ = {
			isa = XCBuildConfiguration;
			buildSettings = {
				CODE_SIGN_STYLE = Automatic;
				EXECUTABLE_PREFIX = lib;
				PRODUCT_NAME = SourceEditorUtils;
				SKIP_INSTALL = YES;
			};
			name = Release;
		};
/* End XCBuildConfiguration section */

/* Begin XCConfigurationList section */
		8B0B1973252B2EFA00CA58A1 /* Build configuration list for PBXProject "nef-plugin" */ = {
			isa = XCConfigurationList;
			buildConfigurations = (
				8B0B1989252B2EFB00CA58A1 /* Debug */,
				8B0B198A252B2EFB00CA58A1 /* Release */,
			);
			defaultConfigurationIsVisible = 0;
			defaultConfigurationName = Release;
		};
		8B0B198B252B2EFB00CA58A1 /* Build configuration list for PBXNativeTarget "nef" */ = {
			isa = XCConfigurationList;
			buildConfigurations = (
				8B0B198C252B2EFB00CA58A1 /* Debug */,
				8B0B198D252B2EFB00CA58A1 /* Release */,
			);
			defaultConfigurationIsVisible = 0;
			defaultConfigurationName = Release;
		};
		8B0B19A3252B2F1C00CA58A1 /* Build configuration list for PBXNativeTarget "nef-plugin" */ = {
			isa = XCConfigurationList;
			buildConfigurations = (
				8B0B19A4252B2F1C00CA58A1 /* Debug */,
				8B0B19A5252B2F1C00CA58A1 /* Release */,
			);
			defaultConfigurationIsVisible = 0;
			defaultConfigurationName = Release;
		};
		8B0B19FC252B356B00CA58A1 /* Build configuration list for PBXNativeTarget "nef-models" */ = {
			isa = XCConfigurationList;
			buildConfigurations = (
				8B0B19FD252B356B00CA58A1 /* Debug */,
				8B0B19FE252B356B00CA58A1 /* Release */,
			);
			defaultConfigurationIsVisible = 0;
			defaultConfigurationName = Release;
		};
		8B0B1A0C252B357400CA58A1 /* Build configuration list for PBXNativeTarget "nef-utils" */ = {
			isa = XCConfigurationList;
			buildConfigurations = (
				8B0B1A0D252B357400CA58A1 /* Debug */,
				8B0B1A0E252B357400CA58A1 /* Release */,
			);
			defaultConfigurationIsVisible = 0;
			defaultConfigurationName = Release;
		};
/* End XCConfigurationList section */

/* Begin XCRemoteSwiftPackageReference section */
		8B0B1A37252B367800CA58A1 /* XCRemoteSwiftPackageReference "nef" */ = {
			isa = XCRemoteSwiftPackageReference;
			repositoryURL = "https://github.com/bow-swift/nef.git";
			requirement = {
				branch = develop;
				kind = branch;
			};
		};
/* End XCRemoteSwiftPackageReference section */

/* Begin XCSwiftPackageProductDependency section */
		8B0B1A38252B367800CA58A1 /* nef */ = {
			isa = XCSwiftPackageProductDependency;
			package = 8B0B1A37252B367800CA58A1 /* XCRemoteSwiftPackageReference "nef" */;
			productName = nef;
		};
		8B0B1B13252B387B00CA58A1 /* nef */ = {
			isa = XCSwiftPackageProductDependency;
			package = 8B0B1A37252B367800CA58A1 /* XCRemoteSwiftPackageReference "nef" */;
			productName = nef;
		};
/* End XCSwiftPackageProductDependency section */
	};
	rootObject = 8B0B1970252B2EFA00CA58A1 /* Project object */;
}
