// !$*UTF8*$!
{
	archiveVersion = 1;
	classes = {
	};
	objectVersion = 52;
	objects = {

/* Begin PBXBuildFile section */
		8B1A0C2522D77AEC0049B48F /* PreferencesView.swift in Sources */ = {isa = PBXBuildFile; fileRef = 8BB2892F22CB6EFB006E4CCB /* PreferencesView.swift */; };
		8B230C83241C1DD500C31191 /* Data+IO.swift in Sources */ = {isa = PBXBuildFile; fileRef = 8B230C82241C1DD400C31191 /* Data+IO.swift */; };
		8B2C3F9624ED36F8007DCBB4 /* SourceEditorExtension.swift in Sources */ = {isa = PBXBuildFile; fileRef = 8BF86CB32397CC990071B37C /* SourceEditorExtension.swift */; };
		8B2C3F9724ED36F8007DCBB4 /* SourceEditorCommand.swift in Sources */ = {isa = PBXBuildFile; fileRef = 8BF86CB22397CC990071B37C /* SourceEditorCommand.swift */; };
		8B2C3F9824ED36F8007DCBB4 /* AppScheme.swift in Sources */ = {isa = PBXBuildFile; fileRef = 8BF86CAF2397CC990071B37C /* AppScheme.swift */; };
		8B2C3F9924ED36F8007DCBB4 /* EditorModel.swift in Sources */ = {isa = PBXBuildFile; fileRef = 8BF86CB02397CC990071B37C /* EditorModel.swift */; };
		8B2CE74622D89C8900571F24 /* CheckOptionView.swift in Sources */ = {isa = PBXBuildFile; fileRef = 8B2CE74522D89C8900571F24 /* CheckOptionView.swift */; };
		8B2CE74822D8A35400571F24 /* ColorOptionView.swift in Sources */ = {isa = PBXBuildFile; fileRef = 8B2CE74722D8A35400571F24 /* ColorOptionView.swift */; };
		8B3B21A722F82AAE00E92BC9 /* AboutView.swift in Sources */ = {isa = PBXBuildFile; fileRef = 8B3B21A622F82AAE00E92BC9 /* AboutView.swift */; };
		8B3B21AC22F8644000E92BC9 /* FixedToggle.swift in Sources */ = {isa = PBXBuildFile; fileRef = 8B3B21AB22F8644000E92BC9 /* FixedToggle.swift */; };
		8B3B21AE22F8691800E92BC9 /* InstallStepView.swift in Sources */ = {isa = PBXBuildFile; fileRef = 8B3B21AD22F8691800E92BC9 /* InstallStepView.swift */; };
		8B3B21B022F86C5600E92BC9 /* SeparatorView.swift in Sources */ = {isa = PBXBuildFile; fileRef = 8B3B21AF22F86C5600E92BC9 /* SeparatorView.swift */; };
		8B41588522D8DDE700588921 /* ImageButton.swift in Sources */ = {isa = PBXBuildFile; fileRef = 8B41588422D8DDE700588921 /* ImageButton.swift */; };
		8B41588822D8E43A00588921 /* CarbonStyle+Color.swift in Sources */ = {isa = PBXBuildFile; fileRef = 8B41588722D8E43A00588921 /* CarbonStyle+Color.swift */; };
		8B497A7D239A91EF00CEC130 /* nef in Frameworks */ = {isa = PBXBuildFile; productRef = 8B497A7C239A91EF00CEC130 /* nef */; settings = {ATTRIBUTES = (Required, ); }; };
		8B4D1E1522D7A37E004432CF /* PickerOptionView.swift in Sources */ = {isa = PBXBuildFile; fileRef = 8B4D1E1422D7A37E004432CF /* PickerOptionView.swift */; };
		8B4D1E1722D88A5E004432CF /* OptionItem.swift in Sources */ = {isa = PBXBuildFile; fileRef = 8B4D1E1622D88A5E004432CF /* OptionItem.swift */; };
		8B53BB952507D8B400C2B874 /* Pasteboard.swift in Sources */ = {isa = PBXBuildFile; fileRef = 8B53BB942507D8B400C2B874 /* Pasteboard.swift */; };
		8B53BB972507D8C000C2B874 /* Notifications.swift in Sources */ = {isa = PBXBuildFile; fileRef = 8B53BB962507D8C000C2B874 /* Notifications.swift */; };
		8B53BB992507D8F100C2B874 /* MacPasteboard.swift in Sources */ = {isa = PBXBuildFile; fileRef = 8B53BB982507D8F100C2B874 /* MacPasteboard.swift */; };
		8B53BB9B2507D93300C2B874 /* MacNotifications.swift in Sources */ = {isa = PBXBuildFile; fileRef = 8B53BB9A2507D93300C2B874 /* MacNotifications.swift */; };
		8B75AF99238061FF00388B1C /* NSView+Layout.swift in Sources */ = {isa = PBXBuildFile; fileRef = 8B75AF98238061FF00388B1C /* NSView+Layout.swift */; };
		8B78F13F24EE7A3900869EF7 /* Browser.swift in Sources */ = {isa = PBXBuildFile; fileRef = 8B3B21A922F8329900E92BC9 /* Browser.swift */; };
		8B78F14024EE7AC600869EF7 /* libSourceEditorUtils.a in Frameworks */ = {isa = PBXBuildFile; fileRef = 8B78F13624EE7A1900869EF7 /* libSourceEditorUtils.a */; };
		8B78F14124EE7ACB00869EF7 /* libSourceEditorUtils.a in Frameworks */ = {isa = PBXBuildFile; fileRef = 8B78F13624EE7A1900869EF7 /* libSourceEditorUtils.a */; };
		8B78F14224EE7B0900869EF7 /* Reachability.swift in Sources */ = {isa = PBXBuildFile; fileRef = 8BF86CB12397CC990071B37C /* Reachability.swift */; };
		8B78F33424EE801A00869EF7 /* App.swift in Sources */ = {isa = PBXBuildFile; fileRef = 8B78F33324EE801A00869EF7 /* App.swift */; };
		8B78F33924EE946300869EF7 /* NefWindow.swift in Sources */ = {isa = PBXBuildFile; fileRef = 8B78F33824EE946300869EF7 /* NefWindow.swift */; };
		8B78F33B24EE948F00869EF7 /* NefController.swift in Sources */ = {isa = PBXBuildFile; fileRef = 8B78F33A24EE948F00869EF7 /* NefController.swift */; };
		8B78F33D24EE950300869EF7 /* i18n.swift in Sources */ = {isa = PBXBuildFile; fileRef = 8B78F33C24EE950300869EF7 /* i18n.swift */; };
		8B78F33F24EE999900869EF7 /* Result+terminate.swift in Sources */ = {isa = PBXBuildFile; fileRef = 8B78F33E24EE999900869EF7 /* Result+terminate.swift */; };
		8B78F34224EEA11700869EF7 /* CarbonController.swift in Sources */ = {isa = PBXBuildFile; fileRef = 8B78F34124EEA11700869EF7 /* CarbonController.swift */; };
		8B78F34424EEA24500869EF7 /* MarkdownPageController.swift in Sources */ = {isa = PBXBuildFile; fileRef = 8B78F34324EEA24500869EF7 /* MarkdownPageController.swift */; };
		8B78F34624EEA25100869EF7 /* ImageNotificationController.swift in Sources */ = {isa = PBXBuildFile; fileRef = 8B78F34524EEA25100869EF7 /* ImageNotificationController.swift */; };
		8B78F34824EEA26000869EF7 /* PlaygroundBookController.swift in Sources */ = {isa = PBXBuildFile; fileRef = 8B78F34724EEA26000869EF7 /* PlaygroundBookController.swift */; };
		8B78F34B24EECB3100869EF7 /* IO+unsafeRun.swift in Sources */ = {isa = PBXBuildFile; fileRef = 8B78F34A24EECB3100869EF7 /* IO+unsafeRun.swift */; };
		8B7E0622235493F7003ED8E2 /* NSWindow+Extension.swift in Sources */ = {isa = PBXBuildFile; fileRef = 8B7E0621235493F7003ED8E2 /* NSWindow+Extension.swift */; };
		8B7E0624235498CA003ED8E2 /* OutputFolderView.swift in Sources */ = {isa = PBXBuildFile; fileRef = 8B7E0623235498CA003ED8E2 /* OutputFolderView.swift */; };
		8B7F5C822397DC820040575D /* PlaygroundBookView.swift in Sources */ = {isa = PBXBuildFile; fileRef = 8B7F5C802397DC820040575D /* PlaygroundBookView.swift */; };
		8B7F5C832397DC820040575D /* PlaygroundBookProgressReport.swift in Sources */ = {isa = PBXBuildFile; fileRef = 8B7F5C812397DC820040575D /* PlaygroundBookProgressReport.swift */; };
		8B7F5C85239807EF0040575D /* ProgressView.swift in Sources */ = {isa = PBXBuildFile; fileRef = 8B7F5C84239807EF0040575D /* ProgressView.swift */; };
		8B91B1932360A3690041F79B /* DispatchGroup.swift in Sources */ = {isa = PBXBuildFile; fileRef = 8B91B1922360A3690041F79B /* DispatchGroup.swift */; };
		8B9F3CF122F036BD001EE2DF /* CarbonViewer.swift in Sources */ = {isa = PBXBuildFile; fileRef = 8B9F3CF022F036BD001EE2DF /* CarbonViewer.swift */; };
		8B9F3CF322F036E3001EE2DF /* LoadingView.swift in Sources */ = {isa = PBXBuildFile; fileRef = 8B9F3CF222F036E3001EE2DF /* LoadingView.swift */; };
		8BAAB73D22D4DB2A00FD3636 /* Date+Extension.swift in Sources */ = {isa = PBXBuildFile; fileRef = 8BAAB73C22D4DB2A00FD3636 /* Date+Extension.swift */; };
		8BAE363E24ED4E56008AC150 /* MenuEditorCommand.swift in Sources */ = {isa = PBXBuildFile; fileRef = 8BAE362C24ED40FB008AC150 /* MenuEditorCommand.swift */; };
		8BAE364724ED4FCB008AC150 /* libSourceEditorModels.a in Frameworks */ = {isa = PBXBuildFile; fileRef = 8BAE363524ED4E4C008AC150 /* libSourceEditorModels.a */; };
		8BAE364B24ED5247008AC150 /* EditorError.swift in Sources */ = {isa = PBXBuildFile; fileRef = 8BAE364A24ED5247008AC150 /* EditorError.swift */; };
		8BAE365224ED59CC008AC150 /* MenuEditorCommand+URLQueryItem.swift in Sources */ = {isa = PBXBuildFile; fileRef = 8BAE365024ED59C6008AC150 /* MenuEditorCommand+URLQueryItem.swift */; };
		8BAE365524ED5BBB008AC150 /* libSourceEditorModels.a in Frameworks */ = {isa = PBXBuildFile; fileRef = 8BAE363524ED4E4C008AC150 /* libSourceEditorModels.a */; };
		8BB2892E22CB6EFB006E4CCB /* AppDelegate.swift in Sources */ = {isa = PBXBuildFile; fileRef = 8BB2892D22CB6EFB006E4CCB /* AppDelegate.swift */; };
		8BB2893222CB6EFD006E4CCB /* Assets.xcassets in Resources */ = {isa = PBXBuildFile; fileRef = 8BB2893122CB6EFD006E4CCB /* Assets.xcassets */; };
		8BB2893822CB6EFD006E4CCB /* Main.storyboard in Resources */ = {isa = PBXBuildFile; fileRef = 8BB2893622CB6EFD006E4CCB /* Main.storyboard */; };
		8BB2895F22CB6F81006E4CCB /* nef-plugin.appex in Embed App Extensions */ = {isa = PBXBuildFile; fileRef = 8BB2895222CB6F81006E4CCB /* nef-plugin.appex */; settings = {ATTRIBUTES = (RemoveHeadersOnCopy, ); }; };
		8BBB49BA25234946005FD43B /* Command.swift in Sources */ = {isa = PBXBuildFile; fileRef = 8BBB49AA2523469E005FD43B /* Command.swift */; };
		8BBBB5A92524A4CC0025A6B4 /* nef in Frameworks */ = {isa = PBXBuildFile; productRef = 8BBBB5A82524A4CC0025A6B4 /* nef */; };
		8BD8A03124ED2E1D00565FA5 /* Bundle+Extensions.swift in Sources */ = {isa = PBXBuildFile; fileRef = 8BD8A03024ED2E1D00565FA5 /* Bundle+Extensions.swift */; };
		8BEAFB12235C96F700118F31 /* Bookmark.swift in Sources */ = {isa = PBXBuildFile; fileRef = 8BEAFB11235C96F700118F31 /* Bookmark.swift */; };
		8BEFF92B2301A86B009AA042 /* Localizable.strings in Resources */ = {isa = PBXBuildFile; fileRef = 8BEFF92D2301A86B009AA042 /* Localizable.strings */; };
		8BEFF9342301A91B009AA042 /* Localizable.strings in Resources */ = {isa = PBXBuildFile; fileRef = 8BEFF92D2301A86B009AA042 /* Localizable.strings */; };
		8BEFF9372301AEDB009AA042 /* Localizable.stringsdict in Resources */ = {isa = PBXBuildFile; fileRef = 8BEFF9392301AEDB009AA042 /* Localizable.stringsdict */; };
		8BF68784239928BE006CC977 /* DispatchTimeInterval+Extensions.swift in Sources */ = {isa = PBXBuildFile; fileRef = 8BF68783239928BE006CC977 /* DispatchTimeInterval+Extensions.swift */; };
		8BF68F9F22DDD802009E57A9 /* PreferencesDataSource.swift in Sources */ = {isa = PBXBuildFile; fileRef = 8BF68F9E22DDD802009E57A9 /* PreferencesDataSource.swift */; };
		8BF68FA122DDD8BD009E57A9 /* Assembler.swift in Sources */ = {isa = PBXBuildFile; fileRef = 8BF68FA022DDD8BD009E57A9 /* Assembler.swift */; };
		8BF68FA322DDE268009E57A9 /* ActionViewModel.swift in Sources */ = {isa = PBXBuildFile; fileRef = 8BF68FA222DDE268009E57A9 /* ActionViewModel.swift */; };
		8BF68FB122DE0ED4009E57A9 /* PreferencesModel.swift in Sources */ = {isa = PBXBuildFile; fileRef = 8BF68FB022DE0ED4009E57A9 /* PreferencesModel.swift */; };
		8BF68FB322DE2154009E57A9 /* PreferencesViewModel.swift in Sources */ = {isa = PBXBuildFile; fileRef = 8BF68FB222DE2154009E57A9 /* PreferencesViewModel.swift */; };
		8BF68FB522DE2403009E57A9 /* CarbonStyle+Model.swift in Sources */ = {isa = PBXBuildFile; fileRef = 8BF68FB422DE2403009E57A9 /* CarbonStyle+Model.swift */; };
		8BF9220623546D8D00C58AA0 /* OpenPanel.swift in Sources */ = {isa = PBXBuildFile; fileRef = 8BF9220523546D8D00C58AA0 /* OpenPanel.swift */; };
		AF73C327248C1A4200168A64 /* URL+Extension.swift in Sources */ = {isa = PBXBuildFile; fileRef = AF73C326248C1A4200168A64 /* URL+Extension.swift */; };
		AFD8024F24962732006E9297 /* NefNotification.swift in Sources */ = {isa = PBXBuildFile; fileRef = AFD8024E24962732006E9297 /* NefNotification.swift */; };
		AFD8025124962BDE006E9297 /* AppDelegate+Notifications.swift in Sources */ = {isa = PBXBuildFile; fileRef = AFD8025024962BDE006E9297 /* AppDelegate+Notifications.swift */; };
/* End PBXBuildFile section */

/* Begin PBXContainerItemProxy section */
		8BAE364824ED4FCB008AC150 /* PBXContainerItemProxy */ = {
			isa = PBXContainerItemProxy;
			containerPortal = 8BB2892222CB6EFB006E4CCB /* Project object */;
			proxyType = 1;
			remoteGlobalIDString = 8BAE363424ED4E4C008AC150;
			remoteInfo = "nef-models";
		};
		8BAE365624ED5BCB008AC150 /* PBXContainerItemProxy */ = {
			isa = PBXContainerItemProxy;
			containerPortal = 8BB2892222CB6EFB006E4CCB /* Project object */;
			proxyType = 1;
			remoteGlobalIDString = 8BB2895122CB6F81006E4CCB;
			remoteInfo = "nef-plugin";
		};
/* End PBXContainerItemProxy section */

/* Begin PBXCopyFilesBuildPhase section */
		8BAE363024ED4886008AC150 /* Embed Frameworks */ = {
			isa = PBXCopyFilesBuildPhase;
			buildActionMask = 2147483647;
			dstPath = "";
			dstSubfolderSpec = 10;
			files = (
			);
			name = "Embed Frameworks";
			runOnlyForDeploymentPostprocessing = 0;
		};
		8BB2896322CB6F81006E4CCB /* Embed App Extensions */ = {
			isa = PBXCopyFilesBuildPhase;
			buildActionMask = 2147483647;
			dstPath = "";
			dstSubfolderSpec = 13;
			files = (
				8BB2895F22CB6F81006E4CCB /* nef-plugin.appex in Embed App Extensions */,
			);
			name = "Embed App Extensions";
			runOnlyForDeploymentPostprocessing = 0;
		};
/* End PBXCopyFilesBuildPhase section */

/* Begin PBXFileReference section */
		8B230C82241C1DD400C31191 /* Data+IO.swift */ = {isa = PBXFileReference; fileEncoding = 4; lastKnownFileType = sourcecode.swift; path = "Data+IO.swift"; sourceTree = "<group>"; };
		8B2CE74522D89C8900571F24 /* CheckOptionView.swift */ = {isa = PBXFileReference; lastKnownFileType = sourcecode.swift; path = CheckOptionView.swift; sourceTree = "<group>"; };
		8B2CE74722D8A35400571F24 /* ColorOptionView.swift */ = {isa = PBXFileReference; lastKnownFileType = sourcecode.swift; path = ColorOptionView.swift; sourceTree = "<group>"; };
		8B3B21A622F82AAE00E92BC9 /* AboutView.swift */ = {isa = PBXFileReference; lastKnownFileType = sourcecode.swift; path = AboutView.swift; sourceTree = "<group>"; };
		8B3B21A922F8329900E92BC9 /* Browser.swift */ = {isa = PBXFileReference; lastKnownFileType = sourcecode.swift; path = Browser.swift; sourceTree = "<group>"; };
		8B3B21AB22F8644000E92BC9 /* FixedToggle.swift */ = {isa = PBXFileReference; lastKnownFileType = sourcecode.swift; path = FixedToggle.swift; sourceTree = "<group>"; };
		8B3B21AD22F8691800E92BC9 /* InstallStepView.swift */ = {isa = PBXFileReference; lastKnownFileType = sourcecode.swift; path = InstallStepView.swift; sourceTree = "<group>"; };
		8B3B21AF22F86C5600E92BC9 /* SeparatorView.swift */ = {isa = PBXFileReference; lastKnownFileType = sourcecode.swift; path = SeparatorView.swift; sourceTree = "<group>"; };
		8B41588422D8DDE700588921 /* ImageButton.swift */ = {isa = PBXFileReference; lastKnownFileType = sourcecode.swift; path = ImageButton.swift; sourceTree = "<group>"; };
		8B41588722D8E43A00588921 /* CarbonStyle+Color.swift */ = {isa = PBXFileReference; lastKnownFileType = sourcecode.swift; path = "CarbonStyle+Color.swift"; sourceTree = "<group>"; };
		8B4D1E1422D7A37E004432CF /* PickerOptionView.swift */ = {isa = PBXFileReference; lastKnownFileType = sourcecode.swift; path = PickerOptionView.swift; sourceTree = "<group>"; };
		8B4D1E1622D88A5E004432CF /* OptionItem.swift */ = {isa = PBXFileReference; lastKnownFileType = sourcecode.swift; path = OptionItem.swift; sourceTree = "<group>"; };
		8B53BB942507D8B400C2B874 /* Pasteboard.swift */ = {isa = PBXFileReference; lastKnownFileType = sourcecode.swift; path = Pasteboard.swift; sourceTree = "<group>"; };
		8B53BB962507D8C000C2B874 /* Notifications.swift */ = {isa = PBXFileReference; lastKnownFileType = sourcecode.swift; path = Notifications.swift; sourceTree = "<group>"; };
		8B53BB982507D8F100C2B874 /* MacPasteboard.swift */ = {isa = PBXFileReference; lastKnownFileType = sourcecode.swift; path = MacPasteboard.swift; sourceTree = "<group>"; };
		8B53BB9A2507D93300C2B874 /* MacNotifications.swift */ = {isa = PBXFileReference; lastKnownFileType = sourcecode.swift; path = MacNotifications.swift; sourceTree = "<group>"; };
		8B75AF98238061FF00388B1C /* NSView+Layout.swift */ = {isa = PBXFileReference; fileEncoding = 4; lastKnownFileType = sourcecode.swift; path = "NSView+Layout.swift"; sourceTree = "<group>"; };
		8B78F13624EE7A1900869EF7 /* libSourceEditorUtils.a */ = {isa = PBXFileReference; explicitFileType = archive.ar; includeInIndex = 0; path = libSourceEditorUtils.a; sourceTree = BUILT_PRODUCTS_DIR; };
		8B78F33324EE801A00869EF7 /* App.swift */ = {isa = PBXFileReference; lastKnownFileType = sourcecode.swift; path = App.swift; sourceTree = "<group>"; };
		8B78F33824EE946300869EF7 /* NefWindow.swift */ = {isa = PBXFileReference; lastKnownFileType = sourcecode.swift; path = NefWindow.swift; sourceTree = "<group>"; };
		8B78F33A24EE948F00869EF7 /* NefController.swift */ = {isa = PBXFileReference; lastKnownFileType = sourcecode.swift; path = NefController.swift; sourceTree = "<group>"; };
		8B78F33C24EE950300869EF7 /* i18n.swift */ = {isa = PBXFileReference; lastKnownFileType = sourcecode.swift; path = i18n.swift; sourceTree = "<group>"; };
		8B78F33E24EE999900869EF7 /* Result+terminate.swift */ = {isa = PBXFileReference; lastKnownFileType = sourcecode.swift; path = "Result+terminate.swift"; sourceTree = "<group>"; };
		8B78F34124EEA11700869EF7 /* CarbonController.swift */ = {isa = PBXFileReference; lastKnownFileType = sourcecode.swift; path = CarbonController.swift; sourceTree = "<group>"; };
		8B78F34324EEA24500869EF7 /* MarkdownPageController.swift */ = {isa = PBXFileReference; lastKnownFileType = sourcecode.swift; path = MarkdownPageController.swift; sourceTree = "<group>"; };
		8B78F34524EEA25100869EF7 /* ImageNotificationController.swift */ = {isa = PBXFileReference; lastKnownFileType = sourcecode.swift; path = ImageNotificationController.swift; sourceTree = "<group>"; };
		8B78F34724EEA26000869EF7 /* PlaygroundBookController.swift */ = {isa = PBXFileReference; lastKnownFileType = sourcecode.swift; path = PlaygroundBookController.swift; sourceTree = "<group>"; };
		8B78F34A24EECB3100869EF7 /* IO+unsafeRun.swift */ = {isa = PBXFileReference; lastKnownFileType = sourcecode.swift; path = "IO+unsafeRun.swift"; sourceTree = "<group>"; };
		8B7E0621235493F7003ED8E2 /* NSWindow+Extension.swift */ = {isa = PBXFileReference; lastKnownFileType = sourcecode.swift; path = "NSWindow+Extension.swift"; sourceTree = "<group>"; };
		8B7E0623235498CA003ED8E2 /* OutputFolderView.swift */ = {isa = PBXFileReference; lastKnownFileType = sourcecode.swift; path = OutputFolderView.swift; sourceTree = "<group>"; };
		8B7F5C802397DC820040575D /* PlaygroundBookView.swift */ = {isa = PBXFileReference; fileEncoding = 4; lastKnownFileType = sourcecode.swift; path = PlaygroundBookView.swift; sourceTree = "<group>"; };
		8B7F5C812397DC820040575D /* PlaygroundBookProgressReport.swift */ = {isa = PBXFileReference; fileEncoding = 4; lastKnownFileType = sourcecode.swift; path = PlaygroundBookProgressReport.swift; sourceTree = "<group>"; };
		8B7F5C84239807EF0040575D /* ProgressView.swift */ = {isa = PBXFileReference; lastKnownFileType = sourcecode.swift; path = ProgressView.swift; sourceTree = "<group>"; };
		8B91B1922360A3690041F79B /* DispatchGroup.swift */ = {isa = PBXFileReference; fileEncoding = 4; lastKnownFileType = sourcecode.swift; path = DispatchGroup.swift; sourceTree = "<group>"; };
		8B9F3CF022F036BD001EE2DF /* CarbonViewer.swift */ = {isa = PBXFileReference; lastKnownFileType = sourcecode.swift; path = CarbonViewer.swift; sourceTree = "<group>"; };
		8B9F3CF222F036E3001EE2DF /* LoadingView.swift */ = {isa = PBXFileReference; lastKnownFileType = sourcecode.swift; path = LoadingView.swift; sourceTree = "<group>"; };
		8BAAB73C22D4DB2A00FD3636 /* Date+Extension.swift */ = {isa = PBXFileReference; lastKnownFileType = sourcecode.swift; path = "Date+Extension.swift"; sourceTree = "<group>"; };
		8BAE362C24ED40FB008AC150 /* MenuEditorCommand.swift */ = {isa = PBXFileReference; lastKnownFileType = sourcecode.swift; path = MenuEditorCommand.swift; sourceTree = "<group>"; };
		8BAE363524ED4E4C008AC150 /* libSourceEditorModels.a */ = {isa = PBXFileReference; explicitFileType = archive.ar; includeInIndex = 0; path = libSourceEditorModels.a; sourceTree = BUILT_PRODUCTS_DIR; };
		8BAE364A24ED5247008AC150 /* EditorError.swift */ = {isa = PBXFileReference; lastKnownFileType = sourcecode.swift; path = EditorError.swift; sourceTree = "<group>"; };
		8BAE365024ED59C6008AC150 /* MenuEditorCommand+URLQueryItem.swift */ = {isa = PBXFileReference; lastKnownFileType = sourcecode.swift; path = "MenuEditorCommand+URLQueryItem.swift"; sourceTree = "<group>"; };
		8BB2892A22CB6EFB006E4CCB /* nef.app */ = {isa = PBXFileReference; explicitFileType = wrapper.application; includeInIndex = 0; path = nef.app; sourceTree = BUILT_PRODUCTS_DIR; };
		8BB2892D22CB6EFB006E4CCB /* AppDelegate.swift */ = {isa = PBXFileReference; lastKnownFileType = sourcecode.swift; path = AppDelegate.swift; sourceTree = "<group>"; };
		8BB2892F22CB6EFB006E4CCB /* PreferencesView.swift */ = {isa = PBXFileReference; lastKnownFileType = sourcecode.swift; path = PreferencesView.swift; sourceTree = "<group>"; };
		8BB2893122CB6EFD006E4CCB /* Assets.xcassets */ = {isa = PBXFileReference; lastKnownFileType = folder.assetcatalog; path = Assets.xcassets; sourceTree = "<group>"; };
		8BB2893722CB6EFD006E4CCB /* Base */ = {isa = PBXFileReference; lastKnownFileType = file.storyboard; name = Base; path = Base.lproj/Main.storyboard; sourceTree = "<group>"; };
		8BB2893922CB6EFD006E4CCB /* Info.plist */ = {isa = PBXFileReference; lastKnownFileType = text.plist.xml; path = Info.plist; sourceTree = "<group>"; };
		8BB2895222CB6F81006E4CCB /* nef-plugin.appex */ = {isa = PBXFileReference; explicitFileType = "wrapper.app-extension"; includeInIndex = 0; path = "nef-plugin.appex"; sourceTree = BUILT_PRODUCTS_DIR; };
		8BBB49AA2523469E005FD43B /* Command.swift */ = {isa = PBXFileReference; lastKnownFileType = sourcecode.swift; path = Command.swift; sourceTree = "<group>"; };
		8BBCA62A2395496000BE058B /* Info.plist */ = {isa = PBXFileReference; fileEncoding = 4; lastKnownFileType = text.plist.xml; path = Info.plist; sourceTree = "<group>"; };
		8BBCA63A239553B600BE058B /* nef-appstore.entitlements */ = {isa = PBXFileReference; lastKnownFileType = text.plist.entitlements; path = "nef-appstore.entitlements"; sourceTree = "<group>"; };
		8BBCA63B239553B600BE058B /* nef-plugin-appstore.entitlements */ = {isa = PBXFileReference; lastKnownFileType = text.plist.entitlements; path = "nef-plugin-appstore.entitlements"; sourceTree = "<group>"; };
		8BBCA63C239553B600BE058B /* nef.entitlements */ = {isa = PBXFileReference; lastKnownFileType = text.plist.entitlements; path = nef.entitlements; sourceTree = "<group>"; };
		8BBCA63D239553B600BE058B /* nef-plugin.entitlements */ = {isa = PBXFileReference; lastKnownFileType = text.plist.entitlements; path = "nef-plugin.entitlements"; sourceTree = "<group>"; };
		8BBCA63E239553B600BE058B /* project-appstore.xcconfig */ = {isa = PBXFileReference; lastKnownFileType = text.xcconfig; path = "project-appstore.xcconfig"; sourceTree = "<group>"; };
		8BBCA63F239553B600BE058B /* project-shared.xcconfig */ = {isa = PBXFileReference; lastKnownFileType = text.xcconfig; path = "project-shared.xcconfig"; sourceTree = "<group>"; };
		8BBCA640239553B600BE058B /* project.xcconfig */ = {isa = PBXFileReference; lastKnownFileType = text.xcconfig; path = project.xcconfig; sourceTree = "<group>"; };
		8BBCA646239554DB00BE058B /* nef-appstore.xcconfig */ = {isa = PBXFileReference; lastKnownFileType = text.xcconfig; path = "nef-appstore.xcconfig"; sourceTree = "<group>"; };
		8BBCA647239554DB00BE058B /* nef.xcconfig */ = {isa = PBXFileReference; lastKnownFileType = text.xcconfig; path = nef.xcconfig; sourceTree = "<group>"; };
		8BBCA648239554E500BE058B /* nef-plugin.xcconfig */ = {isa = PBXFileReference; lastKnownFileType = text.xcconfig; path = "nef-plugin.xcconfig"; sourceTree = "<group>"; };
		8BBCA649239554E500BE058B /* nef-plugin-appstore.xcconfig */ = {isa = PBXFileReference; lastKnownFileType = text.xcconfig; path = "nef-plugin-appstore.xcconfig"; sourceTree = "<group>"; };
		8BD8A03024ED2E1D00565FA5 /* Bundle+Extensions.swift */ = {isa = PBXFileReference; lastKnownFileType = sourcecode.swift; path = "Bundle+Extensions.swift"; sourceTree = "<group>"; };
		8BEAFB11235C96F700118F31 /* Bookmark.swift */ = {isa = PBXFileReference; lastKnownFileType = sourcecode.swift; path = Bookmark.swift; sourceTree = "<group>"; };
		8BEFF92C2301A86B009AA042 /* en */ = {isa = PBXFileReference; lastKnownFileType = text.plist.strings; name = en; path = en.lproj/Localizable.strings; sourceTree = "<group>"; };
		8BEFF92F2301A8B9009AA042 /* es */ = {isa = PBXFileReference; lastKnownFileType = text.plist.strings; name = es; path = es.lproj/Localizable.strings; sourceTree = "<group>"; };
		8BEFF9312301A8CE009AA042 /* en */ = {isa = PBXFileReference; lastKnownFileType = text.plist.strings; name = en; path = en.lproj/Main.strings; sourceTree = "<group>"; };
		8BEFF9332301A8CF009AA042 /* es */ = {isa = PBXFileReference; lastKnownFileType = text.plist.strings; name = es; path = es.lproj/Main.strings; sourceTree = "<group>"; };
		8BEFF9382301AEDB009AA042 /* en */ = {isa = PBXFileReference; lastKnownFileType = text.plist.stringsdict; name = en; path = en.lproj/Localizable.stringsdict; sourceTree = "<group>"; };
		8BF68783239928BE006CC977 /* DispatchTimeInterval+Extensions.swift */ = {isa = PBXFileReference; lastKnownFileType = sourcecode.swift; path = "DispatchTimeInterval+Extensions.swift"; sourceTree = "<group>"; };
		8BF68F9E22DDD802009E57A9 /* PreferencesDataSource.swift */ = {isa = PBXFileReference; lastKnownFileType = sourcecode.swift; path = PreferencesDataSource.swift; sourceTree = "<group>"; };
		8BF68FA022DDD8BD009E57A9 /* Assembler.swift */ = {isa = PBXFileReference; lastKnownFileType = sourcecode.swift; path = Assembler.swift; sourceTree = "<group>"; };
		8BF68FA222DDE268009E57A9 /* ActionViewModel.swift */ = {isa = PBXFileReference; lastKnownFileType = sourcecode.swift; path = ActionViewModel.swift; sourceTree = "<group>"; };
		8BF68FB022DE0ED4009E57A9 /* PreferencesModel.swift */ = {isa = PBXFileReference; lastKnownFileType = sourcecode.swift; path = PreferencesModel.swift; sourceTree = "<group>"; };
		8BF68FB222DE2154009E57A9 /* PreferencesViewModel.swift */ = {isa = PBXFileReference; fileEncoding = 4; lastKnownFileType = sourcecode.swift; path = PreferencesViewModel.swift; sourceTree = "<group>"; };
		8BF68FB422DE2403009E57A9 /* CarbonStyle+Model.swift */ = {isa = PBXFileReference; lastKnownFileType = sourcecode.swift; path = "CarbonStyle+Model.swift"; sourceTree = "<group>"; };
		8BF86CAF2397CC990071B37C /* AppScheme.swift */ = {isa = PBXFileReference; fileEncoding = 4; lastKnownFileType = sourcecode.swift; path = AppScheme.swift; sourceTree = "<group>"; };
		8BF86CB02397CC990071B37C /* EditorModel.swift */ = {isa = PBXFileReference; fileEncoding = 4; lastKnownFileType = sourcecode.swift; path = EditorModel.swift; sourceTree = "<group>"; };
		8BF86CB12397CC990071B37C /* Reachability.swift */ = {isa = PBXFileReference; fileEncoding = 4; lastKnownFileType = sourcecode.swift; path = Reachability.swift; sourceTree = "<group>"; };
		8BF86CB22397CC990071B37C /* SourceEditorCommand.swift */ = {isa = PBXFileReference; fileEncoding = 4; lastKnownFileType = sourcecode.swift; path = SourceEditorCommand.swift; sourceTree = "<group>"; };
		8BF86CB32397CC990071B37C /* SourceEditorExtension.swift */ = {isa = PBXFileReference; fileEncoding = 4; lastKnownFileType = sourcecode.swift; path = SourceEditorExtension.swift; sourceTree = "<group>"; };
		8BF9220523546D8D00C58AA0 /* OpenPanel.swift */ = {isa = PBXFileReference; lastKnownFileType = sourcecode.swift; path = OpenPanel.swift; sourceTree = "<group>"; };
		AF73C326248C1A4200168A64 /* URL+Extension.swift */ = {isa = PBXFileReference; lastKnownFileType = sourcecode.swift; path = "URL+Extension.swift"; sourceTree = "<group>"; };
		AFD8024E24962732006E9297 /* NefNotification.swift */ = {isa = PBXFileReference; lastKnownFileType = sourcecode.swift; path = NefNotification.swift; sourceTree = "<group>"; };
		AFD8025024962BDE006E9297 /* AppDelegate+Notifications.swift */ = {isa = PBXFileReference; lastKnownFileType = sourcecode.swift; path = "AppDelegate+Notifications.swift"; sourceTree = "<group>"; };
/* End PBXFileReference section */

/* Begin PBXFrameworksBuildPhase section */
		8BAE362A24ED40D0008AC150 /* Frameworks */ = {
			isa = PBXFrameworksBuildPhase;
			buildActionMask = 2147483647;
			files = (
				8BBBB5A92524A4CC0025A6B4 /* nef in Frameworks */,
				8B78F14024EE7AC600869EF7 /* libSourceEditorUtils.a in Frameworks */,
				8BAE364724ED4FCB008AC150 /* libSourceEditorModels.a in Frameworks */,
			);
			runOnlyForDeploymentPostprocessing = 0;
		};
		8BB2892722CB6EFB006E4CCB /* Frameworks */ = {
			isa = PBXFrameworksBuildPhase;
			buildActionMask = 2147483647;
			files = (
				8B78F14124EE7ACB00869EF7 /* libSourceEditorUtils.a in Frameworks */,
				8BAE365524ED5BBB008AC150 /* libSourceEditorModels.a in Frameworks */,
				8B497A7D239A91EF00CEC130 /* nef in Frameworks */,
			);
			runOnlyForDeploymentPostprocessing = 0;
		};
/* End PBXFrameworksBuildPhase section */

/* Begin PBXGroup section */
		8B0389AE22F04F6C000741A5 /* Models */ = {
			isa = PBXGroup;
			children = (
				8B4D1E1622D88A5E004432CF /* OptionItem.swift */,
			);
			path = Models;
			sourceTree = "<group>";
		};
		8B3B21A522F8246E00E92BC9 /* About */ = {
			isa = PBXGroup;
			children = (
				8B3B21A622F82AAE00E92BC9 /* AboutView.swift */,
				8B3B21AB22F8644000E92BC9 /* FixedToggle.swift */,
				8B3B21AD22F8691800E92BC9 /* InstallStepView.swift */,
			);
			path = About;
			sourceTree = "<group>";
		};
		8B3B21A822F8328B00E92BC9 /* Utils */ = {
			isa = PBXGroup;
			children = (
				8BEAFB11235C96F700118F31 /* Bookmark.swift */,
				8B91B1922360A3690041F79B /* DispatchGroup.swift */,
				8BF9220523546D8D00C58AA0 /* OpenPanel.swift */,
			);
			path = Utils;
			sourceTree = "<group>";
		};
		8B41588622D8E42C00588921 /* Extensions */ = {
			isa = PBXGroup;
			children = (
				8B41588722D8E43A00588921 /* CarbonStyle+Color.swift */,
				8BF68FB422DE2403009E57A9 /* CarbonStyle+Model.swift */,
				8B230C82241C1DD400C31191 /* Data+IO.swift */,
				8BAAB73C22D4DB2A00FD3636 /* Date+Extension.swift */,
				8BF68783239928BE006CC977 /* DispatchTimeInterval+Extensions.swift */,
				8B75AF98238061FF00388B1C /* NSView+Layout.swift */,
				8B7E0621235493F7003ED8E2 /* NSWindow+Extension.swift */,
				AF73C326248C1A4200168A64 /* URL+Extension.swift */,
				8B78F33E24EE999900869EF7 /* Result+terminate.swift */,
				8B78F34A24EECB3100869EF7 /* IO+unsafeRun.swift */,
			);
			path = Extensions;
			sourceTree = "<group>";
		};
		8B41588922D8E45400588921 /* Preferences */ = {
			isa = PBXGroup;
			children = (
				8BB2892F22CB6EFB006E4CCB /* PreferencesView.swift */,
				8B41588B22D8E47100588921 /* Views */,
				8BF68F9822DCDD5E009E57A9 /* ViewModels */,
				8BF68F9D22DDD7CD009E57A9 /* Data */,
			);
			path = Preferences;
			sourceTree = "<group>";
		};
		8B41588B22D8E47100588921 /* Views */ = {
			isa = PBXGroup;
			children = (
				8B2CE74522D89C8900571F24 /* CheckOptionView.swift */,
				8B2CE74722D8A35400571F24 /* ColorOptionView.swift */,
				8B4D1E1422D7A37E004432CF /* PickerOptionView.swift */,
				8B9F3CF022F036BD001EE2DF /* CarbonViewer.swift */,
				8B7E0623235498CA003ED8E2 /* OutputFolderView.swift */,
				8B0389AE22F04F6C000741A5 /* Models */,
			);
			path = Views;
			sourceTree = "<group>";
		};
		8B41588C22D8E48300588921 /* Theme */ = {
			isa = PBXGroup;
			children = (
				8B41588422D8DDE700588921 /* ImageButton.swift */,
				8B9F3CF222F036E3001EE2DF /* LoadingView.swift */,
				8B3B21AF22F86C5600E92BC9 /* SeparatorView.swift */,
			);
			path = Theme;
			sourceTree = "<group>";
		};
		8B497A7E239A92BB00CEC130 /* Frameworks */ = {
			isa = PBXGroup;
			children = (
			);
			name = Frameworks;
			sourceTree = "<group>";
		};
		8B53BB922507D89A00C2B874 /* Algebras */ = {
			isa = PBXGroup;
			children = (
				8B53BB942507D8B400C2B874 /* Pasteboard.swift */,
				8B53BB962507D8C000C2B874 /* Notifications.swift */,
			);
			path = Algebras;
			sourceTree = "<group>";
		};
		8B53BB932507D8A500C2B874 /* Instances */ = {
			isa = PBXGroup;
			children = (
				8B53BB982507D8F100C2B874 /* MacPasteboard.swift */,
				8B53BB9A2507D93300C2B874 /* MacNotifications.swift */,
			);
			path = Instances;
			sourceTree = "<group>";
		};
		8B78F13724EE7A1900869EF7 /* nef-utils */ = {
			isa = PBXGroup;
			children = (
				8B3B21A922F8329900E92BC9 /* Browser.swift */,
				8BF86CB12397CC990071B37C /* Reachability.swift */,
			);
			path = "nef-utils";
			sourceTree = "<group>";
		};
		8B78F33724EE943C00869EF7 /* Models */ = {
			isa = PBXGroup;
			children = (
				8B78F33C24EE950300869EF7 /* i18n.swift */,
				8B78F33A24EE948F00869EF7 /* NefController.swift */,
				AFD8024E24962732006E9297 /* NefNotification.swift */,
				8B78F33824EE946300869EF7 /* NefWindow.swift */,
			);
			path = Models;
			sourceTree = "<group>";
		};
		8B78F34024EEA0FE00869EF7 /* Controllers */ = {
			isa = PBXGroup;
			children = (
				8B78F34124EEA11700869EF7 /* CarbonController.swift */,
				8B78F34524EEA25100869EF7 /* ImageNotificationController.swift */,
				8B78F34324EEA24500869EF7 /* MarkdownPageController.swift */,
				8B78F34724EEA26000869EF7 /* PlaygroundBookController.swift */,
			);
			path = Controllers;
			sourceTree = "<group>";
		};
		8B78F34924EEA7E800869EF7 /* App */ = {
			isa = PBXGroup;
			children = (
				8B3B21A522F8246E00E92BC9 /* About */,
				8BBCA64F239558FC00BE058B /* PlaygroundBook */,
				8B41588922D8E45400588921 /* Preferences */,
				8B41588C22D8E48300588921 /* Theme */,
			);
			path = App;
			sourceTree = "<group>";
		};
		8BAE363624ED4E4C008AC150 /* nef-models */ = {
			isa = PBXGroup;
			children = (
				8BAE362C24ED40FB008AC150 /* MenuEditorCommand.swift */,
				8BAE365024ED59C6008AC150 /* MenuEditorCommand+URLQueryItem.swift */,
			);
			path = "nef-models";
			sourceTree = "<group>";
		};
		8BB2892122CB6EFB006E4CCB = {
			isa = PBXGroup;
			children = (
				8BBCA638239553B600BE058B /* Config */,
				8BB2892C22CB6EFB006E4CCB /* nef */,
				8BB2895622CB6F81006E4CCB /* nef-plugin */,
				8BAE363624ED4E4C008AC150 /* nef-models */,
				8B78F13724EE7A1900869EF7 /* nef-utils */,
				8B497A7E239A92BB00CEC130 /* Frameworks */,
				8BB2892B22CB6EFB006E4CCB /* Products */,
				8BEFF92E2301A897009AA042 /* Support Files */,
			);
			sourceTree = "<group>";
		};
		8BB2892B22CB6EFB006E4CCB /* Products */ = {
			isa = PBXGroup;
			children = (
				8BB2892A22CB6EFB006E4CCB /* nef.app */,
				8BB2895222CB6F81006E4CCB /* nef-plugin.appex */,
				8BAE363524ED4E4C008AC150 /* libSourceEditorModels.a */,
				8B78F13624EE7A1900869EF7 /* libSourceEditorUtils.a */,
			);
			name = Products;
			sourceTree = "<group>";
		};
		8BB2892C22CB6EFB006E4CCB /* nef */ = {
			isa = PBXGroup;
			children = (
				8B78F33324EE801A00869EF7 /* App.swift */,
				8BB2892D22CB6EFB006E4CCB /* AppDelegate.swift */,
				AFD8025024962BDE006E9297 /* AppDelegate+Notifications.swift */,
				8BF68FA022DDD8BD009E57A9 /* Assembler.swift */,
				8BBB49AA2523469E005FD43B /* Command.swift */,
				8BB2893622CB6EFD006E4CCB /* Main.storyboard */,
				8B78F34924EEA7E800869EF7 /* App */,
				8B53BB922507D89A00C2B874 /* Algebras */,
				8B53BB932507D8A500C2B874 /* Instances */,
				8B78F34024EEA0FE00869EF7 /* Controllers */,
				8B78F33724EE943C00869EF7 /* Models */,
				8BB2896422CB6FF0006E4CCB /* Support Files */,
				8BB2893122CB6EFD006E4CCB /* Assets.xcassets */,
				8B41588622D8E42C00588921 /* Extensions */,
				8B3B21A822F8328B00E92BC9 /* Utils */,
			);
			path = nef;
			sourceTree = "<group>";
		};
		8BB2895622CB6F81006E4CCB /* nef-plugin */ = {
			isa = PBXGroup;
			children = (
				8BF86CB32397CC990071B37C /* SourceEditorExtension.swift */,
				8BF86CB22397CC990071B37C /* SourceEditorCommand.swift */,
				8BF86CAF2397CC990071B37C /* AppScheme.swift */,
				8BAE364A24ED5247008AC150 /* EditorError.swift */,
				8BF86CB02397CC990071B37C /* EditorModel.swift */,
				8BD8A02F24ED2DC400565FA5 /* Extensions */,
				8BB2896522CB7060006E4CCB /* Support Files */,
			);
			path = "nef-plugin";
			sourceTree = "<group>";
		};
		8BB2896422CB6FF0006E4CCB /* Support Files */ = {
			isa = PBXGroup;
			children = (
				8BB2893922CB6EFD006E4CCB /* Info.plist */,
				8BBCA63C239553B600BE058B /* nef.entitlements */,
				8BBCA63A239553B600BE058B /* nef-appstore.entitlements */,
			);
			path = "Support Files";
			sourceTree = "<group>";
		};
		8BB2896522CB7060006E4CCB /* Support Files */ = {
			isa = PBXGroup;
			children = (
				8BBCA62A2395496000BE058B /* Info.plist */,
				8BBCA63D239553B600BE058B /* nef-plugin.entitlements */,
				8BBCA63B239553B600BE058B /* nef-plugin-appstore.entitlements */,
			);
			path = "Support Files";
			sourceTree = "<group>";
		};
		8BBCA638239553B600BE058B /* Config */ = {
			isa = PBXGroup;
			children = (
				8BBCA6442395547900BE058B /* nef */,
				8BBCA6452395547E00BE058B /* nef-plugin */,
				8BBCA63E239553B600BE058B /* project-appstore.xcconfig */,
				8BBCA640239553B600BE058B /* project.xcconfig */,
				8BBCA63F239553B600BE058B /* project-shared.xcconfig */,
			);
			path = Config;
			sourceTree = "<group>";
		};
		8BBCA6442395547900BE058B /* nef */ = {
			isa = PBXGroup;
			children = (
				8BBCA647239554DB00BE058B /* nef.xcconfig */,
				8BBCA646239554DB00BE058B /* nef-appstore.xcconfig */,
			);
			path = nef;
			sourceTree = "<group>";
		};
		8BBCA6452395547E00BE058B /* nef-plugin */ = {
			isa = PBXGroup;
			children = (
				8BBCA648239554E500BE058B /* nef-plugin.xcconfig */,
				8BBCA649239554E500BE058B /* nef-plugin-appstore.xcconfig */,
			);
			path = "nef-plugin";
			sourceTree = "<group>";
		};
		8BBCA64F239558FC00BE058B /* PlaygroundBook */ = {
			isa = PBXGroup;
			children = (
				8B7F5C802397DC820040575D /* PlaygroundBookView.swift */,
				8B7F5C84239807EF0040575D /* ProgressView.swift */,
				8B7F5C812397DC820040575D /* PlaygroundBookProgressReport.swift */,
			);
			path = PlaygroundBook;
			sourceTree = "<group>";
		};
		8BD8A02F24ED2DC400565FA5 /* Extensions */ = {
			isa = PBXGroup;
			children = (
				8BD8A03024ED2E1D00565FA5 /* Bundle+Extensions.swift */,
			);
			path = Extensions;
			sourceTree = "<group>";
		};
		8BEFF92E2301A897009AA042 /* Support Files */ = {
			isa = PBXGroup;
			children = (
				8BEFF92D2301A86B009AA042 /* Localizable.strings */,
				8BEFF9392301AEDB009AA042 /* Localizable.stringsdict */,
			);
			path = "Support Files";
			sourceTree = "<group>";
		};
		8BF68F9822DCDD5E009E57A9 /* ViewModels */ = {
			isa = PBXGroup;
			children = (
				8BF68FA222DDE268009E57A9 /* ActionViewModel.swift */,
				8BF68FB222DE2154009E57A9 /* PreferencesViewModel.swift */,
			);
			path = ViewModels;
			sourceTree = "<group>";
		};
		8BF68F9D22DDD7CD009E57A9 /* Data */ = {
			isa = PBXGroup;
			children = (
				8BF68F9E22DDD802009E57A9 /* PreferencesDataSource.swift */,
				8BF68FB022DE0ED4009E57A9 /* PreferencesModel.swift */,
			);
			path = Data;
			sourceTree = "<group>";
		};
/* End PBXGroup section */

/* Begin PBXNativeTarget section */
		8B78F13524EE7A1900869EF7 /* nef-utils */ = {
			isa = PBXNativeTarget;
			buildConfigurationList = 8B78F13E24EE7A1900869EF7 /* Build configuration list for PBXNativeTarget "nef-utils" */;
			buildPhases = (
				8B78F13324EE7A1900869EF7 /* Sources */,
			);
			buildRules = (
			);
			dependencies = (
			);
			name = "nef-utils";
			productName = SourceEditorUtils;
			productReference = 8B78F13624EE7A1900869EF7 /* libSourceEditorUtils.a */;
			productType = "com.apple.product-type.library.static";
		};
		8BAE363424ED4E4C008AC150 /* nef-models */ = {
			isa = PBXNativeTarget;
			buildConfigurationList = 8BAE363B24ED4E4C008AC150 /* Build configuration list for PBXNativeTarget "nef-models" */;
			buildPhases = (
				8BAE363224ED4E4C008AC150 /* Sources */,
			);
			buildRules = (
			);
			dependencies = (
			);
			name = "nef-models";
			productName = SourceEditorModels;
			productReference = 8BAE363524ED4E4C008AC150 /* libSourceEditorModels.a */;
			productType = "com.apple.product-type.library.static";
		};
		8BB2892922CB6EFB006E4CCB /* nef */ = {
			isa = PBXNativeTarget;
			buildConfigurationList = 8BB2894822CB6EFD006E4CCB /* Build configuration list for PBXNativeTarget "nef" */;
			buildPhases = (
				8BB2892622CB6EFB006E4CCB /* Sources */,
				8BB2892722CB6EFB006E4CCB /* Frameworks */,
				8BB2892822CB6EFB006E4CCB /* Resources */,
				8BB2896322CB6F81006E4CCB /* Embed App Extensions */,
			);
			buildRules = (
			);
			dependencies = (
				8BAE365724ED5BCB008AC150 /* PBXTargetDependency */,
			);
			name = nef;
			packageProductDependencies = (
				8B497A7C239A91EF00CEC130 /* nef */,
			);
			productName = nef;
			productReference = 8BB2892A22CB6EFB006E4CCB /* nef.app */;
			productType = "com.apple.product-type.application";
		};
		8BB2895122CB6F81006E4CCB /* nef-plugin */ = {
			isa = PBXNativeTarget;
			buildConfigurationList = 8BB2896022CB6F81006E4CCB /* Build configuration list for PBXNativeTarget "nef-plugin" */;
			buildPhases = (
				8BB2894E22CB6F81006E4CCB /* Sources */,
				8BB2895022CB6F81006E4CCB /* Resources */,
				8BAE362A24ED40D0008AC150 /* Frameworks */,
				8BAE363024ED4886008AC150 /* Embed Frameworks */,
			);
			buildRules = (
			);
			dependencies = (
				8BAE364924ED4FCB008AC150 /* PBXTargetDependency */,
			);
			name = "nef-plugin";
			packageProductDependencies = (
				8BBBB5A82524A4CC0025A6B4 /* nef */,
			);
			productName = "nef-plugin";
			productReference = 8BB2895222CB6F81006E4CCB /* nef-plugin.appex */;
			productType = "com.apple.product-type.xcode-extension";
		};
/* End PBXNativeTarget section */

/* Begin PBXProject section */
		8BB2892222CB6EFB006E4CCB /* Project object */ = {
			isa = PBXProject;
			attributes = {
				LastSwiftUpdateCheck = 1120;
				LastUpgradeCheck = 1200;
				ORGANIZATIONNAME = "47 Degrees";
				TargetAttributes = {
					8B78F13524EE7A1900869EF7 = {
						CreatedOnToolsVersion = 11.6;
					};
					8BAE363424ED4E4C008AC150 = {
						CreatedOnToolsVersion = 11.6;
					};
					8BB2892922CB6EFB006E4CCB = {
						CreatedOnToolsVersion = 11.0;
					};
					8BB2895122CB6F81006E4CCB = {
						CreatedOnToolsVersion = 11.0;
						LastSwiftMigration = 1120;
					};
				};
			};
			buildConfigurationList = 8BB2892522CB6EFB006E4CCB /* Build configuration list for PBXProject "nef-plugin" */;
			compatibilityVersion = "Xcode 9.3";
			developmentRegion = en;
			hasScannedForEncodings = 0;
			knownRegions = (
				en,
				Base,
				es,
			);
			mainGroup = 8BB2892122CB6EFB006E4CCB;
			packageReferences = (
				8B497A7B239A91EF00CEC130 /* XCRemoteSwiftPackageReference "nef" */,
			);
			productRefGroup = 8BB2892B22CB6EFB006E4CCB /* Products */;
			projectDirPath = "";
			projectRoot = "";
			targets = (
				8BB2892922CB6EFB006E4CCB /* nef */,
				8BB2895122CB6F81006E4CCB /* nef-plugin */,
				8BAE363424ED4E4C008AC150 /* nef-models */,
				8B78F13524EE7A1900869EF7 /* nef-utils */,
			);
		};
/* End PBXProject section */

/* Begin PBXResourcesBuildPhase section */
		8BB2892822CB6EFB006E4CCB /* Resources */ = {
			isa = PBXResourcesBuildPhase;
			buildActionMask = 2147483647;
			files = (
				8BEFF9372301AEDB009AA042 /* Localizable.stringsdict in Resources */,
				8BB2893822CB6EFD006E4CCB /* Main.storyboard in Resources */,
				8BEFF92B2301A86B009AA042 /* Localizable.strings in Resources */,
				8BB2893222CB6EFD006E4CCB /* Assets.xcassets in Resources */,
			);
			runOnlyForDeploymentPostprocessing = 0;
		};
		8BB2895022CB6F81006E4CCB /* Resources */ = {
			isa = PBXResourcesBuildPhase;
			buildActionMask = 2147483647;
			files = (
				8BEFF9342301A91B009AA042 /* Localizable.strings in Resources */,
			);
			runOnlyForDeploymentPostprocessing = 0;
		};
/* End PBXResourcesBuildPhase section */

/* Begin PBXSourcesBuildPhase section */
		8B78F13324EE7A1900869EF7 /* Sources */ = {
			isa = PBXSourcesBuildPhase;
			buildActionMask = 2147483647;
			files = (
				8B78F14224EE7B0900869EF7 /* Reachability.swift in Sources */,
				8B78F13F24EE7A3900869EF7 /* Browser.swift in Sources */,
			);
			runOnlyForDeploymentPostprocessing = 0;
		};
		8BAE363224ED4E4C008AC150 /* Sources */ = {
			isa = PBXSourcesBuildPhase;
			buildActionMask = 2147483647;
			files = (
				8BAE363E24ED4E56008AC150 /* MenuEditorCommand.swift in Sources */,
				8BAE365224ED59CC008AC150 /* MenuEditorCommand+URLQueryItem.swift in Sources */,
			);
			runOnlyForDeploymentPostprocessing = 0;
		};
		8BB2892622CB6EFB006E4CCB /* Sources */ = {
			isa = PBXSourcesBuildPhase;
			buildActionMask = 2147483647;
			files = (
				8B2CE74622D89C8900571F24 /* CheckOptionView.swift in Sources */,
				8B53BB972507D8C000C2B874 /* Notifications.swift in Sources */,
				8B91B1932360A3690041F79B /* DispatchGroup.swift in Sources */,
				8B7E0622235493F7003ED8E2 /* NSWindow+Extension.swift in Sources */,
				8B78F33B24EE948F00869EF7 /* NefController.swift in Sources */,
				8B78F33424EE801A00869EF7 /* App.swift in Sources */,
				8BF68FB322DE2154009E57A9 /* PreferencesViewModel.swift in Sources */,
				8B4D1E1522D7A37E004432CF /* PickerOptionView.swift in Sources */,
				AF73C327248C1A4200168A64 /* URL+Extension.swift in Sources */,
				8B3B21AC22F8644000E92BC9 /* FixedToggle.swift in Sources */,
				8B3B21A722F82AAE00E92BC9 /* AboutView.swift in Sources */,
				8B53BB952507D8B400C2B874 /* Pasteboard.swift in Sources */,
				8B7F5C85239807EF0040575D /* ProgressView.swift in Sources */,
				8B230C83241C1DD500C31191 /* Data+IO.swift in Sources */,
				8B7F5C832397DC820040575D /* PlaygroundBookProgressReport.swift in Sources */,
				AFD8025124962BDE006E9297 /* AppDelegate+Notifications.swift in Sources */,
				8B41588522D8DDE700588921 /* ImageButton.swift in Sources */,
				8B78F34624EEA25100869EF7 /* ImageNotificationController.swift in Sources */,
				8BF68FB122DE0ED4009E57A9 /* PreferencesModel.swift in Sources */,
				8BF68FA322DDE268009E57A9 /* ActionViewModel.swift in Sources */,
				8B53BB992507D8F100C2B874 /* MacPasteboard.swift in Sources */,
				8B2CE74822D8A35400571F24 /* ColorOptionView.swift in Sources */,
				8BF68FA122DDD8BD009E57A9 /* Assembler.swift in Sources */,
				8BBB49BA25234946005FD43B /* Command.swift in Sources */,
				8BF9220623546D8D00C58AA0 /* OpenPanel.swift in Sources */,
				8BB2892E22CB6EFB006E4CCB /* AppDelegate.swift in Sources */,
				8B7E0624235498CA003ED8E2 /* OutputFolderView.swift in Sources */,
				8B78F34824EEA26000869EF7 /* PlaygroundBookController.swift in Sources */,
				8B4D1E1722D88A5E004432CF /* OptionItem.swift in Sources */,
				8BF68FB522DE2403009E57A9 /* CarbonStyle+Model.swift in Sources */,
				8B78F33F24EE999900869EF7 /* Result+terminate.swift in Sources */,
				8BAAB73D22D4DB2A00FD3636 /* Date+Extension.swift in Sources */,
				8B53BB9B2507D93300C2B874 /* MacNotifications.swift in Sources */,
				8B78F34424EEA24500869EF7 /* MarkdownPageController.swift in Sources */,
				8B78F33D24EE950300869EF7 /* i18n.swift in Sources */,
				8BEAFB12235C96F700118F31 /* Bookmark.swift in Sources */,
				8B9F3CF122F036BD001EE2DF /* CarbonViewer.swift in Sources */,
				8B41588822D8E43A00588921 /* CarbonStyle+Color.swift in Sources */,
				8B3B21B022F86C5600E92BC9 /* SeparatorView.swift in Sources */,
				8B1A0C2522D77AEC0049B48F /* PreferencesView.swift in Sources */,
				8B78F34B24EECB3100869EF7 /* IO+unsafeRun.swift in Sources */,
				8B7F5C822397DC820040575D /* PlaygroundBookView.swift in Sources */,
				8B75AF99238061FF00388B1C /* NSView+Layout.swift in Sources */,
				8B78F33924EE946300869EF7 /* NefWindow.swift in Sources */,
				8BF68F9F22DDD802009E57A9 /* PreferencesDataSource.swift in Sources */,
				8B9F3CF322F036E3001EE2DF /* LoadingView.swift in Sources */,
				8B3B21AE22F8691800E92BC9 /* InstallStepView.swift in Sources */,
				8BF68784239928BE006CC977 /* DispatchTimeInterval+Extensions.swift in Sources */,
				8B78F34224EEA11700869EF7 /* CarbonController.swift in Sources */,
				AFD8024F24962732006E9297 /* NefNotification.swift in Sources */,
			);
			runOnlyForDeploymentPostprocessing = 0;
		};
		8BB2894E22CB6F81006E4CCB /* Sources */ = {
			isa = PBXSourcesBuildPhase;
			buildActionMask = 2147483647;
			files = (
				8B2C3F9924ED36F8007DCBB4 /* EditorModel.swift in Sources */,
				8BAE364B24ED5247008AC150 /* EditorError.swift in Sources */,
				8BD8A03124ED2E1D00565FA5 /* Bundle+Extensions.swift in Sources */,
				8B2C3F9624ED36F8007DCBB4 /* SourceEditorExtension.swift in Sources */,
				8B2C3F9824ED36F8007DCBB4 /* AppScheme.swift in Sources */,
				8B2C3F9724ED36F8007DCBB4 /* SourceEditorCommand.swift in Sources */,
			);
			runOnlyForDeploymentPostprocessing = 0;
		};
/* End PBXSourcesBuildPhase section */

/* Begin PBXTargetDependency section */
		8BAE364924ED4FCB008AC150 /* PBXTargetDependency */ = {
			isa = PBXTargetDependency;
			target = 8BAE363424ED4E4C008AC150 /* nef-models */;
			targetProxy = 8BAE364824ED4FCB008AC150 /* PBXContainerItemProxy */;
		};
		8BAE365724ED5BCB008AC150 /* PBXTargetDependency */ = {
			isa = PBXTargetDependency;
			target = 8BB2895122CB6F81006E4CCB /* nef-plugin */;
			targetProxy = 8BAE365624ED5BCB008AC150 /* PBXContainerItemProxy */;
		};
/* End PBXTargetDependency section */

/* Begin PBXVariantGroup section */
		8BB2893622CB6EFD006E4CCB /* Main.storyboard */ = {
			isa = PBXVariantGroup;
			children = (
				8BB2893722CB6EFD006E4CCB /* Base */,
				8BEFF9312301A8CE009AA042 /* en */,
				8BEFF9332301A8CF009AA042 /* es */,
			);
			name = Main.storyboard;
			sourceTree = "<group>";
		};
		8BEFF92D2301A86B009AA042 /* Localizable.strings */ = {
			isa = PBXVariantGroup;
			children = (
				8BEFF92C2301A86B009AA042 /* en */,
				8BEFF92F2301A8B9009AA042 /* es */,
			);
			name = Localizable.strings;
			sourceTree = "<group>";
		};
		8BEFF9392301AEDB009AA042 /* Localizable.stringsdict */ = {
			isa = PBXVariantGroup;
			children = (
				8BEFF9382301AEDB009AA042 /* en */,
			);
			name = Localizable.stringsdict;
			sourceTree = "<group>";
		};
/* End PBXVariantGroup section */

/* Begin XCBuildConfiguration section */
		8B78F13C24EE7A1900869EF7 /* Debug */ = {
			isa = XCBuildConfiguration;
			buildSettings = {
				ALWAYS_EMBED_SWIFT_STANDARD_LIBRARIES = NO;
				EXECUTABLE_PREFIX = lib;
				GCC_PREPROCESSOR_DEFINITIONS = (
					"DEBUG=1",
					"$(inherited)",
				);
				MACOSX_DEPLOYMENT_TARGET = 10.14;
				PRODUCT_NAME = SourceEditorUtils;
				SKIP_INSTALL = YES;
			};
			name = Debug;
		};
		8B78F13D24EE7A1900869EF7 /* Release */ = {
			isa = XCBuildConfiguration;
			buildSettings = {
				ALWAYS_EMBED_SWIFT_STANDARD_LIBRARIES = NO;
				EXECUTABLE_PREFIX = lib;
				MACOSX_DEPLOYMENT_TARGET = 10.14;
				PRODUCT_NAME = SourceEditorUtils;
				SKIP_INSTALL = YES;
			};
			name = Release;
		};
		8BAE363C24ED4E4C008AC150 /* Debug */ = {
			isa = XCBuildConfiguration;
			buildSettings = {
				ALWAYS_EMBED_SWIFT_STANDARD_LIBRARIES = NO;
				EXECUTABLE_PREFIX = lib;
				GCC_PREPROCESSOR_DEFINITIONS = (
					"DEBUG=1",
					"$(inherited)",
				);
				MACOSX_DEPLOYMENT_TARGET = 10.14;
				PRODUCT_NAME = SourceEditorModels;
				SKIP_INSTALL = YES;
			};
			name = Debug;
		};
		8BAE363D24ED4E4C008AC150 /* Release */ = {
			isa = XCBuildConfiguration;
			buildSettings = {
				ALWAYS_EMBED_SWIFT_STANDARD_LIBRARIES = NO;
				EXECUTABLE_PREFIX = lib;
				MACOSX_DEPLOYMENT_TARGET = 10.14;
				PRODUCT_NAME = SourceEditorModels;
				SKIP_INSTALL = YES;
			};
			name = Release;
		};
		8BB2894622CB6EFD006E4CCB /* Debug */ = {
			isa = XCBuildConfiguration;
			baseConfigurationReference = 8BBCA640239553B600BE058B /* project.xcconfig */;
			buildSettings = {
				ALWAYS_EMBED_SWIFT_STANDARD_LIBRARIES = YES;
				ALWAYS_SEARCH_USER_PATHS = NO;
				CLANG_ANALYZER_LOCALIZABILITY_NONLOCALIZED = YES;
				CLANG_ANALYZER_NONNULL = YES;
				CLANG_ANALYZER_NUMBER_OBJECT_CONVERSION = YES_AGGRESSIVE;
				CLANG_CXX_LANGUAGE_STANDARD = "gnu++14";
				CLANG_CXX_LIBRARY = "libc++";
				CLANG_ENABLE_MODULES = YES;
				CLANG_ENABLE_OBJC_ARC = YES;
				CLANG_ENABLE_OBJC_WEAK = YES;
				CLANG_WARN_BLOCK_CAPTURE_AUTORELEASING = YES;
				CLANG_WARN_BOOL_CONVERSION = YES;
				CLANG_WARN_COMMA = YES;
				CLANG_WARN_CONSTANT_CONVERSION = YES;
				CLANG_WARN_DEPRECATED_OBJC_IMPLEMENTATIONS = YES;
				CLANG_WARN_DIRECT_OBJC_ISA_USAGE = YES_ERROR;
				CLANG_WARN_DOCUMENTATION_COMMENTS = YES;
				CLANG_WARN_EMPTY_BODY = YES;
				CLANG_WARN_ENUM_CONVERSION = YES;
				CLANG_WARN_INFINITE_RECURSION = YES;
				CLANG_WARN_INT_CONVERSION = YES;
				CLANG_WARN_NON_LITERAL_NULL_CONVERSION = YES;
				CLANG_WARN_OBJC_IMPLICIT_RETAIN_SELF = YES;
				CLANG_WARN_OBJC_LITERAL_CONVERSION = YES;
				CLANG_WARN_OBJC_ROOT_CLASS = YES_ERROR;
				CLANG_WARN_QUOTED_INCLUDE_IN_FRAMEWORK_HEADER = YES;
				CLANG_WARN_RANGE_LOOP_ANALYSIS = YES;
				CLANG_WARN_STRICT_PROTOTYPES = YES;
				CLANG_WARN_SUSPICIOUS_MOVE = YES;
				CLANG_WARN_UNGUARDED_AVAILABILITY = YES_AGGRESSIVE;
				CLANG_WARN_UNREACHABLE_CODE = YES;
				CLANG_WARN__DUPLICATE_METHOD_MATCH = YES;
				COPY_PHASE_STRIP = NO;
				DEBUG_INFORMATION_FORMAT = dwarf;
				ENABLE_STRICT_OBJC_MSGSEND = YES;
				ENABLE_TESTABILITY = YES;
				GCC_C_LANGUAGE_STANDARD = gnu11;
				GCC_DYNAMIC_NO_PIC = NO;
				GCC_NO_COMMON_BLOCKS = YES;
				GCC_OPTIMIZATION_LEVEL = 0;
				GCC_PREPROCESSOR_DEFINITIONS = "";
				GCC_WARN_64_TO_32_BIT_CONVERSION = YES;
				GCC_WARN_ABOUT_RETURN_TYPE = YES_ERROR;
				GCC_WARN_UNDECLARED_SELECTOR = YES;
				GCC_WARN_UNINITIALIZED_AUTOS = YES_AGGRESSIVE;
				GCC_WARN_UNUSED_FUNCTION = YES;
				GCC_WARN_UNUSED_VARIABLE = YES;
				LD_RUNPATH_SEARCH_PATHS = (
					"$(inherited)",
					"@executable_path/../Frameworks",
				);
				MACOSX_DEPLOYMENT_TARGET = 10.15;
				MTL_ENABLE_DEBUG_INFO = INCLUDE_SOURCE;
				MTL_FAST_MATH = YES;
				ONLY_ACTIVE_ARCH = YES;
				SWIFT_ACTIVE_COMPILATION_CONDITIONS = DEBUG;
				SWIFT_COMPILATION_MODE = wholemodule;
				SWIFT_OPTIMIZATION_LEVEL = "-Onone";
				SWIFT_VERSION = 5.0;
			};
			name = Debug;
		};
		8BB2894922CB6EFD006E4CCB /* Debug */ = {
			isa = XCBuildConfiguration;
			baseConfigurationReference = 8BBCA647239554DB00BE058B /* nef.xcconfig */;
			buildSettings = {
				ALWAYS_EMBED_SWIFT_STANDARD_LIBRARIES = YES;
				ASSETCATALOG_COMPILER_APPICON_NAME = AppIcon;
				CODE_SIGN_IDENTITY = "Apple Development";
				CODE_SIGN_STYLE = Automatic;
				COMBINE_HIDPI_IMAGES = YES;
				CURRENT_PROJECT_VERSION = 1;
				DEVELOPMENT_TEAM = Z6BF8738QJ;
				LD_RUNPATH_SEARCH_PATHS = (
					"$(inherited)",
					"@executable_path/../Frameworks",
				);
				MARKETING_VERSION = 2.0.0;
				PRODUCT_MODULE_NAME = "$(PRODUCT_NAME:c99extidentifier)App";
				PRODUCT_NAME = "$(TARGET_NAME)";
				PROVISIONING_PROFILE_SPECIFIER = "";
			};
			name = Debug;
		};
		8BB2896122CB6F81006E4CCB /* Debug */ = {
			isa = XCBuildConfiguration;
			baseConfigurationReference = 8BBCA648239554E500BE058B /* nef-plugin.xcconfig */;
			buildSettings = {
				CLANG_ENABLE_MODULES = YES;
				CODE_SIGN_IDENTITY = "Apple Development";
				CODE_SIGN_STYLE = Automatic;
				COMBINE_HIDPI_IMAGES = YES;
				CURRENT_PROJECT_VERSION = 1;
				DEVELOPMENT_TEAM = Z6BF8738QJ;
				MACOSX_DEPLOYMENT_TARGET = 10.14;
				MARKETING_VERSION = 2.0.0;
				PRODUCT_NAME = "$(TARGET_NAME)";
				PROVISIONING_PROFILE_SPECIFIER = "";
				SWIFT_OPTIMIZATION_LEVEL = "-Onone";
			};
			name = Debug;
		};
		8BBCA641239553FB00BE058B /* Release */ = {
			isa = XCBuildConfiguration;
			baseConfigurationReference = 8BBCA63E239553B600BE058B /* project-appstore.xcconfig */;
			buildSettings = {
				ALWAYS_EMBED_SWIFT_STANDARD_LIBRARIES = YES;
				ALWAYS_SEARCH_USER_PATHS = NO;
				CLANG_ANALYZER_LOCALIZABILITY_NONLOCALIZED = YES;
				CLANG_ANALYZER_NONNULL = YES;
				CLANG_ANALYZER_NUMBER_OBJECT_CONVERSION = YES_AGGRESSIVE;
				CLANG_CXX_LANGUAGE_STANDARD = "gnu++14";
				CLANG_CXX_LIBRARY = "libc++";
				CLANG_ENABLE_MODULES = YES;
				CLANG_ENABLE_OBJC_ARC = YES;
				CLANG_ENABLE_OBJC_WEAK = YES;
				CLANG_WARN_BLOCK_CAPTURE_AUTORELEASING = YES;
				CLANG_WARN_BOOL_CONVERSION = YES;
				CLANG_WARN_COMMA = YES;
				CLANG_WARN_CONSTANT_CONVERSION = YES;
				CLANG_WARN_DEPRECATED_OBJC_IMPLEMENTATIONS = YES;
				CLANG_WARN_DIRECT_OBJC_ISA_USAGE = YES_ERROR;
				CLANG_WARN_DOCUMENTATION_COMMENTS = YES;
				CLANG_WARN_EMPTY_BODY = YES;
				CLANG_WARN_ENUM_CONVERSION = YES;
				CLANG_WARN_INFINITE_RECURSION = YES;
				CLANG_WARN_INT_CONVERSION = YES;
				CLANG_WARN_NON_LITERAL_NULL_CONVERSION = YES;
				CLANG_WARN_OBJC_IMPLICIT_RETAIN_SELF = YES;
				CLANG_WARN_OBJC_LITERAL_CONVERSION = YES;
				CLANG_WARN_OBJC_ROOT_CLASS = YES_ERROR;
				CLANG_WARN_QUOTED_INCLUDE_IN_FRAMEWORK_HEADER = YES;
				CLANG_WARN_RANGE_LOOP_ANALYSIS = YES;
				CLANG_WARN_STRICT_PROTOTYPES = YES;
				CLANG_WARN_SUSPICIOUS_MOVE = YES;
				CLANG_WARN_UNGUARDED_AVAILABILITY = YES_AGGRESSIVE;
				CLANG_WARN_UNREACHABLE_CODE = YES;
				CLANG_WARN__DUPLICATE_METHOD_MATCH = YES;
				COPY_PHASE_STRIP = NO;
				DEBUG_INFORMATION_FORMAT = "dwarf-with-dsym";
				ENABLE_NS_ASSERTIONS = NO;
				ENABLE_STRICT_OBJC_MSGSEND = YES;
				GCC_C_LANGUAGE_STANDARD = gnu11;
				GCC_NO_COMMON_BLOCKS = YES;
				GCC_PREPROCESSOR_DEFINITIONS = "";
				GCC_WARN_64_TO_32_BIT_CONVERSION = YES;
				GCC_WARN_ABOUT_RETURN_TYPE = YES_ERROR;
				GCC_WARN_UNDECLARED_SELECTOR = YES;
				GCC_WARN_UNINITIALIZED_AUTOS = YES_AGGRESSIVE;
				GCC_WARN_UNUSED_FUNCTION = YES;
				GCC_WARN_UNUSED_VARIABLE = YES;
				LD_RUNPATH_SEARCH_PATHS = (
					"$(inherited)",
					"@executable_path/../Frameworks",
				);
				MACOSX_DEPLOYMENT_TARGET = 10.15;
				MTL_ENABLE_DEBUG_INFO = NO;
				MTL_FAST_MATH = YES;
				SWIFT_COMPILATION_MODE = wholemodule;
				SWIFT_OPTIMIZATION_LEVEL = "-O";
				SWIFT_VERSION = 5.0;
			};
			name = Release;
		};
		8BBCA642239553FB00BE058B /* Release */ = {
			isa = XCBuildConfiguration;
			baseConfigurationReference = 8BBCA646239554DB00BE058B /* nef-appstore.xcconfig */;
			buildSettings = {
				ALWAYS_EMBED_SWIFT_STANDARD_LIBRARIES = YES;
				ASSETCATALOG_COMPILER_APPICON_NAME = AppIcon;
				COMBINE_HIDPI_IMAGES = YES;
				CURRENT_PROJECT_VERSION = 1;
				LD_RUNPATH_SEARCH_PATHS = (
					"$(inherited)",
					"@executable_path/../Frameworks",
				);
				MARKETING_VERSION = 2.0.0;
				PRODUCT_MODULE_NAME = "$(PRODUCT_NAME:c99extidentifier)App";
				PRODUCT_NAME = "$(TARGET_NAME)";
			};
			name = Release;
		};
		8BBCA643239553FB00BE058B /* Release */ = {
			isa = XCBuildConfiguration;
			baseConfigurationReference = 8BBCA649239554E500BE058B /* nef-plugin-appstore.xcconfig */;
			buildSettings = {
				CLANG_ENABLE_MODULES = YES;
				COMBINE_HIDPI_IMAGES = YES;
				CURRENT_PROJECT_VERSION = 1;
				MACOSX_DEPLOYMENT_TARGET = 10.14;
				MARKETING_VERSION = 2.0.0;
				PRODUCT_NAME = "$(TARGET_NAME)";
			};
			name = Release;
		};
/* End XCBuildConfiguration section */

/* Begin XCConfigurationList section */
		8B78F13E24EE7A1900869EF7 /* Build configuration list for PBXNativeTarget "nef-utils" */ = {
			isa = XCConfigurationList;
			buildConfigurations = (
				8B78F13C24EE7A1900869EF7 /* Debug */,
				8B78F13D24EE7A1900869EF7 /* Release */,
			);
			defaultConfigurationIsVisible = 0;
			defaultConfigurationName = Debug;
		};
		8BAE363B24ED4E4C008AC150 /* Build configuration list for PBXNativeTarget "nef-models" */ = {
			isa = XCConfigurationList;
			buildConfigurations = (
				8BAE363C24ED4E4C008AC150 /* Debug */,
				8BAE363D24ED4E4C008AC150 /* Release */,
			);
			defaultConfigurationIsVisible = 0;
			defaultConfigurationName = Debug;
		};
		8BB2892522CB6EFB006E4CCB /* Build configuration list for PBXProject "nef-plugin" */ = {
			isa = XCConfigurationList;
			buildConfigurations = (
				8BB2894622CB6EFD006E4CCB /* Debug */,
				8BBCA641239553FB00BE058B /* Release */,
			);
			defaultConfigurationIsVisible = 0;
			defaultConfigurationName = Debug;
		};
		8BB2894822CB6EFD006E4CCB /* Build configuration list for PBXNativeTarget "nef" */ = {
			isa = XCConfigurationList;
			buildConfigurations = (
				8BB2894922CB6EFD006E4CCB /* Debug */,
				8BBCA642239553FB00BE058B /* Release */,
			);
			defaultConfigurationIsVisible = 0;
			defaultConfigurationName = Debug;
		};
		8BB2896022CB6F81006E4CCB /* Build configuration list for PBXNativeTarget "nef-plugin" */ = {
			isa = XCConfigurationList;
			buildConfigurations = (
				8BB2896122CB6F81006E4CCB /* Debug */,
				8BBCA643239553FB00BE058B /* Release */,
			);
			defaultConfigurationIsVisible = 0;
			defaultConfigurationName = Debug;
		};
/* End XCConfigurationList section */

/* Begin XCRemoteSwiftPackageReference section */
		8B497A7B239A91EF00CEC130 /* XCRemoteSwiftPackageReference "nef" */ = {
			isa = XCRemoteSwiftPackageReference;
			repositoryURL = "https://github.com/bow-swift/nef.git";
			requirement = {
				branch = develop;
				kind = branch;
			};
		};
/* End XCRemoteSwiftPackageReference section */

/* Begin XCSwiftPackageProductDependency section */
		8B497A7C239A91EF00CEC130 /* nef */ = {
			isa = XCSwiftPackageProductDependency;
			package = 8B497A7B239A91EF00CEC130 /* XCRemoteSwiftPackageReference "nef" */;
			productName = nef;
		};
		8BBBB5A82524A4CC0025A6B4 /* nef */ = {
			isa = XCSwiftPackageProductDependency;
			package = 8B497A7B239A91EF00CEC130 /* XCRemoteSwiftPackageReference "nef" */;
			productName = nef;
		};
/* End XCSwiftPackageProductDependency section */
	};
	rootObject = 8BB2892222CB6EFB006E4CCB /* Project object */;
}
