{
  "object": {
    "pins": [
      {
        "package": "nef",
        "repositoryURL": "https://github.com/bow-swift/nef.git",
        "state": {
          "branch": null,
          "revision": "87f40a9d626dc6cd95b11838329f275de6793db2",
          "version": "0.3.0"
        }
      }
    ]
  },
  "version": 1
}
