{
  "object": {
    "pins": [
      {
        "package": "nef",
        "repositoryURL": "https://github.com/bow-swift/nef.git",
        "state": {
          "branch": null,
          "revision": "f5e6b87dcf5466f9e3d72c7fac917054f6d3aa90",
          "version": "0.3.0"
        }
      }
    ]
  },
  "version": 1
}
