{
  "object": {
    "pins": [
      {
        "package": "nef",
        "repositoryURL": "https://github.com/bow-swift/nef.git",
        "state": {
          "branch": null,
          "revision": "a8fa68a86eafc4e26e3069f9d3267c7d35c55213",
          "version": "0.3.0"
        }
      }
    ]
  },
  "version": 1
}
